{
  "version": 2,
  "dependencies": {
    "net10.0": {
      "TUnit": {
        "type": "Direct",
        "requested": "[1.60.0, 1.60.0]",
        "resolved": "1.60.0",
        "contentHash": "o4158h0UzfvAWDkASgVv90IWJcUNwGo3nfl0HnD5aeAqt4k9DCojGl9SheEijCqGL+0f/P6cAw4IP+HPIf2UfA==",
        "dependencies": {
          "Microsoft.Testing.Extensions.CodeCoverage": "18.9.0",
          "Microsoft.Testing.Extensions.Telemetry": "2.3.2",
          "Microsoft.Testing.Extensions.TrxReport": "2.3.2",
          "TUnit.Assertions": "1.60.0",
          "TUnit.Engine": "1.60.0"
        }
      },
      "EnumerableAsyncProcessor": {
        "type": "Transitive",
        "resolved": "3.8.4",
        "contentHash": "KlbpupRCz3Kf+P7gsiDvFXJ980i/9lfihMZFmmxIk0Gf6mopEjy74OTJZmdaKDQpE29eQDBnMZB5khyW3eugrg=="
      },
      "Humanizer.Core": {
        "type": "Transitive",
        "resolved": "3.0.10",
        "contentHash": "yZIhtw8sYuvsONzQbZxWpR60tMWYHXoo0DL6nyOqSFiU5POjBTSEyWFpTQtJEZuy+oqiYTXKXY/Mjx7KnqIQFw=="
      },
      "JetBrains.Annotations": {
        "type": "Transitive",
        "resolved": "2025.2.4",
        "contentHash": "TwbgxAkXxY+vNEhNVx/QXjJ4vqxmepOjsgRvvImQPbHkHMMb4W+ahL3laMsxXKtNT7iMy+E1B3xkqao2hf1n3A=="
      },
      "Json.More.Net": {
        "type": "Transitive",
        "resolved": "3.0.1",
        "contentHash": "fRctF2J2SILYG6wqP21drmeEODmCVkVQ/b3MndDu2fT1swfySyUgq7ePCk+aENGlDcIm05fyfjh9vcuqDEfv3w=="
      },
      "JsonPointer.Net": {
        "type": "Transitive",
        "resolved": "7.0.1",
        "contentHash": "5C497yxfktYFsqxKG+GUQPsMvBqIjzLkqtDEdMGsnBpl3/OB8DOvTo7LEyRX7AVc1kVVj0IX5zhmLrlbvAYEnw==",
        "dependencies": {
          "Humanizer.Core": "3.0.10",
          "Json.More.Net": "3.0.1"
        }
      },
      "Microsoft.ApplicationInsights": {
        "type": "Transitive",
        "resolved": "2.23.0",
        "contentHash": "nWArUZTdU7iqZLycLKWe0TDms48KKGE6pONH2terYNa8REXiqixrMOkf1sk5DHGMaUTqONU2YkS4SAXBhLStgw=="
      },
      "Microsoft.DiaSymReader": {
        "type": "Transitive",
        "resolved": "2.2.9",
        "contentHash": "WLbDc/W9XkHpGVtd1L6Vml8W6+PaaYZZTJASHjHF7W2WX/hld6bfNK102Ui+I3a6zIdx4+oKRJtMgHz44JmBfw=="
      },
      "Microsoft.Extensions.Configuration": {
        "type": "Transitive",
        "resolved": "10.0.0",
        "contentHash": "H4SWETCh/cC5L1WtWchHR6LntGk3rDTTznZMssr4cL8IbDmMWBxY+MOGDc/ASnqNolLKPIWHWeuC1ddiL/iNPw==",
        "dependencies": {
          "Microsoft.Extensions.Configuration.Abstractions": "10.0.0",
          "Microsoft.Extensions.Primitives": "10.0.0"
        }
      },
      "Microsoft.Extensions.Configuration.Abstractions": {
        "type": "Transitive",
        "resolved": "10.0.10",
        "contentHash": "5Vnd2I75DmZCVEjSynIdJ/0EGafgnLQwgR3t2C2/fkjx/nRG+cLwxLLdInoHeCEpkD5K4Ov/g9ZCRYrl4TRsaA==",
        "dependencies": {
          "Microsoft.Extensions.Primitives": "10.0.10"
        }
      },
      "Microsoft.Extensions.Configuration.Binder": {
        "type": "Transitive",
        "resolved": "10.0.0",
        "contentHash": "tMF9wNh+hlyYDWB8mrFCQHQmWHlRosol1b/N2Jrefy1bFLnuTlgSYmPyHNmz8xVQgs7DpXytBRWxGhG+mSTp0g==",
        "dependencies": {
          "Microsoft.Extensions.Configuration": "10.0.0",
          "Microsoft.Extensions.Configuration.Abstractions": "10.0.0"
        }
      },
      "Microsoft.Extensions.DependencyModel": {
        "type": "Transitive",
        "resolved": "10.0.8",
        "contentHash": "vLyZVpxmduO2jx+76ggqnsA3m81kwMY3NkWciNTj5E+Nvqb0VihqCvQP89QsGONWp0AJwMZG+u9GzaCjDdFGNw=="
      },
      "Microsoft.Extensions.Diagnostics.Abstractions": {
        "type": "Transitive",
        "resolved": "10.0.10",
        "contentHash": "9uWiKpeOVac355STyChWR/pliFX/5CeLqChW9kKsaxyDH4EUTZxMkT4Jwp/J/peLm0GBFmSX5c0WCse3yCnq1Q==",
        "dependencies": {
          "Microsoft.Extensions.DependencyInjection.Abstractions": "10.0.10",
          "Microsoft.Extensions.Options": "10.0.10"
        }
      },
      "Microsoft.Extensions.FileProviders.Abstractions": {
        "type": "Transitive",
        "resolved": "10.0.10",
        "contentHash": "c5zqFCY9DiIpMovLd7/d/CTiEtrMOuQ639dhv3PABtKQIKNQikSHwQt8+N679uii9q+B55lgK28Uv64FOwEu8w==",
        "dependencies": {
          "Microsoft.Extensions.Primitives": "10.0.10"
        }
      },
      "Microsoft.Extensions.Logging": {
        "type": "Transitive",
        "resolved": "10.0.0",
        "contentHash": "BStFkd5CcnEtarlcgYDBcFzGYCuuNMzPs02wN3WBsOFoYIEmYoUdAiU+au6opzoqfTYJsMTW00AeqDdnXH2CvA==",
        "dependencies": {
          "Microsoft.Extensions.DependencyInjection": "10.0.0",
          "Microsoft.Extensions.Logging.Abstractions": "10.0.0",
          "Microsoft.Extensions.Options": "10.0.0"
        }
      },
      "Microsoft.Extensions.Logging.Abstractions": {
        "type": "Transitive",
        "resolved": "10.0.10",
        "contentHash": "zkFxGYUvdxAvIKTyXHrmW+Sux53D4SezD9dMyZ6hrwwzPQJNuwCRy1f5W7AvYTqacEGhWF2XderRQG1OvbV8og==",
        "dependencies": {
          "Microsoft.Extensions.DependencyInjection.Abstractions": "10.0.10"
        }
      },
      "Microsoft.Extensions.Primitives": {
        "type": "Transitive",
        "resolved": "10.0.10",
        "contentHash": "5wu/GrYVd8mG2DVUw3vFJzF+O336TyTGg/Kmcgw9bfwYhCoFiV5lR5QeEmKecJyrW4W54nMfD3p3589E8a7czQ=="
      },
      "Microsoft.Testing.Extensions.CodeCoverage": {
        "type": "Transitive",
        "resolved": "18.9.0",
        "contentHash": "Odp8djWEUFTJoRV02y0zJaAwAHF31CtNaDgnKKM+8dBHbbaH7Ee0oo9gweLpbzjI7UrtMUzH6xLJSrICZw+Nwg==",
        "dependencies": {
          "Microsoft.DiaSymReader": "2.2.9",
          "Microsoft.Extensions.DependencyModel": "10.0.8",
          "Microsoft.Testing.Platform": "2.3.0"
        }
      },
      "Microsoft.Testing.Extensions.Telemetry": {
        "type": "Transitive",
        "resolved": "2.3.2",
        "contentHash": "Q1iapTk1DwFFT9aPtv4wxJHe22++NLxsg7IekEujac9RDAugxGQdCN0SQ1b9ryF78cdidhSBB17pHdCANurOyQ==",
        "dependencies": {
          "Microsoft.ApplicationInsights": "2.23.0",
          "Microsoft.Testing.Platform": "2.3.2"
        }
      },
      "Microsoft.Testing.Extensions.TrxReport": {
        "type": "Transitive",
        "resolved": "2.3.2",
        "contentHash": "JzCtiOAmIfkPP2PpAKZeiH1hVYIVC9jMhsPWrd6PnH/Wtuct1UMuxpKi2F1cmXgfokc/HOadC6HOO1qzI23tnA==",
        "dependencies": {
          "Microsoft.Testing.Extensions.TrxReport.Abstractions": "2.3.2",
          "Microsoft.Testing.Platform": "2.3.2"
        }
      },
      "Microsoft.Testing.Extensions.TrxReport.Abstractions": {
        "type": "Transitive",
        "resolved": "2.3.2",
        "contentHash": "frw+Qa6gUxOZSw2Mw6SPtJT9gPzcP4nS9TfQhS0cHXKL6Rcp/CqLG+o4Psc1bHAhxW04rpzTBhjpNMnw2L7BuQ==",
        "dependencies": {
          "Microsoft.Testing.Platform": "2.3.2"
        }
      },
      "Microsoft.Testing.Platform": {
        "type": "Transitive",
        "resolved": "2.3.2",
        "contentHash": "FuJgIEfNU+rFHJYGhuqA8uup+3cryJ1N67Tijqo01Jd5xAr28ptz0aXkFfSqK3MhAUmGsrPpgQ92+3+0oXv8AA=="
      },
      "Microsoft.Testing.Platform.MSBuild": {
        "type": "Transitive",
        "resolved": "2.3.2",
        "contentHash": "guFvvaE8FGUlB6h24jN+P+NBz/P5x4On9sk4n5UapUAPq4fr0y1AgUe4sXmItp7r2NMe3rhZYLE1teP9T9sVbg==",
        "dependencies": {
          "Microsoft.Testing.Platform": "2.3.2"
        }
      },
      "TUnit.Assertions": {
        "type": "Transitive",
        "resolved": "1.60.0",
        "contentHash": "EepOp9wR/0M1UPqyrm7NFduGcKinedafNiexm2tGD/j1tgDCXAK4k6MpbjlfaJIYTLPDXK3ke03pFAWDy14eLA=="
      },
      "TUnit.Core": {
        "type": "Transitive",
        "resolved": "1.60.0",
        "contentHash": "VAd+jtsJ80J9O/nRptOiufqrtmpysBWrSpr7MjC/QR+aISSuGxBdMrV3rANMPUs2Q2s/JB5SWdevilogiUZ5hg=="
      },
      "TUnit.Engine": {
        "type": "Transitive",
        "resolved": "1.60.0",
        "contentHash": "9GDO/wHoCxHY78wHB6Sox9Tz/wpILpXsx5LgwMe5fFRL2y5t3O9+QG6TIbX541SmBUV8VzL+al5IFgv1RJ8Qlw==",
        "dependencies": {
          "EnumerableAsyncProcessor": "3.8.4",
          "Microsoft.Testing.Extensions.TrxReport.Abstractions": "2.3.2",
          "Microsoft.Testing.Platform": "2.3.2",
          "Microsoft.Testing.Platform.MSBuild": "2.3.2",
          "TUnit.Core": "1.60.0"
        }
      },
      "observatoryscheduling.api": {
        "type": "Project",
        "dependencies": {
          "CShells.AspNetCore": "[0.0.28, 0.0.28]",
          "ObservatoryScheduling.Constraints.DarknessWindow": "[0.1.0-fixture.1, )",
          "ObservatoryScheduling.Core": "[0.1.0-fixture.1, )",
          "ObservatoryScheduling.Scheduling.Api": "[0.1.0-fixture.1, )",
          "ObservatoryScheduling.Scheduling.FirstAvailable": "[0.1.0-fixture.1, )",
          "ObservatoryScheduling.Visibility.Static": "[0.1.0-fixture.1, )",
          "Orbyss.ProgramKit.Modularity.InProcess": "[0.1.0-alpha.1, )",
          "Orbyss.ProgramKit.Tasks.Hosting": "[0.1.0-alpha.1, )",
          "Orbyss.ProgramKit.Tasks.InProcess": "[0.1.0-alpha.1, )"
        }
      },
      "observatoryscheduling.console": {
        "type": "Project",
        "dependencies": {
          "CShells.AspNetCore": "[0.0.28, 0.0.28]",
          "ObservatoryScheduling.Constraints.DarknessWindow": "[0.1.0-fixture.1, )",
          "ObservatoryScheduling.Core": "[0.1.0-fixture.1, )",
          "ObservatoryScheduling.Scheduling.FirstAvailable": "[0.1.0-fixture.1, )",
          "ObservatoryScheduling.Visibility.Static": "[0.1.0-fixture.1, )",
          "Orbyss.ProgramKit.Modularity.InProcess": "[0.1.0-alpha.1, )",
          "Orbyss.ProgramKit.Tasks.Hosting": "[0.1.0-alpha.1, )",
          "Orbyss.ProgramKit.Tasks.InProcess": "[0.1.0-alpha.1, )"
        }
      },
      "observatoryscheduling.constraints.darknesswindow": {
        "type": "Project",
        "dependencies": {
          "CShells.Abstractions": "[0.0.28, 0.0.28]",
          "ObservatoryScheduling.Core": "[0.1.0-fixture.1, )"
        }
      },
      "observatoryscheduling.core": {
        "type": "Project",
        "dependencies": {
          "Orbyss.ProgramKit.Modularity": "[0.1.0-alpha.1, )",
          "Orbyss.ProgramKit.Serialization.JSON": "[0.1.0-alpha.1, )",
          "Orbyss.ProgramKit.Tasks.Core": "[0.1.0-alpha.1, )"
        }
      },
      "observatoryscheduling.scheduling.api": {
        "type": "Project",
        "dependencies": {
          "CShells.AspNetCore.Abstractions": "[0.0.28, 0.0.28]",
          "ObservatoryScheduling.Core": "[0.1.0-fixture.1, )"
        }
      },
      "observatoryscheduling.scheduling.firstavailable": {
        "type": "Project",
        "dependencies": {
          "CShells.Abstractions": "[0.0.28, 0.0.28]",
          "ObservatoryScheduling.Core": "[0.1.0-fixture.1, )",
          "Orbyss.ProgramKit.Tasks": "[0.1.0-alpha.1, )",
          "Orbyss.ProgramKit.Tasks.Schedules": "[0.1.0-alpha.1, )",
          "Orbyss.ProgramKit.Tasks.Schedules.Cronos": "[0.1.0-alpha.1, )"
        }
      },
      "observatoryscheduling.visibility.static": {
        "type": "Project",
        "dependencies": {
          "CShells.Abstractions": "[0.0.28, 0.0.28]",
          "ObservatoryScheduling.Core": "[0.1.0-fixture.1, )"
        }
      },
      "observatoryscheduling.worker": {
        "type": "Project",
        "dependencies": {
          "CShells.AspNetCore": "[0.0.28, 0.0.28]",
          "ObservatoryScheduling.Constraints.DarknessWindow": "[0.1.0-fixture.1, )",
          "ObservatoryScheduling.Core": "[0.1.0-fixture.1, )",
          "ObservatoryScheduling.Scheduling.FirstAvailable": "[0.1.0-fixture.1, )",
          "ObservatoryScheduling.Visibility.Static": "[0.1.0-fixture.1, )",
          "Orbyss.ProgramKit.Modularity.InProcess": "[0.1.0-alpha.1, )",
          "Orbyss.ProgramKit.Tasks.Hosting": "[0.1.0-alpha.1, )",
          "Orbyss.ProgramKit.Tasks.InProcess": "[0.1.0-alpha.1, )",
          "Orbyss.ProgramKit.Tasks.Schedules": "[0.1.0-alpha.1, )",
          "Orbyss.ProgramKit.Tasks.Schedules.Cronos": "[0.1.0-alpha.1, )"
        }
      },
      "orbyss.programkit.architecture": {
        "type": "Project",
        "dependencies": {
          "Orbyss.ProgramKit.Artifacts": "[0.1.0-alpha.1, )"
        }
      },
      "orbyss.programkit.artifacts": {
        "type": "Project"
      },
      "orbyss.programkit.csharpbuildgates.authoring": {
        "type": "Project",
        "dependencies": {
          "Orbyss.ProgramKit.CSharpBuildGates.Contracts": "[0.1.0-alpha.1, )"
        }
      },
      "orbyss.programkit.csharpbuildgates.contracts": {
        "type": "Project",
        "dependencies": {
          "Orbyss.ProgramKit.Artifacts": "[0.1.0-alpha.1, )"
        }
      },
      "orbyss.programkit.development": {
        "type": "Project",
        "dependencies": {
          "Orbyss.ProgramKit.Artifacts": "[0.1.0-alpha.1, )",
          "Orbyss.ProgramKit.Planning": "[0.1.0-alpha.1, )"
        }
      },
      "orbyss.programkit.dotnet": {
        "type": "Project",
        "dependencies": {
          "Orbyss.ProgramKit.Architecture": "[0.1.0-alpha.1, )",
          "Orbyss.ProgramKit.OpenConsole": "[0.1.0-alpha.1, )",
          "Orbyss.ProgramKit.Operations": "[0.1.0-alpha.1, )",
          "Orbyss.ProgramKit.Planning": "[0.1.0-alpha.1, )",
          "Orbyss.ProgramKit.Quality": "[0.1.0-alpha.1, )",
          "Orbyss.ProgramKit.SecretResolution": "[0.1.0-alpha.1, )",
          "Orbyss.ProgramKit.Serialization.JSON": "[0.1.0-alpha.1, )",
          "Orbyss.ProgramKit.Tasks": "[0.1.0-alpha.1, )",
          "Orbyss.ProgramKit.Tasks.Core": "[0.1.0-alpha.1, )",
          "Orbyss.ProgramKit.Tasks.Schedules": "[0.1.0-alpha.1, )",
          "Orbyss.ProgramKit.Workbench": "[0.1.0-alpha.1, )"
        }
      },
      "orbyss.programkit.modularity": {
        "type": "Project",
        "dependencies": {
          "Orbyss.ProgramKit.Artifacts": "[0.1.0-alpha.1, )"
        }
      },
      "orbyss.programkit.modularity.inprocess": {
        "type": "Project",
        "dependencies": {
          "Orbyss.ProgramKit.Modularity": "[0.1.0-alpha.1, )"
        }
      },
      "orbyss.programkit.openconsole": {
        "type": "Project",
        "dependencies": {
          "Orbyss.ProgramKit.Artifacts": "[0.1.0-alpha.1, )"
        }
      },
      "orbyss.programkit.operations": {
        "type": "Project",
        "dependencies": {
          "Orbyss.ProgramKit.Artifacts": "[0.1.0-alpha.1, )"
        }
      },
      "orbyss.programkit.planning": {
        "type": "Project",
        "dependencies": {
          "Orbyss.ProgramKit.Artifacts": "[0.1.0-alpha.1, )",
          "Orbyss.ProgramKit.Quality": "[0.1.0-alpha.1, )"
        }
      },
      "orbyss.programkit.quality": {
        "type": "Project",
        "dependencies": {
          "Orbyss.ProgramKit.Artifacts": "[0.1.0-alpha.1, )"
        }
      },
      "orbyss.programkit.secretresolution": {
        "type": "Project",
        "dependencies": {
          "Orbyss.ProgramKit.Artifacts": "[0.1.0-alpha.1, )"
        }
      },
      "orbyss.programkit.serialization.json": {
        "type": "Project",
        "dependencies": {
          "Microsoft.Extensions.DependencyInjection.Abstractions": "[10.0.10, 10.0.10]",
          "Orbyss.ProgramKit.Artifacts": "[0.1.0-alpha.1, )"
        }
      },
      "orbyss.programkit.tasks": {
        "type": "Project",
        "dependencies": {
          "Microsoft.Extensions.DependencyInjection.Abstractions": "[10.0.10, 10.0.10]",
          "Orbyss.ProgramKit.Modularity": "[0.1.0-alpha.1, )",
          "Orbyss.ProgramKit.Tasks.Core": "[0.1.0-alpha.1, )"
        }
      },
      "orbyss.programkit.tasks.core": {
        "type": "Project",
        "dependencies": {
          "Orbyss.ProgramKit.Artifacts": "[0.1.0-alpha.1, )"
        }
      },
      "orbyss.programkit.tasks.hosting": {
        "type": "Project",
        "dependencies": {
          "Microsoft.Extensions.DependencyInjection": "[10.0.10, 10.0.10]",
          "Microsoft.Extensions.Diagnostics.HealthChecks": "[10.0.10, 10.0.10]",
          "Microsoft.Extensions.Diagnostics.HealthChecks.Abstractions": "[10.0.10, 10.0.10]",
          "Microsoft.Extensions.Hosting.Abstractions": "[10.0.10, 10.0.10]",
          "Orbyss.ProgramKit.Tasks": "[0.1.0-alpha.1, )"
        }
      },
      "orbyss.programkit.tasks.inprocess": {
        "type": "Project",
        "dependencies": {
          "Orbyss.ProgramKit.Tasks": "[0.1.0-alpha.1, )"
        }
      },
      "orbyss.programkit.tasks.schedules": {
        "type": "Project",
        "dependencies": {
          "Orbyss.ProgramKit.Tasks.Core": "[0.1.0-alpha.1, )"
        }
      },
      "orbyss.programkit.tasks.schedules.cronos": {
        "type": "Project",
        "dependencies": {
          "Cronos": "[0.13.0, 0.13.0]",
          "Orbyss.ProgramKit.Tasks.Schedules": "[0.1.0-alpha.1, )"
        }
      },
      "orbyss.programkit.workbench": {
        "type": "Project",
        "dependencies": {
          "JsonSchema.Net": "[9.3.0, 9.3.0]",
          "Orbyss.ProgramKit.Architecture": "[0.1.0-alpha.1, )",
          "Orbyss.ProgramKit.Artifacts": "[0.1.0-alpha.1, )",
          "Orbyss.ProgramKit.CSharpBuildGates.Authoring": "[0.1.0-alpha.1, )",
          "Orbyss.ProgramKit.CSharpBuildGates.Contracts": "[0.1.0-alpha.1, )",
          "Orbyss.ProgramKit.Development": "[0.1.0-alpha.1, )",
          "Orbyss.ProgramKit.Planning": "[0.1.0-alpha.1, )",
          "Orbyss.ProgramKit.Quality": "[0.1.0-alpha.1, )",
          "Orbyss.ProgramKit.Serialization.JSON": "[0.1.0-alpha.1, )"
        }
      },
      "Cronos": {
        "type": "CentralTransitive",
        "requested": "[0.13.0, 0.13.0]",
        "resolved": "0.13.0",
        "contentHash": "Nkve+Yi0+ol3ntSBRHeW0ka9cJQ8vndSUvvkXqF9LVqwpoqWueyxu/HS275r98RDOmF7/mzRnZW5XXUBXob+TA=="
      },
      "CShells": {
        "type": "CentralTransitive",
        "requested": "[0.0.28, 0.0.28]",
        "resolved": "0.0.28",
        "contentHash": "yO2OuMpd9B94021n9o9FeBAwbae1wpNu1Zq/FdO7mTCzuRStPzSqejjFtQxJ0o7fcN8qK7T0jook5OnOxjKZ5g==",
        "dependencies": {
          "CShells.Abstractions": "0.0.28",
          "JetBrains.Annotations": "2025.2.4",
          "Microsoft.Extensions.Configuration": "10.0.0",
          "Microsoft.Extensions.Configuration.Abstractions": "10.0.0",
          "Microsoft.Extensions.Configuration.Binder": "10.0.0",
          "Microsoft.Extensions.DependencyInjection": "10.0.0",
          "Microsoft.Extensions.DependencyInjection.Abstractions": "10.0.0",
          "Microsoft.Extensions.DependencyModel": "10.0.1",
          "Microsoft.Extensions.Hosting.Abstractions": "10.0.0",
          "Microsoft.Extensions.Logging": "10.0.0",
          "Microsoft.Extensions.Logging.Abstractions": "10.0.0"
        }
      },
      "CShells.Abstractions": {
        "type": "CentralTransitive",
        "requested": "[0.0.28, 0.0.28]",
        "resolved": "0.0.28",
        "contentHash": "+AdhE7p4mrhk3KHyWXCpaWpF+cuWUUN63rRl1rRwTnyA/6FRFeXqAF6ZowkABXDNfzeyLe5fx7jWcVyWHbj1tQ==",
        "dependencies": {
          "JetBrains.Annotations": "2025.2.4",
          "Microsoft.Extensions.Configuration": "10.0.0",
          "Microsoft.Extensions.DependencyInjection.Abstractions": "10.0.0",
          "Microsoft.Extensions.Options": "10.0.0"
        }
      },
      "CShells.AspNetCore": {
        "type": "CentralTransitive",
        "requested": "[0.0.28, 0.0.28]",
        "resolved": "0.0.28",
        "contentHash": "2md72TbS2KWYAnOdFrZ8oVZX+ZQVaDn0F/swjOWhNd2BCRGHVZQN4syRARLIpCeV7TbFHGuvAts84XUTQup5dw==",
        "dependencies": {
          "CShells": "0.0.28",
          "CShells.AspNetCore.Abstractions": "0.0.28",
          "JetBrains.Annotations": "2025.2.4"
        }
      },
      "CShells.AspNetCore.Abstractions": {
        "type": "CentralTransitive",
        "requested": "[0.0.28, 0.0.28]",
        "resolved": "0.0.28",
        "contentHash": "E5eySQPEiCwCaQ5ckw+L5HTTaMu5KNbqIM0pzRLa0yCaMKr+2yoj8J+7afmppgRVbQTcjuIAgTJh8HnS99Tfjg==",
        "dependencies": {
          "CShells.Abstractions": "0.0.28",
          "JetBrains.Annotations": "2025.2.4"
        }
      },
      "JsonSchema.Net": {
        "type": "CentralTransitive",
        "requested": "[9.3.0, 9.3.0]",
        "resolved": "9.3.0",
        "contentHash": "d780/OM10Vi3ZwXtWsdjSwg4T2Gv6PEs4QO1TOcfwYJsT3IpkV6u6RUJYDxNFifc4jsNeIk+0RgRh1X38R5ySA==",
        "dependencies": {
          "JsonPointer.Net": "7.0.1"
        }
      },
      "Microsoft.Extensions.DependencyInjection": {
        "type": "CentralTransitive",
        "requested": "[10.0.10, 10.0.10]",
        "resolved": "10.0.10",
        "contentHash": "ANyvsgkNBRvcJh2XLgn8veGmajf+8m0AbKK+HPWdRL1yraSNVVSmQhFntLtdz/C795jxqqup+k05cs/3jZQPOA==",
        "dependencies": {
          "Microsoft.Extensions.DependencyInjection.Abstractions": "10.0.10"
        }
      },
      "Microsoft.Extensions.DependencyInjection.Abstractions": {
        "type": "CentralTransitive",
        "requested": "[10.0.10, 10.0.10]",
        "resolved": "10.0.10",
        "contentHash": "z/2xXlFw2aLGjHyEm6E0tQ+In6VfzQzTrtArbQ2c0TQE16ZbyDCMGPvaUT9I0s8rgy9sRWlU2P9waW37qV04qA=="
      },
      "Microsoft.Extensions.Diagnostics.HealthChecks": {
        "type": "CentralTransitive",
        "requested": "[10.0.10, 10.0.10]",
        "resolved": "10.0.10",
        "contentHash": "R0O5oG+zAJeBSM8nNTa+Ycj2Zobyr/v6Ilo7Dha0sNB2Vq/XXoLdoecj9DAWGbN8YrPaW6u8+osTQ5Ypj7ZF0w==",
        "dependencies": {
          "Microsoft.Extensions.Diagnostics.HealthChecks.Abstractions": "10.0.10",
          "Microsoft.Extensions.Hosting.Abstractions": "10.0.10",
          "Microsoft.Extensions.Logging.Abstractions": "10.0.10",
          "Microsoft.Extensions.Options": "10.0.10"
        }
      },
      "Microsoft.Extensions.Diagnostics.HealthChecks.Abstractions": {
        "type": "CentralTransitive",
        "requested": "[10.0.10, 10.0.10]",
        "resolved": "10.0.10",
        "contentHash": "6euxgVR7NS83y0a2wLRAxfYXusLQJ2e1ah0MpQgYTYMs5lYrmdNP79C6T8uvRZdP87n5mcCcp6+w0EyWAidKZw=="
      },
      "Microsoft.Extensions.Hosting.Abstractions": {
        "type": "CentralTransitive",
        "requested": "[10.0.10, 10.0.10]",
        "resolved": "10.0.10",
        "contentHash": "5LugpYGHk+mkn0a8IZgcyfBca8PCTAU9RQFoMrTdtOOidq88M2SI5f3px6ugnzgxC+eTkvYYJi8pzlUnG5xdAQ==",
        "dependencies": {
          "Microsoft.Extensions.Configuration.Abstractions": "10.0.10",
          "Microsoft.Extensions.DependencyInjection.Abstractions": "10.0.10",
          "Microsoft.Extensions.Diagnostics.Abstractions": "10.0.10",
          "Microsoft.Extensions.FileProviders.Abstractions": "10.0.10",
          "Microsoft.Extensions.Logging.Abstractions": "10.0.10"
        }
      }
    }
  }
}