
Microsoft Visual Studio Solution File, Format Version 12.00
# Visual Studio Version 17
VisualStudioVersion = 17.0.31903.59
MinimumVisualStudioVersion = 10.0.40219.1
Project("{9A19103F-16F7-4668-BE54-9A1E7A4F7556}") = "Orbyss.ProgramKit.Artifacts", "src\Orbyss.ProgramKit.Artifacts\Orbyss.ProgramKit.Artifacts.csproj", "{E7608243-FC41-4596-9B35-165027517C20}"
EndProject
Project("{9A19103F-16F7-4668-BE54-9A1E7A4F7556}") = "Orbyss.ProgramKit.Architecture", "src\Orbyss.ProgramKit.Architecture\Orbyss.ProgramKit.Architecture.csproj", "{D1666A51-653E-4B4C-8E59-2FEB1B9CBFC5}"
EndProject
Project("{9A19103F-16F7-4668-BE54-9A1E7A4F7556}") = "Orbyss.ProgramKit.Quality", "src\Orbyss.ProgramKit.Quality\Orbyss.ProgramKit.Quality.csproj", "{CAB85C2C-0598-4DA8-9641-8BF3D56266FD}"
EndProject
Project("{9A19103F-16F7-4668-BE54-9A1E7A4F7556}") = "Orbyss.ProgramKit.Planning", "src\Orbyss.ProgramKit.Planning\Orbyss.ProgramKit.Planning.csproj", "{D00FD7E8-4EC3-4422-9514-2680677FCFF5}"
EndProject
Project("{9A19103F-16F7-4668-BE54-9A1E7A4F7556}") = "Orbyss.ProgramKit.Development", "src\Orbyss.ProgramKit.Development\Orbyss.ProgramKit.Development.csproj", "{788D425D-9DE4-4F2A-8792-D9FB3E695425}"
EndProject
Project("{9A19103F-16F7-4668-BE54-9A1E7A4F7556}") = "Orbyss.ProgramKit.Modularity", "src\Orbyss.ProgramKit.Modularity\Orbyss.ProgramKit.Modularity.csproj", "{89DC230E-F26D-407F-B255-472321C72CC1}"
EndProject
Project("{9A19103F-16F7-4668-BE54-9A1E7A4F7556}") = "Orbyss.ProgramKit.Modularity.InProcess", "src\Orbyss.ProgramKit.Modularity.InProcess\Orbyss.ProgramKit.Modularity.InProcess.csproj", "{7FDEFF6B-DD9D-4D9B-BD13-63FEA9512F6B}"
EndProject
Project("{9A19103F-16F7-4668-BE54-9A1E7A4F7556}") = "Orbyss.ProgramKit.Serialization.JSON", "src\Orbyss.ProgramKit.Serialization.JSON\Orbyss.ProgramKit.Serialization.JSON.csproj", "{E3C508CB-6204-4112-BD11-6D9B16C97780}"
EndProject
Project("{9A19103F-16F7-4668-BE54-9A1E7A4F7556}") = "Orbyss.ProgramKit.Workbench", "src\Orbyss.ProgramKit.Workbench\Orbyss.ProgramKit.Workbench.csproj", "{BA56ED99-3B9C-42AB-9CB8-B5168DCDAE85}"
EndProject
Project("{9A19103F-16F7-4668-BE54-9A1E7A4F7556}") = "Orbyss.ProgramKit.Tasks.Core", "src\Orbyss.ProgramKit.Tasks.Core\Orbyss.ProgramKit.Tasks.Core.csproj", "{3F61CE74-2F06-4608-AE94-DE820C39C7A2}"
EndProject
Project("{9A19103F-16F7-4668-BE54-9A1E7A4F7556}") = "Orbyss.ProgramKit.Tasks", "src\Orbyss.ProgramKit.Tasks\Orbyss.ProgramKit.Tasks.csproj", "{661ABEC9-041E-4838-9800-680CD8BD49A3}"
EndProject
Project("{9A19103F-16F7-4668-BE54-9A1E7A4F7556}") = "Orbyss.ProgramKit.Tasks.InProcess", "src\Orbyss.ProgramKit.Tasks.InProcess\Orbyss.ProgramKit.Tasks.InProcess.csproj", "{56CD7111-0760-44C2-9AA3-0B7CE7EED37E}"
EndProject
Project("{9A19103F-16F7-4668-BE54-9A1E7A4F7556}") = "Orbyss.ProgramKit.Tasks.Hosting", "src\Orbyss.ProgramKit.Tasks.Hosting\Orbyss.ProgramKit.Tasks.Hosting.csproj", "{26E4F723-5A44-4D19-A0C2-4EB023A6A6E1}"
EndProject
Project("{9A19103F-16F7-4668-BE54-9A1E7A4F7556}") = "Orbyss.ProgramKit.Tasks.Schedules", "src\Orbyss.ProgramKit.Tasks.Schedules\Orbyss.ProgramKit.Tasks.Schedules.csproj", "{1480315D-2544-4947-89D4-E990A4A17565}"
EndProject
Project("{9A19103F-16F7-4668-BE54-9A1E7A4F7556}") = "Orbyss.ProgramKit.Tasks.Schedules.Cronos", "src\Orbyss.ProgramKit.Tasks.Schedules.Cronos\Orbyss.ProgramKit.Tasks.Schedules.Cronos.csproj", "{F94A85D4-0250-4469-B783-B49A0F611094}"
EndProject
Project("{9A19103F-16F7-4668-BE54-9A1E7A4F7556}") = "Orbyss.ProgramKit.DotNet", "src\Orbyss.ProgramKit.DotNet\Orbyss.ProgramKit.DotNet.csproj", "{A4A16695-6C4A-4E4D-923E-99B4DB36E018}"
EndProject
Project("{9A19103F-16F7-4668-BE54-9A1E7A4F7556}") = "Orbyss.ProgramKit.UnitTests", "tests\Orbyss.ProgramKit.UnitTests\Orbyss.ProgramKit.UnitTests.csproj", "{E4B6E4A6-068E-42C3-861D-4FE0C2D57EF2}"
EndProject
Project("{9A19103F-16F7-4668-BE54-9A1E7A4F7556}") = "Orbyss.ProgramKit.ConformanceTests", "tests\Orbyss.ProgramKit.ConformanceTests\Orbyss.ProgramKit.ConformanceTests.csproj", "{91AF93E5-B37C-46A6-B926-E8765DA39359}"
EndProject
Project("{2150E333-8FDC-42A3-9474-1A3956D46DE8}") = "tools", "tools", "{07C2787E-EAC7-C090-1BA3-A61EC2A24D84}"
EndProject
Project("{FAE04EC0-301F-11D3-BF4B-00C04F79EFBC}") = "Orbyss.ProgramKit.CSharpGate", "tools\Orbyss.ProgramKit.CSharpGate\Orbyss.ProgramKit.CSharpGate.csproj", "{4EE4B1BF-3B37-4D65-9564-0B52ACF8E7D9}"
EndProject
Project("{2150E333-8FDC-42A3-9474-1A3956D46DE8}") = "src", "src", "{827E0CD3-B72D-47B6-A68D-7590B98EB39B}"
EndProject
Project("{FAE04EC0-301F-11D3-BF4B-00C04F79EFBC}") = "Orbyss.ProgramKit.CommandLine", "src\Orbyss.ProgramKit.CommandLine\Orbyss.ProgramKit.CommandLine.csproj", "{5CB57006-4261-42AE-84D0-7C700CFBDD31}"
EndProject
Global
	GlobalSection(SolutionConfigurationPlatforms) = preSolution
		Debug|Any CPU = Debug|Any CPU
		Debug|x64 = Debug|x64
		Debug|x86 = Debug|x86
		Release|Any CPU = Release|Any CPU
		Release|x64 = Release|x64
		Release|x86 = Release|x86
	EndGlobalSection
	GlobalSection(ProjectConfigurationPlatforms) = postSolution
		{E7608243-FC41-4596-9B35-165027517C20}.Debug|Any CPU.ActiveCfg = Debug|Any CPU
		{E7608243-FC41-4596-9B35-165027517C20}.Debug|Any CPU.Build.0 = Debug|Any CPU
		{E7608243-FC41-4596-9B35-165027517C20}.Debug|x64.ActiveCfg = Debug|Any CPU
		{E7608243-FC41-4596-9B35-165027517C20}.Debug|x64.Build.0 = Debug|Any CPU
		{E7608243-FC41-4596-9B35-165027517C20}.Debug|x86.ActiveCfg = Debug|Any CPU
		{E7608243-FC41-4596-9B35-165027517C20}.Debug|x86.Build.0 = Debug|Any CPU
		{E7608243-FC41-4596-9B35-165027517C20}.Release|Any CPU.ActiveCfg = Release|Any CPU
		{E7608243-FC41-4596-9B35-165027517C20}.Release|Any CPU.Build.0 = Release|Any CPU
		{E7608243-FC41-4596-9B35-165027517C20}.Release|x64.ActiveCfg = Release|Any CPU
		{E7608243-FC41-4596-9B35-165027517C20}.Release|x64.Build.0 = Release|Any CPU
		{E7608243-FC41-4596-9B35-165027517C20}.Release|x86.ActiveCfg = Release|Any CPU
		{E7608243-FC41-4596-9B35-165027517C20}.Release|x86.Build.0 = Release|Any CPU
		{D1666A51-653E-4B4C-8E59-2FEB1B9CBFC5}.Debug|Any CPU.ActiveCfg = Debug|Any CPU
		{D1666A51-653E-4B4C-8E59-2FEB1B9CBFC5}.Debug|Any CPU.Build.0 = Debug|Any CPU
		{D1666A51-653E-4B4C-8E59-2FEB1B9CBFC5}.Debug|x64.ActiveCfg = Debug|Any CPU
		{D1666A51-653E-4B4C-8E59-2FEB1B9CBFC5}.Debug|x64.Build.0 = Debug|Any CPU
		{D1666A51-653E-4B4C-8E59-2FEB1B9CBFC5}.Debug|x86.ActiveCfg = Debug|Any CPU
		{D1666A51-653E-4B4C-8E59-2FEB1B9CBFC5}.Debug|x86.Build.0 = Debug|Any CPU
		{D1666A51-653E-4B4C-8E59-2FEB1B9CBFC5}.Release|Any CPU.ActiveCfg = Release|Any CPU
		{D1666A51-653E-4B4C-8E59-2FEB1B9CBFC5}.Release|Any CPU.Build.0 = Release|Any CPU
		{D1666A51-653E-4B4C-8E59-2FEB1B9CBFC5}.Release|x64.ActiveCfg = Release|Any CPU
		{D1666A51-653E-4B4C-8E59-2FEB1B9CBFC5}.Release|x64.Build.0 = Release|Any CPU
		{D1666A51-653E-4B4C-8E59-2FEB1B9CBFC5}.Release|x86.ActiveCfg = Release|Any CPU
		{D1666A51-653E-4B4C-8E59-2FEB1B9CBFC5}.Release|x86.Build.0 = Release|Any CPU
		{CAB85C2C-0598-4DA8-9641-8BF3D56266FD}.Debug|Any CPU.ActiveCfg = Debug|Any CPU
		{CAB85C2C-0598-4DA8-9641-8BF3D56266FD}.Debug|Any CPU.Build.0 = Debug|Any CPU
		{CAB85C2C-0598-4DA8-9641-8BF3D56266FD}.Debug|x64.ActiveCfg = Debug|Any CPU
		{CAB85C2C-0598-4DA8-9641-8BF3D56266FD}.Debug|x64.Build.0 = Debug|Any CPU
		{CAB85C2C-0598-4DA8-9641-8BF3D56266FD}.Debug|x86.ActiveCfg = Debug|Any CPU
		{CAB85C2C-0598-4DA8-9641-8BF3D56266FD}.Debug|x86.Build.0 = Debug|Any CPU
		{CAB85C2C-0598-4DA8-9641-8BF3D56266FD}.Release|Any CPU.ActiveCfg = Release|Any CPU
		{CAB85C2C-0598-4DA8-9641-8BF3D56266FD}.Release|Any CPU.Build.0 = Release|Any CPU
		{CAB85C2C-0598-4DA8-9641-8BF3D56266FD}.Release|x64.ActiveCfg = Release|Any CPU
		{CAB85C2C-0598-4DA8-9641-8BF3D56266FD}.Release|x64.Build.0 = Release|Any CPU
		{CAB85C2C-0598-4DA8-9641-8BF3D56266FD}.Release|x86.ActiveCfg = Release|Any CPU
		{CAB85C2C-0598-4DA8-9641-8BF3D56266FD}.Release|x86.Build.0 = Release|Any CPU
		{D00FD7E8-4EC3-4422-9514-2680677FCFF5}.Debug|Any CPU.ActiveCfg = Debug|Any CPU
		{D00FD7E8-4EC3-4422-9514-2680677FCFF5}.Debug|Any CPU.Build.0 = Debug|Any CPU
		{D00FD7E8-4EC3-4422-9514-2680677FCFF5}.Debug|x64.ActiveCfg = Debug|Any CPU
		{D00FD7E8-4EC3-4422-9514-2680677FCFF5}.Debug|x64.Build.0 = Debug|Any CPU
		{D00FD7E8-4EC3-4422-9514-2680677FCFF5}.Debug|x86.ActiveCfg = Debug|Any CPU
		{D00FD7E8-4EC3-4422-9514-2680677FCFF5}.Debug|x86.Build.0 = Debug|Any CPU
		{D00FD7E8-4EC3-4422-9514-2680677FCFF5}.Release|Any CPU.ActiveCfg = Release|Any CPU
		{D00FD7E8-4EC3-4422-9514-2680677FCFF5}.Release|Any CPU.Build.0 = Release|Any CPU
		{D00FD7E8-4EC3-4422-9514-2680677FCFF5}.Release|x64.ActiveCfg = Release|Any CPU
		{D00FD7E8-4EC3-4422-9514-2680677FCFF5}.Release|x64.Build.0 = Release|Any CPU
		{D00FD7E8-4EC3-4422-9514-2680677FCFF5}.Release|x86.ActiveCfg = Release|Any CPU
		{D00FD7E8-4EC3-4422-9514-2680677FCFF5}.Release|x86.Build.0 = Release|Any CPU
		{788D425D-9DE4-4F2A-8792-D9FB3E695425}.Debug|Any CPU.ActiveCfg = Debug|Any CPU
		{788D425D-9DE4-4F2A-8792-D9FB3E695425}.Debug|Any CPU.Build.0 = Debug|Any CPU
		{788D425D-9DE4-4F2A-8792-D9FB3E695425}.Debug|x64.ActiveCfg = Debug|Any CPU
		{788D425D-9DE4-4F2A-8792-D9FB3E695425}.Debug|x64.Build.0 = Debug|Any CPU
		{788D425D-9DE4-4F2A-8792-D9FB3E695425}.Debug|x86.ActiveCfg = Debug|Any CPU
		{788D425D-9DE4-4F2A-8792-D9FB3E695425}.Debug|x86.Build.0 = Debug|Any CPU
		{788D425D-9DE4-4F2A-8792-D9FB3E695425}.Release|Any CPU.ActiveCfg = Release|Any CPU
		{788D425D-9DE4-4F2A-8792-D9FB3E695425}.Release|Any CPU.Build.0 = Release|Any CPU
		{788D425D-9DE4-4F2A-8792-D9FB3E695425}.Release|x64.ActiveCfg = Release|Any CPU
		{788D425D-9DE4-4F2A-8792-D9FB3E695425}.Release|x64.Build.0 = Release|Any CPU
		{788D425D-9DE4-4F2A-8792-D9FB3E695425}.Release|x86.ActiveCfg = Release|Any CPU
		{788D425D-9DE4-4F2A-8792-D9FB3E695425}.Release|x86.Build.0 = Release|Any CPU
		{89DC230E-F26D-407F-B255-472321C72CC1}.Debug|Any CPU.ActiveCfg = Debug|Any CPU
		{89DC230E-F26D-407F-B255-472321C72CC1}.Debug|Any CPU.Build.0 = Debug|Any CPU
		{89DC230E-F26D-407F-B255-472321C72CC1}.Debug|x64.ActiveCfg = Debug|Any CPU
		{89DC230E-F26D-407F-B255-472321C72CC1}.Debug|x64.Build.0 = Debug|Any CPU
		{89DC230E-F26D-407F-B255-472321C72CC1}.Debug|x86.ActiveCfg = Debug|Any CPU
		{89DC230E-F26D-407F-B255-472321C72CC1}.Debug|x86.Build.0 = Debug|Any CPU
		{89DC230E-F26D-407F-B255-472321C72CC1}.Release|Any CPU.ActiveCfg = Release|Any CPU
		{89DC230E-F26D-407F-B255-472321C72CC1}.Release|Any CPU.Build.0 = Release|Any CPU
		{89DC230E-F26D-407F-B255-472321C72CC1}.Release|x64.ActiveCfg = Release|Any CPU
		{89DC230E-F26D-407F-B255-472321C72CC1}.Release|x64.Build.0 = Release|Any CPU
		{89DC230E-F26D-407F-B255-472321C72CC1}.Release|x86.ActiveCfg = Release|Any CPU
		{89DC230E-F26D-407F-B255-472321C72CC1}.Release|x86.Build.0 = Release|Any CPU
		{7FDEFF6B-DD9D-4D9B-BD13-63FEA9512F6B}.Debug|Any CPU.ActiveCfg = Debug|Any CPU
		{7FDEFF6B-DD9D-4D9B-BD13-63FEA9512F6B}.Debug|Any CPU.Build.0 = Debug|Any CPU
		{7FDEFF6B-DD9D-4D9B-BD13-63FEA9512F6B}.Debug|x64.ActiveCfg = Debug|Any CPU
		{7FDEFF6B-DD9D-4D9B-BD13-63FEA9512F6B}.Debug|x64.Build.0 = Debug|Any CPU
		{7FDEFF6B-DD9D-4D9B-BD13-63FEA9512F6B}.Debug|x86.ActiveCfg = Debug|Any CPU
		{7FDEFF6B-DD9D-4D9B-BD13-63FEA9512F6B}.Debug|x86.Build.0 = Debug|Any CPU
		{7FDEFF6B-DD9D-4D9B-BD13-63FEA9512F6B}.Release|Any CPU.ActiveCfg = Release|Any CPU
		{7FDEFF6B-DD9D-4D9B-BD13-63FEA9512F6B}.Release|Any CPU.Build.0 = Release|Any CPU
		{7FDEFF6B-DD9D-4D9B-BD13-63FEA9512F6B}.Release|x64.ActiveCfg = Release|Any CPU
		{7FDEFF6B-DD9D-4D9B-BD13-63FEA9512F6B}.Release|x64.Build.0 = Release|Any CPU
		{7FDEFF6B-DD9D-4D9B-BD13-63FEA9512F6B}.Release|x86.ActiveCfg = Release|Any CPU
		{7FDEFF6B-DD9D-4D9B-BD13-63FEA9512F6B}.Release|x86.Build.0 = Release|Any CPU
		{E3C508CB-6204-4112-BD11-6D9B16C97780}.Debug|Any CPU.ActiveCfg = Debug|Any CPU
		{E3C508CB-6204-4112-BD11-6D9B16C97780}.Debug|Any CPU.Build.0 = Debug|Any CPU
		{E3C508CB-6204-4112-BD11-6D9B16C97780}.Debug|x64.ActiveCfg = Debug|Any CPU
		{E3C508CB-6204-4112-BD11-6D9B16C97780}.Debug|x64.Build.0 = Debug|Any CPU
		{E3C508CB-6204-4112-BD11-6D9B16C97780}.Debug|x86.ActiveCfg = Debug|Any CPU
		{E3C508CB-6204-4112-BD11-6D9B16C97780}.Debug|x86.Build.0 = Debug|Any CPU
		{E3C508CB-6204-4112-BD11-6D9B16C97780}.Release|Any CPU.ActiveCfg = Release|Any CPU
		{E3C508CB-6204-4112-BD11-6D9B16C97780}.Release|Any CPU.Build.0 = Release|Any CPU
		{E3C508CB-6204-4112-BD11-6D9B16C97780}.Release|x64.ActiveCfg = Release|Any CPU
		{E3C508CB-6204-4112-BD11-6D9B16C97780}.Release|x64.Build.0 = Release|Any CPU
		{E3C508CB-6204-4112-BD11-6D9B16C97780}.Release|x86.ActiveCfg = Release|Any CPU
		{E3C508CB-6204-4112-BD11-6D9B16C97780}.Release|x86.Build.0 = Release|Any CPU
		{BA56ED99-3B9C-42AB-9CB8-B5168DCDAE85}.Debug|Any CPU.ActiveCfg = Debug|Any CPU
		{BA56ED99-3B9C-42AB-9CB8-B5168DCDAE85}.Debug|Any CPU.Build.0 = Debug|Any CPU
		{BA56ED99-3B9C-42AB-9CB8-B5168DCDAE85}.Debug|x64.ActiveCfg = Debug|Any CPU
		{BA56ED99-3B9C-42AB-9CB8-B5168DCDAE85}.Debug|x64.Build.0 = Debug|Any CPU
		{BA56ED99-3B9C-42AB-9CB8-B5168DCDAE85}.Debug|x86.ActiveCfg = Debug|Any CPU
		{BA56ED99-3B9C-42AB-9CB8-B5168DCDAE85}.Debug|x86.Build.0 = Debug|Any CPU
		{BA56ED99-3B9C-42AB-9CB8-B5168DCDAE85}.Release|Any CPU.ActiveCfg = Release|Any CPU
		{BA56ED99-3B9C-42AB-9CB8-B5168DCDAE85}.Release|Any CPU.Build.0 = Release|Any CPU
		{BA56ED99-3B9C-42AB-9CB8-B5168DCDAE85}.Release|x64.ActiveCfg = Release|Any CPU
		{BA56ED99-3B9C-42AB-9CB8-B5168DCDAE85}.Release|x64.Build.0 = Release|Any CPU
		{BA56ED99-3B9C-42AB-9CB8-B5168DCDAE85}.Release|x86.ActiveCfg = Release|Any CPU
		{BA56ED99-3B9C-42AB-9CB8-B5168DCDAE85}.Release|x86.Build.0 = Release|Any CPU
		{3F61CE74-2F06-4608-AE94-DE820C39C7A2}.Debug|Any CPU.ActiveCfg = Debug|Any CPU
		{3F61CE74-2F06-4608-AE94-DE820C39C7A2}.Debug|Any CPU.Build.0 = Debug|Any CPU
		{3F61CE74-2F06-4608-AE94-DE820C39C7A2}.Debug|x64.ActiveCfg = Debug|Any CPU
		{3F61CE74-2F06-4608-AE94-DE820C39C7A2}.Debug|x64.Build.0 = Debug|Any CPU
		{3F61CE74-2F06-4608-AE94-DE820C39C7A2}.Debug|x86.ActiveCfg = Debug|Any CPU
		{3F61CE74-2F06-4608-AE94-DE820C39C7A2}.Debug|x86.Build.0 = Debug|Any CPU
		{3F61CE74-2F06-4608-AE94-DE820C39C7A2}.Release|Any CPU.ActiveCfg = Release|Any CPU
		{3F61CE74-2F06-4608-AE94-DE820C39C7A2}.Release|Any CPU.Build.0 = Release|Any CPU
		{3F61CE74-2F06-4608-AE94-DE820C39C7A2}.Release|x64.ActiveCfg = Release|Any CPU
		{3F61CE74-2F06-4608-AE94-DE820C39C7A2}.Release|x64.Build.0 = Release|Any CPU
		{3F61CE74-2F06-4608-AE94-DE820C39C7A2}.Release|x86.ActiveCfg = Release|Any CPU
		{3F61CE74-2F06-4608-AE94-DE820C39C7A2}.Release|x86.Build.0 = Release|Any CPU
		{661ABEC9-041E-4838-9800-680CD8BD49A3}.Debug|Any CPU.ActiveCfg = Debug|Any CPU
		{661ABEC9-041E-4838-9800-680CD8BD49A3}.Debug|Any CPU.Build.0 = Debug|Any CPU
		{661ABEC9-041E-4838-9800-680CD8BD49A3}.Debug|x64.ActiveCfg = Debug|Any CPU
		{661ABEC9-041E-4838-9800-680CD8BD49A3}.Debug|x64.Build.0 = Debug|Any CPU
		{661ABEC9-041E-4838-9800-680CD8BD49A3}.Debug|x86.ActiveCfg = Debug|Any CPU
		{661ABEC9-041E-4838-9800-680CD8BD49A3}.Debug|x86.Build.0 = Debug|Any CPU
		{661ABEC9-041E-4838-9800-680CD8BD49A3}.Release|Any CPU.ActiveCfg = Release|Any CPU
		{661ABEC9-041E-4838-9800-680CD8BD49A3}.Release|Any CPU.Build.0 = Release|Any CPU
		{661ABEC9-041E-4838-9800-680CD8BD49A3}.Release|x64.ActiveCfg = Release|Any CPU
		{661ABEC9-041E-4838-9800-680CD8BD49A3}.Release|x64.Build.0 = Release|Any CPU
		{661ABEC9-041E-4838-9800-680CD8BD49A3}.Release|x86.ActiveCfg = Release|Any CPU
		{661ABEC9-041E-4838-9800-680CD8BD49A3}.Release|x86.Build.0 = Release|Any CPU
		{56CD7111-0760-44C2-9AA3-0B7CE7EED37E}.Debug|Any CPU.ActiveCfg = Debug|Any CPU
		{56CD7111-0760-44C2-9AA3-0B7CE7EED37E}.Debug|Any CPU.Build.0 = Debug|Any CPU
		{56CD7111-0760-44C2-9AA3-0B7CE7EED37E}.Debug|x64.ActiveCfg = Debug|Any CPU
		{56CD7111-0760-44C2-9AA3-0B7CE7EED37E}.Debug|x64.Build.0 = Debug|Any CPU
		{56CD7111-0760-44C2-9AA3-0B7CE7EED37E}.Debug|x86.ActiveCfg = Debug|Any CPU
		{56CD7111-0760-44C2-9AA3-0B7CE7EED37E}.Debug|x86.Build.0 = Debug|Any CPU
		{56CD7111-0760-44C2-9AA3-0B7CE7EED37E}.Release|Any CPU.ActiveCfg = Release|Any CPU
		{56CD7111-0760-44C2-9AA3-0B7CE7EED37E}.Release|Any CPU.Build.0 = Release|Any CPU
		{56CD7111-0760-44C2-9AA3-0B7CE7EED37E}.Release|x64.ActiveCfg = Release|Any CPU
		{56CD7111-0760-44C2-9AA3-0B7CE7EED37E}.Release|x64.Build.0 = Release|Any CPU
		{56CD7111-0760-44C2-9AA3-0B7CE7EED37E}.Release|x86.ActiveCfg = Release|Any CPU
		{56CD7111-0760-44C2-9AA3-0B7CE7EED37E}.Release|x86.Build.0 = Release|Any CPU
		{26E4F723-5A44-4D19-A0C2-4EB023A6A6E1}.Debug|Any CPU.ActiveCfg = Debug|Any CPU
		{26E4F723-5A44-4D19-A0C2-4EB023A6A6E1}.Debug|Any CPU.Build.0 = Debug|Any CPU
		{26E4F723-5A44-4D19-A0C2-4EB023A6A6E1}.Debug|x64.ActiveCfg = Debug|Any CPU
		{26E4F723-5A44-4D19-A0C2-4EB023A6A6E1}.Debug|x64.Build.0 = Debug|Any CPU
		{26E4F723-5A44-4D19-A0C2-4EB023A6A6E1}.Debug|x86.ActiveCfg = Debug|Any CPU
		{26E4F723-5A44-4D19-A0C2-4EB023A6A6E1}.Debug|x86.Build.0 = Debug|Any CPU
		{26E4F723-5A44-4D19-A0C2-4EB023A6A6E1}.Release|Any CPU.ActiveCfg = Release|Any CPU
		{26E4F723-5A44-4D19-A0C2-4EB023A6A6E1}.Release|Any CPU.Build.0 = Release|Any CPU
		{26E4F723-5A44-4D19-A0C2-4EB023A6A6E1}.Release|x64.ActiveCfg = Release|Any CPU
		{26E4F723-5A44-4D19-A0C2-4EB023A6A6E1}.Release|x64.Build.0 = Release|Any CPU
		{26E4F723-5A44-4D19-A0C2-4EB023A6A6E1}.Release|x86.ActiveCfg = Release|Any CPU
		{26E4F723-5A44-4D19-A0C2-4EB023A6A6E1}.Release|x86.Build.0 = Release|Any CPU
		{1480315D-2544-4947-89D4-E990A4A17565}.Debug|Any CPU.ActiveCfg = Debug|Any CPU
		{1480315D-2544-4947-89D4-E990A4A17565}.Debug|Any CPU.Build.0 = Debug|Any CPU
		{1480315D-2544-4947-89D4-E990A4A17565}.Debug|x64.ActiveCfg = Debug|Any CPU
		{1480315D-2544-4947-89D4-E990A4A17565}.Debug|x64.Build.0 = Debug|Any CPU
		{1480315D-2544-4947-89D4-E990A4A17565}.Debug|x86.ActiveCfg = Debug|Any CPU
		{1480315D-2544-4947-89D4-E990A4A17565}.Debug|x86.Build.0 = Debug|Any CPU
		{1480315D-2544-4947-89D4-E990A4A17565}.Release|Any CPU.ActiveCfg = Release|Any CPU
		{1480315D-2544-4947-89D4-E990A4A17565}.Release|Any CPU.Build.0 = Release|Any CPU
		{1480315D-2544-4947-89D4-E990A4A17565}.Release|x64.ActiveCfg = Release|Any CPU
		{1480315D-2544-4947-89D4-E990A4A17565}.Release|x64.Build.0 = Release|Any CPU
		{1480315D-2544-4947-89D4-E990A4A17565}.Release|x86.ActiveCfg = Release|Any CPU
		{1480315D-2544-4947-89D4-E990A4A17565}.Release|x86.Build.0 = Release|Any CPU
		{F94A85D4-0250-4469-B783-B49A0F611094}.Debug|Any CPU.ActiveCfg = Debug|Any CPU
		{F94A85D4-0250-4469-B783-B49A0F611094}.Debug|Any CPU.Build.0 = Debug|Any CPU
		{F94A85D4-0250-4469-B783-B49A0F611094}.Debug|x64.ActiveCfg = Debug|Any CPU
		{F94A85D4-0250-4469-B783-B49A0F611094}.Debug|x64.Build.0 = Debug|Any CPU
		{F94A85D4-0250-4469-B783-B49A0F611094}.Debug|x86.ActiveCfg = Debug|Any CPU
		{F94A85D4-0250-4469-B783-B49A0F611094}.Debug|x86.Build.0 = Debug|Any CPU
		{F94A85D4-0250-4469-B783-B49A0F611094}.Release|Any CPU.ActiveCfg = Release|Any CPU
		{F94A85D4-0250-4469-B783-B49A0F611094}.Release|Any CPU.Build.0 = Release|Any CPU
		{F94A85D4-0250-4469-B783-B49A0F611094}.Release|x64.ActiveCfg = Release|Any CPU
		{F94A85D4-0250-4469-B783-B49A0F611094}.Release|x64.Build.0 = Release|Any CPU
		{F94A85D4-0250-4469-B783-B49A0F611094}.Release|x86.ActiveCfg = Release|Any CPU
		{F94A85D4-0250-4469-B783-B49A0F611094}.Release|x86.Build.0 = Release|Any CPU
		{A4A16695-6C4A-4E4D-923E-99B4DB36E018}.Debug|Any CPU.ActiveCfg = Debug|Any CPU
		{A4A16695-6C4A-4E4D-923E-99B4DB36E018}.Debug|Any CPU.Build.0 = Debug|Any CPU
		{A4A16695-6C4A-4E4D-923E-99B4DB36E018}.Debug|x64.ActiveCfg = Debug|Any CPU
		{A4A16695-6C4A-4E4D-923E-99B4DB36E018}.Debug|x64.Build.0 = Debug|Any CPU
		{A4A16695-6C4A-4E4D-923E-99B4DB36E018}.Debug|x86.ActiveCfg = Debug|Any CPU
		{A4A16695-6C4A-4E4D-923E-99B4DB36E018}.Debug|x86.Build.0 = Debug|Any CPU
		{A4A16695-6C4A-4E4D-923E-99B4DB36E018}.Release|Any CPU.ActiveCfg = Release|Any CPU
		{A4A16695-6C4A-4E4D-923E-99B4DB36E018}.Release|Any CPU.Build.0 = Release|Any CPU
		{A4A16695-6C4A-4E4D-923E-99B4DB36E018}.Release|x64.ActiveCfg = Release|Any CPU
		{A4A16695-6C4A-4E4D-923E-99B4DB36E018}.Release|x64.Build.0 = Release|Any CPU
		{A4A16695-6C4A-4E4D-923E-99B4DB36E018}.Release|x86.ActiveCfg = Release|Any CPU
		{A4A16695-6C4A-4E4D-923E-99B4DB36E018}.Release|x86.Build.0 = Release|Any CPU
		{E4B6E4A6-068E-42C3-861D-4FE0C2D57EF2}.Debug|Any CPU.ActiveCfg = Debug|Any CPU
		{E4B6E4A6-068E-42C3-861D-4FE0C2D57EF2}.Debug|Any CPU.Build.0 = Debug|Any CPU
		{E4B6E4A6-068E-42C3-861D-4FE0C2D57EF2}.Debug|x64.ActiveCfg = Debug|Any CPU
		{E4B6E4A6-068E-42C3-861D-4FE0C2D57EF2}.Debug|x64.Build.0 = Debug|Any CPU
		{E4B6E4A6-068E-42C3-861D-4FE0C2D57EF2}.Debug|x86.ActiveCfg = Debug|Any CPU
		{E4B6E4A6-068E-42C3-861D-4FE0C2D57EF2}.Debug|x86.Build.0 = Debug|Any CPU
		{E4B6E4A6-068E-42C3-861D-4FE0C2D57EF2}.Release|Any CPU.ActiveCfg = Release|Any CPU
		{E4B6E4A6-068E-42C3-861D-4FE0C2D57EF2}.Release|Any CPU.Build.0 = Release|Any CPU
		{E4B6E4A6-068E-42C3-861D-4FE0C2D57EF2}.Release|x64.ActiveCfg = Release|Any CPU
		{E4B6E4A6-068E-42C3-861D-4FE0C2D57EF2}.Release|x64.Build.0 = Release|Any CPU
		{E4B6E4A6-068E-42C3-861D-4FE0C2D57EF2}.Release|x86.ActiveCfg = Release|Any CPU
		{E4B6E4A6-068E-42C3-861D-4FE0C2D57EF2}.Release|x86.Build.0 = Release|Any CPU
		{91AF93E5-B37C-46A6-B926-E8765DA39359}.Debug|Any CPU.ActiveCfg = Debug|Any CPU
		{91AF93E5-B37C-46A6-B926-E8765DA39359}.Debug|Any CPU.Build.0 = Debug|Any CPU
		{91AF93E5-B37C-46A6-B926-E8765DA39359}.Debug|x64.ActiveCfg = Debug|Any CPU
		{91AF93E5-B37C-46A6-B926-E8765DA39359}.Debug|x64.Build.0 = Debug|Any CPU
		{91AF93E5-B37C-46A6-B926-E8765DA39359}.Debug|x86.ActiveCfg = Debug|Any CPU
		{91AF93E5-B37C-46A6-B926-E8765DA39359}.Debug|x86.Build.0 = Debug|Any CPU
		{91AF93E5-B37C-46A6-B926-E8765DA39359}.Release|Any CPU.ActiveCfg = Release|Any CPU
		{91AF93E5-B37C-46A6-B926-E8765DA39359}.Release|Any CPU.Build.0 = Release|Any CPU
		{91AF93E5-B37C-46A6-B926-E8765DA39359}.Release|x64.ActiveCfg = Release|Any CPU
		{91AF93E5-B37C-46A6-B926-E8765DA39359}.Release|x64.Build.0 = Release|Any CPU
		{91AF93E5-B37C-46A6-B926-E8765DA39359}.Release|x86.ActiveCfg = Release|Any CPU
		{91AF93E5-B37C-46A6-B926-E8765DA39359}.Release|x86.Build.0 = Release|Any CPU
		{4EE4B1BF-3B37-4D65-9564-0B52ACF8E7D9}.Debug|Any CPU.ActiveCfg = Debug|Any CPU
		{4EE4B1BF-3B37-4D65-9564-0B52ACF8E7D9}.Debug|Any CPU.Build.0 = Debug|Any CPU
		{4EE4B1BF-3B37-4D65-9564-0B52ACF8E7D9}.Debug|x64.ActiveCfg = Debug|Any CPU
		{4EE4B1BF-3B37-4D65-9564-0B52ACF8E7D9}.Debug|x64.Build.0 = Debug|Any CPU
		{4EE4B1BF-3B37-4D65-9564-0B52ACF8E7D9}.Debug|x86.ActiveCfg = Debug|Any CPU
		{4EE4B1BF-3B37-4D65-9564-0B52ACF8E7D9}.Debug|x86.Build.0 = Debug|Any CPU
		{4EE4B1BF-3B37-4D65-9564-0B52ACF8E7D9}.Release|Any CPU.ActiveCfg = Release|Any CPU
		{4EE4B1BF-3B37-4D65-9564-0B52ACF8E7D9}.Release|Any CPU.Build.0 = Release|Any CPU
		{4EE4B1BF-3B37-4D65-9564-0B52ACF8E7D9}.Release|x64.ActiveCfg = Release|Any CPU
		{4EE4B1BF-3B37-4D65-9564-0B52ACF8E7D9}.Release|x64.Build.0 = Release|Any CPU
		{4EE4B1BF-3B37-4D65-9564-0B52ACF8E7D9}.Release|x86.ActiveCfg = Release|Any CPU
		{4EE4B1BF-3B37-4D65-9564-0B52ACF8E7D9}.Release|x86.Build.0 = Release|Any CPU
		{5CB57006-4261-42AE-84D0-7C700CFBDD31}.Debug|Any CPU.ActiveCfg = Debug|Any CPU
		{5CB57006-4261-42AE-84D0-7C700CFBDD31}.Debug|Any CPU.Build.0 = Debug|Any CPU
		{5CB57006-4261-42AE-84D0-7C700CFBDD31}.Debug|x64.ActiveCfg = Debug|Any CPU
		{5CB57006-4261-42AE-84D0-7C700CFBDD31}.Debug|x64.Build.0 = Debug|Any CPU
		{5CB57006-4261-42AE-84D0-7C700CFBDD31}.Debug|x86.ActiveCfg = Debug|Any CPU
		{5CB57006-4261-42AE-84D0-7C700CFBDD31}.Debug|x86.Build.0 = Debug|Any CPU
		{5CB57006-4261-42AE-84D0-7C700CFBDD31}.Release|Any CPU.ActiveCfg = Release|Any CPU
		{5CB57006-4261-42AE-84D0-7C700CFBDD31}.Release|Any CPU.Build.0 = Release|Any CPU
		{5CB57006-4261-42AE-84D0-7C700CFBDD31}.Release|x64.ActiveCfg = Release|Any CPU
		{5CB57006-4261-42AE-84D0-7C700CFBDD31}.Release|x64.Build.0 = Release|Any CPU
		{5CB57006-4261-42AE-84D0-7C700CFBDD31}.Release|x86.ActiveCfg = Release|Any CPU
		{5CB57006-4261-42AE-84D0-7C700CFBDD31}.Release|x86.Build.0 = Release|Any CPU
	EndGlobalSection
	GlobalSection(SolutionProperties) = preSolution
		HideSolutionNode = FALSE
	EndGlobalSection
	GlobalSection(NestedProjects) = preSolution
		{4EE4B1BF-3B37-4D65-9564-0B52ACF8E7D9} = {07C2787E-EAC7-C090-1BA3-A61EC2A24D84}
		{5CB57006-4261-42AE-84D0-7C700CFBDD31} = {827E0CD3-B72D-47B6-A68D-7590B98EB39B}
	EndGlobalSection
EndGlobal
