
Microsoft Visual Studio Solution File, Format Version 12.00
# Visual Studio Version 17
VisualStudioVersion = 17.0.31903.59
MinimumVisualStudioVersion = 10.0.40219.1
Project("{9A19103F-16F7-4668-BE54-9A1E7A4F7556}") = "Orbyss.ProgramKit.Artifacts", "src\Orbyss.ProgramKit.Artifacts\Orbyss.ProgramKit.Artifacts.csproj", "{E7608243-FC41-4596-9B35-165027517C20}"
EndProject
Project("{9A19103F-16F7-4668-BE54-9A1E7A4F7556}") = "Orbyss.ProgramKit.Architecture", "src\Orbyss.ProgramKit.Architecture\Orbyss.ProgramKit.Architecture.csproj", "{D1666A51-653E-4B4C-8E59-2FEB1B9CBFC5}"
EndProject
Project("{9A19103F-16F7-4668-BE54-9A1E7A4F7556}") = "Orbyss.ProgramKit.Quality", "src\Orbyss.ProgramKit.Quality\Orbyss.ProgramKit.Quality.csproj", "{CAB85C2C-0598-4DA8-9641-8BF3D56266FD}"
EndProject
Project("{9A19103F-16F7-4668-BE54-9A1E7A4F7556}") = "Orbyss.ProgramKit.Planning", "src\Orbyss.ProgramKit.Planning\Orbyss.ProgramKit.Planning.csproj", "{D00FD7E8-4EC3-4422-9514-2680677FCFF5}"
EndProject
Project("{9A19103F-16F7-4668-BE54-9A1E7A4F7556}") = "Orbyss.ProgramKit.Operations", "src\Orbyss.ProgramKit.Operations\Orbyss.ProgramKit.Operations.csproj", "{1118C31C-7F0B-4D72-A1E3-BB13D12535D8}"
EndProject
Project("{9A19103F-16F7-4668-BE54-9A1E7A4F7556}") = "Orbyss.ProgramKit.Development", "src\Orbyss.ProgramKit.Development\Orbyss.ProgramKit.Development.csproj", "{788D425D-9DE4-4F2A-8792-D9FB3E695425}"
EndProject
Project("{9A19103F-16F7-4668-BE54-9A1E7A4F7556}") = "Orbyss.ProgramKit.Modularity", "src\Orbyss.ProgramKit.Modularity\Orbyss.ProgramKit.Modularity.csproj", "{89DC230E-F26D-407F-B255-472321C72CC1}"
EndProject
Project("{9A19103F-16F7-4668-BE54-9A1E7A4F7556}") = "Orbyss.ProgramKit.Modularity.InProcess", "src\Orbyss.ProgramKit.Modularity.InProcess\Orbyss.ProgramKit.Modularity.InProcess.csproj", "{7FDEFF6B-DD9D-4D9B-BD13-63FEA9512F6B}"
EndProject
Project("{9A19103F-16F7-4668-BE54-9A1E7A4F7556}") = "Orbyss.ProgramKit.Serialization.JSON", "src\Orbyss.ProgramKit.Serialization.JSON\Orbyss.ProgramKit.Serialization.JSON.csproj", "{E3C508CB-6204-4112-BD11-6D9B16C97780}"
EndProject
Project("{9A19103F-16F7-4668-BE54-9A1E7A4F7556}") = "Orbyss.ProgramKit.Workbench", "src\Orbyss.ProgramKit.Workbench\Orbyss.ProgramKit.Workbench.csproj", "{BA56ED99-3B9C-42AB-9CB8-B5168DCDAE85}"
EndProject
Project("{9A19103F-16F7-4668-BE54-9A1E7A4F7556}") = "Orbyss.ProgramKit.Tasks.Core", "src\Orbyss.ProgramKit.Tasks.Core\Orbyss.ProgramKit.Tasks.Core.csproj", "{3F61CE74-2F06-4608-AE94-DE820C39C7A2}"
EndProject
Project("{9A19103F-16F7-4668-BE54-9A1E7A4F7556}") = "Orbyss.ProgramKit.Tasks", "src\Orbyss.ProgramKit.Tasks\Orbyss.ProgramKit.Tasks.csproj", "{661ABEC9-041E-4838-9800-680CD8BD49A3}"
EndProject
Project("{9A19103F-16F7-4668-BE54-9A1E7A4F7556}") = "Orbyss.ProgramKit.Tasks.InProcess", "src\Orbyss.ProgramKit.Tasks.InProcess\Orbyss.ProgramKit.Tasks.InProcess.csproj", "{56CD7111-0760-44C2-9AA3-0B7CE7EED37E}"
EndProject
Project("{9A19103F-16F7-4668-BE54-9A1E7A4F7556}") = "Orbyss.ProgramKit.Tasks.Hosting", "src\Orbyss.ProgramKit.Tasks.Hosting\Orbyss.ProgramKit.Tasks.Hosting.csproj", "{26E4F723-5A44-4D19-A0C2-4EB023A6A6E1}"
EndProject
Project("{9A19103F-16F7-4668-BE54-9A1E7A4F7556}") = "Orbyss.ProgramKit.Tasks.Schedules", "src\Orbyss.ProgramKit.Tasks.Schedules\Orbyss.ProgramKit.Tasks.Schedules.csproj", "{1480315D-2544-4947-89D4-E990A4A17565}"
EndProject
Project("{9A19103F-16F7-4668-BE54-9A1E7A4F7556}") = "Orbyss.ProgramKit.Tasks.Schedules.Cronos", "src\Orbyss.ProgramKit.Tasks.Schedules.Cronos\Orbyss.ProgramKit.Tasks.Schedules.Cronos.csproj", "{F94A85D4-0250-4469-B783-B49A0F611094}"
EndProject
Project("{9A19103F-16F7-4668-BE54-9A1E7A4F7556}") = "Orbyss.ProgramKit.DotNet", "src\Orbyss.ProgramKit.DotNet\Orbyss.ProgramKit.DotNet.csproj", "{A4A16695-6C4A-4E4D-923E-99B4DB36E018}"
EndProject
Project("{9A19103F-16F7-4668-BE54-9A1E7A4F7556}") = "Orbyss.ProgramKit.SecretResolution", "src\Orbyss.ProgramKit.SecretResolution\Orbyss.ProgramKit.SecretResolution.csproj", "{6FA85112-DA7F-412C-B28D-BBFA24BC0080}"
EndProject
Project("{9A19103F-16F7-4668-BE54-9A1E7A4F7556}") = "Orbyss.ProgramKit.UnitTests", "tests\Orbyss.ProgramKit.UnitTests\Orbyss.ProgramKit.UnitTests.csproj", "{E4B6E4A6-068E-42C3-861D-4FE0C2D57EF2}"
EndProject
Project("{9A19103F-16F7-4668-BE54-9A1E7A4F7556}") = "Orbyss.ProgramKit.ConformanceTests", "tests\Orbyss.ProgramKit.ConformanceTests\Orbyss.ProgramKit.ConformanceTests.csproj", "{91AF93E5-B37C-46A6-B926-E8765DA39359}"
EndProject
Project("{2150E333-8FDC-42A3-9474-1A3956D46DE8}") = "tools", "tools", "{07C2787E-EAC7-C090-1BA3-A61EC2A24D84}"
EndProject
Project("{FAE04EC0-301F-11D3-BF4B-00C04F79EFBC}") = "Orbyss.ProgramKit.CSharpGate", "tools\Orbyss.ProgramKit.CSharpGate\Orbyss.ProgramKit.CSharpGate.csproj", "{4EE4B1BF-3B37-4D65-9564-0B52ACF8E7D9}"
EndProject
Project("{2150E333-8FDC-42A3-9474-1A3956D46DE8}") = "src", "src", "{827E0CD3-B72D-47B6-A68D-7590B98EB39B}"
EndProject
Project("{FAE04EC0-301F-11D3-BF4B-00C04F79EFBC}") = "Orbyss.ProgramKit.CommandLine", "src\Orbyss.ProgramKit.CommandLine\Orbyss.ProgramKit.CommandLine.csproj", "{5CB57006-4261-42AE-84D0-7C700CFBDD31}"
EndProject
Project("{2150E333-8FDC-42A3-9474-1A3956D46DE8}") = "fixtures", "fixtures", "{7A31CED4-1678-4AF3-8F73-6A118B9DA039}"
EndProject
Project("{2150E333-8FDC-42A3-9474-1A3956D46DE8}") = "observatory-scheduling", "observatory-scheduling", "{17B135D2-07C5-1204-D3F7-D836C108770D}"
EndProject
Project("{2150E333-8FDC-42A3-9474-1A3956D46DE8}") = "tests", "tests", "{BE8F422F-16D9-3A70-7DE2-E4A729A900CD}"
EndProject
Project("{FAE04EC0-301F-11D3-BF4B-00C04F79EFBC}") = "ObservatoryScheduling.Tests", "fixtures\observatory-scheduling\tests\ObservatoryScheduling.Tests\ObservatoryScheduling.Tests.csproj", "{71E3C7D7-9412-4DBF-B338-8A0F0228CDCD}"
EndProject
Project("{2150E333-8FDC-42A3-9474-1A3956D46DE8}") = "src", "src", "{79E9A93C-82C7-6503-F637-9BF9E27C830A}"
EndProject
Project("{FAE04EC0-301F-11D3-BF4B-00C04F79EFBC}") = "ObservatoryScheduling.Core", "fixtures\observatory-scheduling\src\ObservatoryScheduling.Core\ObservatoryScheduling.Core.csproj", "{E267A645-2AC1-495D-9B85-5E51338E1AA6}"
EndProject
Project("{FAE04EC0-301F-11D3-BF4B-00C04F79EFBC}") = "ObservatoryScheduling.Scheduling.FirstAvailable", "fixtures\observatory-scheduling\src\ObservatoryScheduling.Scheduling.FirstAvailable\ObservatoryScheduling.Scheduling.FirstAvailable.csproj", "{86C20044-AE7E-4E85-8D0C-836E9879B819}"
EndProject
Project("{FAE04EC0-301F-11D3-BF4B-00C04F79EFBC}") = "ObservatoryScheduling.Scheduling.Api", "fixtures\observatory-scheduling\src\ObservatoryScheduling.Scheduling.Api\ObservatoryScheduling.Scheduling.Api.csproj", "{8D09D2FD-1F76-4C6A-92BD-32BB3FCA828B}"
EndProject
Project("{FAE04EC0-301F-11D3-BF4B-00C04F79EFBC}") = "ObservatoryScheduling.Visibility.Static", "fixtures\observatory-scheduling\src\ObservatoryScheduling.Visibility.Static\ObservatoryScheduling.Visibility.Static.csproj", "{60A03B80-E176-47F6-8F12-7F7390EB452B}"
EndProject
Project("{FAE04EC0-301F-11D3-BF4B-00C04F79EFBC}") = "ObservatoryScheduling.Constraints.DarknessWindow", "fixtures\observatory-scheduling\src\ObservatoryScheduling.Constraints.DarknessWindow\ObservatoryScheduling.Constraints.DarknessWindow.csproj", "{5E50AE40-DC2F-4532-B269-4E7B2EE681AC}"
EndProject
Project("{2150E333-8FDC-42A3-9474-1A3956D46DE8}") = "hosts", "hosts", "{61F8A566-885B-5600-3EF1-0A460A4BE7E9}"
EndProject
Project("{FAE04EC0-301F-11D3-BF4B-00C04F79EFBC}") = "ObservatoryScheduling.Api", "fixtures\observatory-scheduling\hosts\ObservatoryScheduling.Api\ObservatoryScheduling.Api.csproj", "{4DFD80A8-B8B1-4469-97F8-31BFD763B07B}"
EndProject
Project("{FAE04EC0-301F-11D3-BF4B-00C04F79EFBC}") = "ObservatoryScheduling.Console", "fixtures\observatory-scheduling\hosts\ObservatoryScheduling.Console\ObservatoryScheduling.Console.csproj", "{EC7E96B7-F015-4B3B-908E-172CF75838EA}"
EndProject
Project("{FAE04EC0-301F-11D3-BF4B-00C04F79EFBC}") = "ObservatoryScheduling.Worker", "fixtures\observatory-scheduling\hosts\ObservatoryScheduling.Worker\ObservatoryScheduling.Worker.csproj", "{C2A8DF76-959E-4F19-99A0-D0340129388C}"
EndProject
Project("{2150E333-8FDC-42A3-9474-1A3956D46DE8}") = "ProgramKit", "ProgramKit", "{124B6C48-2C96-7967-D469-F4A684325511}"
EndProject
Project("{2150E333-8FDC-42A3-9474-1A3956D46DE8}") = "Source", "Source", "{C10FC5CE-EB61-2234-E56E-9C8CFBD10274}"
EndProject
Project("{FAE04EC0-301F-11D3-BF4B-00C04F79EFBC}") = "Orbyss.ProgramKit.CapabilityBundle", "src\Orbyss.ProgramKit.CapabilityBundle\Orbyss.ProgramKit.CapabilityBundle.csproj", "{68FB9A62-4753-4DBA-B908-98653E020F48}"
EndProject
Project("{2150E333-8FDC-42A3-9474-1A3956D46DE8}") = "tests", "tests", "{0AB3BF05-4346-4AA6-1389-037BE0695223}"
EndProject
Project("{2150E333-8FDC-42A3-9474-1A3956D46DE8}") = "Orbyss.ProgramKit.ConformanceTests", "Orbyss.ProgramKit.ConformanceTests", "{D3025811-0619-8EE6-B11E-84D3CFD1686D}"
EndProject
Project("{2150E333-8FDC-42A3-9474-1A3956D46DE8}") = "Fixtures", "Fixtures", "{9145EC15-FD2C-1C37-5E44-FDF59E612B58}"
EndProject
Project("{FAE04EC0-301F-11D3-BF4B-00C04F79EFBC}") = "SecurityConsumer", "tests\Orbyss.ProgramKit.ConformanceTests\Fixtures\SecurityConsumer\SecurityConsumer.csproj", "{676B0521-C9A6-4356-AD65-926F9EA4E383}"
EndProject
Project("{FAE04EC0-301F-11D3-BF4B-00C04F79EFBC}") = "PublicBrowserVerification", "tests\Orbyss.ProgramKit.ConformanceTests\Fixtures\PublicBrowserVerification\PublicBrowserVerification.csproj", "{B20E6C72-BA8E-4F5E-ABC2-6C5A7B59C8C2}"
EndProject
Project("{FAE04EC0-301F-11D3-BF4B-00C04F79EFBC}") = "Orbyss.ProgramKit.DevContainers", "src\Orbyss.ProgramKit.DevContainers\Orbyss.ProgramKit.DevContainers.csproj", "{0B2AC419-5D73-44C4-BBAD-A5CBAF7BDEE7}"
EndProject
Project("{FAE04EC0-301F-11D3-BF4B-00C04F79EFBC}") = "Orbyss.ProgramKit.CSharpBuildGates.Contracts", "src\Orbyss.ProgramKit.CSharpBuildGates.Contracts\Orbyss.ProgramKit.CSharpBuildGates.Contracts.csproj", "{0A6F8D25-3C2D-401F-803B-8F589BF76D7E}"
EndProject
Global
	GlobalSection(SolutionConfigurationPlatforms) = preSolution
		Debug|Any CPU = Debug|Any CPU
		Debug|x64 = Debug|x64
		Debug|x86 = Debug|x86
		Release|Any CPU = Release|Any CPU
		Release|x64 = Release|x64
		Release|x86 = Release|x86
	EndGlobalSection
	GlobalSection(ProjectConfigurationPlatforms) = postSolution
		{E7608243-FC41-4596-9B35-165027517C20}.Debug|Any CPU.ActiveCfg = Debug|Any CPU
		{E7608243-FC41-4596-9B35-165027517C20}.Debug|Any CPU.Build.0 = Debug|Any CPU
		{E7608243-FC41-4596-9B35-165027517C20}.Debug|x64.ActiveCfg = Debug|Any CPU
		{E7608243-FC41-4596-9B35-165027517C20}.Debug|x64.Build.0 = Debug|Any CPU
		{E7608243-FC41-4596-9B35-165027517C20}.Debug|x86.ActiveCfg = Debug|Any CPU
		{E7608243-FC41-4596-9B35-165027517C20}.Debug|x86.Build.0 = Debug|Any CPU
		{E7608243-FC41-4596-9B35-165027517C20}.Release|Any CPU.ActiveCfg = Release|Any CPU
		{E7608243-FC41-4596-9B35-165027517C20}.Release|Any CPU.Build.0 = Release|Any CPU
		{E7608243-FC41-4596-9B35-165027517C20}.Release|x64.ActiveCfg = Release|Any CPU
		{E7608243-FC41-4596-9B35-165027517C20}.Release|x64.Build.0 = Release|Any CPU
		{E7608243-FC41-4596-9B35-165027517C20}.Release|x86.ActiveCfg = Release|Any CPU
		{E7608243-FC41-4596-9B35-165027517C20}.Release|x86.Build.0 = Release|Any CPU
		{D1666A51-653E-4B4C-8E59-2FEB1B9CBFC5}.Debug|Any CPU.ActiveCfg = Debug|Any CPU
		{D1666A51-653E-4B4C-8E59-2FEB1B9CBFC5}.Debug|Any CPU.Build.0 = Debug|Any CPU
		{D1666A51-653E-4B4C-8E59-2FEB1B9CBFC5}.Debug|x64.ActiveCfg = Debug|Any CPU
		{D1666A51-653E-4B4C-8E59-2FEB1B9CBFC5}.Debug|x64.Build.0 = Debug|Any CPU
		{D1666A51-653E-4B4C-8E59-2FEB1B9CBFC5}.Debug|x86.ActiveCfg = Debug|Any CPU
		{D1666A51-653E-4B4C-8E59-2FEB1B9CBFC5}.Debug|x86.Build.0 = Debug|Any CPU
		{D1666A51-653E-4B4C-8E59-2FEB1B9CBFC5}.Release|Any CPU.ActiveCfg = Release|Any CPU
		{D1666A51-653E-4B4C-8E59-2FEB1B9CBFC5}.Release|Any CPU.Build.0 = Release|Any CPU
		{D1666A51-653E-4B4C-8E59-2FEB1B9CBFC5}.Release|x64.ActiveCfg = Release|Any CPU
		{D1666A51-653E-4B4C-8E59-2FEB1B9CBFC5}.Release|x64.Build.0 = Release|Any CPU
		{D1666A51-653E-4B4C-8E59-2FEB1B9CBFC5}.Release|x86.ActiveCfg = Release|Any CPU
		{D1666A51-653E-4B4C-8E59-2FEB1B9CBFC5}.Release|x86.Build.0 = Release|Any CPU
		{CAB85C2C-0598-4DA8-9641-8BF3D56266FD}.Debug|Any CPU.ActiveCfg = Debug|Any CPU
		{CAB85C2C-0598-4DA8-9641-8BF3D56266FD}.Debug|Any CPU.Build.0 = Debug|Any CPU
		{CAB85C2C-0598-4DA8-9641-8BF3D56266FD}.Debug|x64.ActiveCfg = Debug|Any CPU
		{CAB85C2C-0598-4DA8-9641-8BF3D56266FD}.Debug|x64.Build.0 = Debug|Any CPU
		{CAB85C2C-0598-4DA8-9641-8BF3D56266FD}.Debug|x86.ActiveCfg = Debug|Any CPU
		{CAB85C2C-0598-4DA8-9641-8BF3D56266FD}.Debug|x86.Build.0 = Debug|Any CPU
		{CAB85C2C-0598-4DA8-9641-8BF3D56266FD}.Release|Any CPU.ActiveCfg = Release|Any CPU
		{CAB85C2C-0598-4DA8-9641-8BF3D56266FD}.Release|Any CPU.Build.0 = Release|Any CPU
		{CAB85C2C-0598-4DA8-9641-8BF3D56266FD}.Release|x64.ActiveCfg = Release|Any CPU
		{CAB85C2C-0598-4DA8-9641-8BF3D56266FD}.Release|x64.Build.0 = Release|Any CPU
		{CAB85C2C-0598-4DA8-9641-8BF3D56266FD}.Release|x86.ActiveCfg = Release|Any CPU
		{CAB85C2C-0598-4DA8-9641-8BF3D56266FD}.Release|x86.Build.0 = Release|Any CPU
		{D00FD7E8-4EC3-4422-9514-2680677FCFF5}.Debug|Any CPU.ActiveCfg = Debug|Any CPU
		{D00FD7E8-4EC3-4422-9514-2680677FCFF5}.Debug|Any CPU.Build.0 = Debug|Any CPU
		{D00FD7E8-4EC3-4422-9514-2680677FCFF5}.Debug|x64.ActiveCfg = Debug|Any CPU
		{D00FD7E8-4EC3-4422-9514-2680677FCFF5}.Debug|x64.Build.0 = Debug|Any CPU
		{D00FD7E8-4EC3-4422-9514-2680677FCFF5}.Debug|x86.ActiveCfg = Debug|Any CPU
		{D00FD7E8-4EC3-4422-9514-2680677FCFF5}.Debug|x86.Build.0 = Debug|Any CPU
		{D00FD7E8-4EC3-4422-9514-2680677FCFF5}.Release|Any CPU.ActiveCfg = Release|Any CPU
		{D00FD7E8-4EC3-4422-9514-2680677FCFF5}.Release|Any CPU.Build.0 = Release|Any CPU
		{D00FD7E8-4EC3-4422-9514-2680677FCFF5}.Release|x64.ActiveCfg = Release|Any CPU
		{D00FD7E8-4EC3-4422-9514-2680677FCFF5}.Release|x64.Build.0 = Release|Any CPU
		{D00FD7E8-4EC3-4422-9514-2680677FCFF5}.Release|x86.ActiveCfg = Release|Any CPU
		{D00FD7E8-4EC3-4422-9514-2680677FCFF5}.Release|x86.Build.0 = Release|Any CPU
		{1118C31C-7F0B-4D72-A1E3-BB13D12535D8}.Debug|Any CPU.ActiveCfg = Debug|Any CPU
		{1118C31C-7F0B-4D72-A1E3-BB13D12535D8}.Debug|Any CPU.Build.0 = Debug|Any CPU
		{1118C31C-7F0B-4D72-A1E3-BB13D12535D8}.Debug|x64.ActiveCfg = Debug|Any CPU
		{1118C31C-7F0B-4D72-A1E3-BB13D12535D8}.Debug|x64.Build.0 = Debug|Any CPU
		{1118C31C-7F0B-4D72-A1E3-BB13D12535D8}.Debug|x86.ActiveCfg = Debug|Any CPU
		{1118C31C-7F0B-4D72-A1E3-BB13D12535D8}.Debug|x86.Build.0 = Debug|Any CPU
		{1118C31C-7F0B-4D72-A1E3-BB13D12535D8}.Release|Any CPU.ActiveCfg = Release|Any CPU
		{1118C31C-7F0B-4D72-A1E3-BB13D12535D8}.Release|Any CPU.Build.0 = Release|Any CPU
		{1118C31C-7F0B-4D72-A1E3-BB13D12535D8}.Release|x64.ActiveCfg = Release|Any CPU
		{1118C31C-7F0B-4D72-A1E3-BB13D12535D8}.Release|x64.Build.0 = Release|Any CPU
		{1118C31C-7F0B-4D72-A1E3-BB13D12535D8}.Release|x86.ActiveCfg = Release|Any CPU
		{1118C31C-7F0B-4D72-A1E3-BB13D12535D8}.Release|x86.Build.0 = Release|Any CPU
		{788D425D-9DE4-4F2A-8792-D9FB3E695425}.Debug|Any CPU.ActiveCfg = Debug|Any CPU
		{788D425D-9DE4-4F2A-8792-D9FB3E695425}.Debug|Any CPU.Build.0 = Debug|Any CPU
		{788D425D-9DE4-4F2A-8792-D9FB3E695425}.Debug|x64.ActiveCfg = Debug|Any CPU
		{788D425D-9DE4-4F2A-8792-D9FB3E695425}.Debug|x64.Build.0 = Debug|Any CPU
		{788D425D-9DE4-4F2A-8792-D9FB3E695425}.Debug|x86.ActiveCfg = Debug|Any CPU
		{788D425D-9DE4-4F2A-8792-D9FB3E695425}.Debug|x86.Build.0 = Debug|Any CPU
		{788D425D-9DE4-4F2A-8792-D9FB3E695425}.Release|Any CPU.ActiveCfg = Release|Any CPU
		{788D425D-9DE4-4F2A-8792-D9FB3E695425}.Release|Any CPU.Build.0 = Release|Any CPU
		{788D425D-9DE4-4F2A-8792-D9FB3E695425}.Release|x64.ActiveCfg = Release|Any CPU
		{788D425D-9DE4-4F2A-8792-D9FB3E695425}.Release|x64.Build.0 = Release|Any CPU
		{788D425D-9DE4-4F2A-8792-D9FB3E695425}.Release|x86.ActiveCfg = Release|Any CPU
		{788D425D-9DE4-4F2A-8792-D9FB3E695425}.Release|x86.Build.0 = Release|Any CPU
		{89DC230E-F26D-407F-B255-472321C72CC1}.Debug|Any CPU.ActiveCfg = Debug|Any CPU
		{89DC230E-F26D-407F-B255-472321C72CC1}.Debug|Any CPU.Build.0 = Debug|Any CPU
		{89DC230E-F26D-407F-B255-472321C72CC1}.Debug|x64.ActiveCfg = Debug|Any CPU
		{89DC230E-F26D-407F-B255-472321C72CC1}.Debug|x64.Build.0 = Debug|Any CPU
		{89DC230E-F26D-407F-B255-472321C72CC1}.Debug|x86.ActiveCfg = Debug|Any CPU
		{89DC230E-F26D-407F-B255-472321C72CC1}.Debug|x86.Build.0 = Debug|Any CPU
		{89DC230E-F26D-407F-B255-472321C72CC1}.Release|Any CPU.ActiveCfg = Release|Any CPU
		{89DC230E-F26D-407F-B255-472321C72CC1}.Release|Any CPU.Build.0 = Release|Any CPU
		{89DC230E-F26D-407F-B255-472321C72CC1}.Release|x64.ActiveCfg = Release|Any CPU
		{89DC230E-F26D-407F-B255-472321C72CC1}.Release|x64.Build.0 = Release|Any CPU
		{89DC230E-F26D-407F-B255-472321C72CC1}.Release|x86.ActiveCfg = Release|Any CPU
		{89DC230E-F26D-407F-B255-472321C72CC1}.Release|x86.Build.0 = Release|Any CPU
		{7FDEFF6B-DD9D-4D9B-BD13-63FEA9512F6B}.Debug|Any CPU.ActiveCfg = Debug|Any CPU
		{7FDEFF6B-DD9D-4D9B-BD13-63FEA9512F6B}.Debug|Any CPU.Build.0 = Debug|Any CPU
		{7FDEFF6B-DD9D-4D9B-BD13-63FEA9512F6B}.Debug|x64.ActiveCfg = Debug|Any CPU
		{7FDEFF6B-DD9D-4D9B-BD13-63FEA9512F6B}.Debug|x64.Build.0 = Debug|Any CPU
		{7FDEFF6B-DD9D-4D9B-BD13-63FEA9512F6B}.Debug|x86.ActiveCfg = Debug|Any CPU
		{7FDEFF6B-DD9D-4D9B-BD13-63FEA9512F6B}.Debug|x86.Build.0 = Debug|Any CPU
		{7FDEFF6B-DD9D-4D9B-BD13-63FEA9512F6B}.Release|Any CPU.ActiveCfg = Release|Any CPU
		{7FDEFF6B-DD9D-4D9B-BD13-63FEA9512F6B}.Release|Any CPU.Build.0 = Release|Any CPU
		{7FDEFF6B-DD9D-4D9B-BD13-63FEA9512F6B}.Release|x64.ActiveCfg = Release|Any CPU
		{7FDEFF6B-DD9D-4D9B-BD13-63FEA9512F6B}.Release|x64.Build.0 = Release|Any CPU
		{7FDEFF6B-DD9D-4D9B-BD13-63FEA9512F6B}.Release|x86.ActiveCfg = Release|Any CPU
		{7FDEFF6B-DD9D-4D9B-BD13-63FEA9512F6B}.Release|x86.Build.0 = Release|Any CPU
		{E3C508CB-6204-4112-BD11-6D9B16C97780}.Debug|Any CPU.ActiveCfg = Debug|Any CPU
		{E3C508CB-6204-4112-BD11-6D9B16C97780}.Debug|Any CPU.Build.0 = Debug|Any CPU
		{E3C508CB-6204-4112-BD11-6D9B16C97780}.Debug|x64.ActiveCfg = Debug|Any CPU
		{E3C508CB-6204-4112-BD11-6D9B16C97780}.Debug|x64.Build.0 = Debug|Any CPU
		{E3C508CB-6204-4112-BD11-6D9B16C97780}.Debug|x86.ActiveCfg = Debug|Any CPU
		{E3C508CB-6204-4112-BD11-6D9B16C97780}.Debug|x86.Build.0 = Debug|Any CPU
		{E3C508CB-6204-4112-BD11-6D9B16C97780}.Release|Any CPU.ActiveCfg = Release|Any CPU
		{E3C508CB-6204-4112-BD11-6D9B16C97780}.Release|Any CPU.Build.0 = Release|Any CPU
		{E3C508CB-6204-4112-BD11-6D9B16C97780}.Release|x64.ActiveCfg = Release|Any CPU
		{E3C508CB-6204-4112-BD11-6D9B16C97780}.Release|x64.Build.0 = Release|Any CPU
		{E3C508CB-6204-4112-BD11-6D9B16C97780}.Release|x86.ActiveCfg = Release|Any CPU
		{E3C508CB-6204-4112-BD11-6D9B16C97780}.Release|x86.Build.0 = Release|Any CPU
		{BA56ED99-3B9C-42AB-9CB8-B5168DCDAE85}.Debug|Any CPU.ActiveCfg = Debug|Any CPU
		{BA56ED99-3B9C-42AB-9CB8-B5168DCDAE85}.Debug|Any CPU.Build.0 = Debug|Any CPU
		{BA56ED99-3B9C-42AB-9CB8-B5168DCDAE85}.Debug|x64.ActiveCfg = Debug|Any CPU
		{BA56ED99-3B9C-42AB-9CB8-B5168DCDAE85}.Debug|x64.Build.0 = Debug|Any CPU
		{BA56ED99-3B9C-42AB-9CB8-B5168DCDAE85}.Debug|x86.ActiveCfg = Debug|Any CPU
		{BA56ED99-3B9C-42AB-9CB8-B5168DCDAE85}.Debug|x86.Build.0 = Debug|Any CPU
		{BA56ED99-3B9C-42AB-9CB8-B5168DCDAE85}.Release|Any CPU.ActiveCfg = Release|Any CPU
		{BA56ED99-3B9C-42AB-9CB8-B5168DCDAE85}.Release|Any CPU.Build.0 = Release|Any CPU
		{BA56ED99-3B9C-42AB-9CB8-B5168DCDAE85}.Release|x64.ActiveCfg = Release|Any CPU
		{BA56ED99-3B9C-42AB-9CB8-B5168DCDAE85}.Release|x64.Build.0 = Release|Any CPU
		{BA56ED99-3B9C-42AB-9CB8-B5168DCDAE85}.Release|x86.ActiveCfg = Release|Any CPU
		{BA56ED99-3B9C-42AB-9CB8-B5168DCDAE85}.Release|x86.Build.0 = Release|Any CPU
		{3F61CE74-2F06-4608-AE94-DE820C39C7A2}.Debug|Any CPU.ActiveCfg = Debug|Any CPU
		{3F61CE74-2F06-4608-AE94-DE820C39C7A2}.Debug|Any CPU.Build.0 = Debug|Any CPU
		{3F61CE74-2F06-4608-AE94-DE820C39C7A2}.Debug|x64.ActiveCfg = Debug|Any CPU
		{3F61CE74-2F06-4608-AE94-DE820C39C7A2}.Debug|x64.Build.0 = Debug|Any CPU
		{3F61CE74-2F06-4608-AE94-DE820C39C7A2}.Debug|x86.ActiveCfg = Debug|Any CPU
		{3F61CE74-2F06-4608-AE94-DE820C39C7A2}.Debug|x86.Build.0 = Debug|Any CPU
		{3F61CE74-2F06-4608-AE94-DE820C39C7A2}.Release|Any CPU.ActiveCfg = Release|Any CPU
		{3F61CE74-2F06-4608-AE94-DE820C39C7A2}.Release|Any CPU.Build.0 = Release|Any CPU
		{3F61CE74-2F06-4608-AE94-DE820C39C7A2}.Release|x64.ActiveCfg = Release|Any CPU
		{3F61CE74-2F06-4608-AE94-DE820C39C7A2}.Release|x64.Build.0 = Release|Any CPU
		{3F61CE74-2F06-4608-AE94-DE820C39C7A2}.Release|x86.ActiveCfg = Release|Any CPU
		{3F61CE74-2F06-4608-AE94-DE820C39C7A2}.Release|x86.Build.0 = Release|Any CPU
		{661ABEC9-041E-4838-9800-680CD8BD49A3}.Debug|Any CPU.ActiveCfg = Debug|Any CPU
		{661ABEC9-041E-4838-9800-680CD8BD49A3}.Debug|Any CPU.Build.0 = Debug|Any CPU
		{661ABEC9-041E-4838-9800-680CD8BD49A3}.Debug|x64.ActiveCfg = Debug|Any CPU
		{661ABEC9-041E-4838-9800-680CD8BD49A3}.Debug|x64.Build.0 = Debug|Any CPU
		{661ABEC9-041E-4838-9800-680CD8BD49A3}.Debug|x86.ActiveCfg = Debug|Any CPU
		{661ABEC9-041E-4838-9800-680CD8BD49A3}.Debug|x86.Build.0 = Debug|Any CPU
		{661ABEC9-041E-4838-9800-680CD8BD49A3}.Release|Any CPU.ActiveCfg = Release|Any CPU
		{661ABEC9-041E-4838-9800-680CD8BD49A3}.Release|Any CPU.Build.0 = Release|Any CPU
		{661ABEC9-041E-4838-9800-680CD8BD49A3}.Release|x64.ActiveCfg = Release|Any CPU
		{661ABEC9-041E-4838-9800-680CD8BD49A3}.Release|x64.Build.0 = Release|Any CPU
		{661ABEC9-041E-4838-9800-680CD8BD49A3}.Release|x86.ActiveCfg = Release|Any CPU
		{661ABEC9-041E-4838-9800-680CD8BD49A3}.Release|x86.Build.0 = Release|Any CPU
		{56CD7111-0760-44C2-9AA3-0B7CE7EED37E}.Debug|Any CPU.ActiveCfg = Debug|Any CPU
		{56CD7111-0760-44C2-9AA3-0B7CE7EED37E}.Debug|Any CPU.Build.0 = Debug|Any CPU
		{56CD7111-0760-44C2-9AA3-0B7CE7EED37E}.Debug|x64.ActiveCfg = Debug|Any CPU
		{56CD7111-0760-44C2-9AA3-0B7CE7EED37E}.Debug|x64.Build.0 = Debug|Any CPU
		{56CD7111-0760-44C2-9AA3-0B7CE7EED37E}.Debug|x86.ActiveCfg = Debug|Any CPU
		{56CD7111-0760-44C2-9AA3-0B7CE7EED37E}.Debug|x86.Build.0 = Debug|Any CPU
		{56CD7111-0760-44C2-9AA3-0B7CE7EED37E}.Release|Any CPU.ActiveCfg = Release|Any CPU
		{56CD7111-0760-44C2-9AA3-0B7CE7EED37E}.Release|Any CPU.Build.0 = Release|Any CPU
		{56CD7111-0760-44C2-9AA3-0B7CE7EED37E}.Release|x64.ActiveCfg = Release|Any CPU
		{56CD7111-0760-44C2-9AA3-0B7CE7EED37E}.Release|x64.Build.0 = Release|Any CPU
		{56CD7111-0760-44C2-9AA3-0B7CE7EED37E}.Release|x86.ActiveCfg = Release|Any CPU
		{56CD7111-0760-44C2-9AA3-0B7CE7EED37E}.Release|x86.Build.0 = Release|Any CPU
		{26E4F723-5A44-4D19-A0C2-4EB023A6A6E1}.Debug|Any CPU.ActiveCfg = Debug|Any CPU
		{26E4F723-5A44-4D19-A0C2-4EB023A6A6E1}.Debug|Any CPU.Build.0 = Debug|Any CPU
		{26E4F723-5A44-4D19-A0C2-4EB023A6A6E1}.Debug|x64.ActiveCfg = Debug|Any CPU
		{26E4F723-5A44-4D19-A0C2-4EB023A6A6E1}.Debug|x64.Build.0 = Debug|Any CPU
		{26E4F723-5A44-4D19-A0C2-4EB023A6A6E1}.Debug|x86.ActiveCfg = Debug|Any CPU
		{26E4F723-5A44-4D19-A0C2-4EB023A6A6E1}.Debug|x86.Build.0 = Debug|Any CPU
		{26E4F723-5A44-4D19-A0C2-4EB023A6A6E1}.Release|Any CPU.ActiveCfg = Release|Any CPU
		{26E4F723-5A44-4D19-A0C2-4EB023A6A6E1}.Release|Any CPU.Build.0 = Release|Any CPU
		{26E4F723-5A44-4D19-A0C2-4EB023A6A6E1}.Release|x64.ActiveCfg = Release|Any CPU
		{26E4F723-5A44-4D19-A0C2-4EB023A6A6E1}.Release|x64.Build.0 = Release|Any CPU
		{26E4F723-5A44-4D19-A0C2-4EB023A6A6E1}.Release|x86.ActiveCfg = Release|Any CPU
		{26E4F723-5A44-4D19-A0C2-4EB023A6A6E1}.Release|x86.Build.0 = Release|Any CPU
		{1480315D-2544-4947-89D4-E990A4A17565}.Debug|Any CPU.ActiveCfg = Debug|Any CPU
		{1480315D-2544-4947-89D4-E990A4A17565}.Debug|Any CPU.Build.0 = Debug|Any CPU
		{1480315D-2544-4947-89D4-E990A4A17565}.Debug|x64.ActiveCfg = Debug|Any CPU
		{1480315D-2544-4947-89D4-E990A4A17565}.Debug|x64.Build.0 = Debug|Any CPU
		{1480315D-2544-4947-89D4-E990A4A17565}.Debug|x86.ActiveCfg = Debug|Any CPU
		{1480315D-2544-4947-89D4-E990A4A17565}.Debug|x86.Build.0 = Debug|Any CPU
		{1480315D-2544-4947-89D4-E990A4A17565}.Release|Any CPU.ActiveCfg = Release|Any CPU
		{1480315D-2544-4947-89D4-E990A4A17565}.Release|Any CPU.Build.0 = Release|Any CPU
		{1480315D-2544-4947-89D4-E990A4A17565}.Release|x64.ActiveCfg = Release|Any CPU
		{1480315D-2544-4947-89D4-E990A4A17565}.Release|x64.Build.0 = Release|Any CPU
		{1480315D-2544-4947-89D4-E990A4A17565}.Release|x86.ActiveCfg = Release|Any CPU
		{1480315D-2544-4947-89D4-E990A4A17565}.Release|x86.Build.0 = Release|Any CPU
		{F94A85D4-0250-4469-B783-B49A0F611094}.Debug|Any CPU.ActiveCfg = Debug|Any CPU
		{F94A85D4-0250-4469-B783-B49A0F611094}.Debug|Any CPU.Build.0 = Debug|Any CPU
		{F94A85D4-0250-4469-B783-B49A0F611094}.Debug|x64.ActiveCfg = Debug|Any CPU
		{F94A85D4-0250-4469-B783-B49A0F611094}.Debug|x64.Build.0 = Debug|Any CPU
		{F94A85D4-0250-4469-B783-B49A0F611094}.Debug|x86.ActiveCfg = Debug|Any CPU
		{F94A85D4-0250-4469-B783-B49A0F611094}.Debug|x86.Build.0 = Debug|Any CPU
		{F94A85D4-0250-4469-B783-B49A0F611094}.Release|Any CPU.ActiveCfg = Release|Any CPU
		{F94A85D4-0250-4469-B783-B49A0F611094}.Release|Any CPU.Build.0 = Release|Any CPU
		{F94A85D4-0250-4469-B783-B49A0F611094}.Release|x64.ActiveCfg = Release|Any CPU
		{F94A85D4-0250-4469-B783-B49A0F611094}.Release|x64.Build.0 = Release|Any CPU
		{F94A85D4-0250-4469-B783-B49A0F611094}.Release|x86.ActiveCfg = Release|Any CPU
		{F94A85D4-0250-4469-B783-B49A0F611094}.Release|x86.Build.0 = Release|Any CPU
		{A4A16695-6C4A-4E4D-923E-99B4DB36E018}.Debug|Any CPU.ActiveCfg = Debug|Any CPU
		{A4A16695-6C4A-4E4D-923E-99B4DB36E018}.Debug|Any CPU.Build.0 = Debug|Any CPU
		{A4A16695-6C4A-4E4D-923E-99B4DB36E018}.Debug|x64.ActiveCfg = Debug|Any CPU
		{A4A16695-6C4A-4E4D-923E-99B4DB36E018}.Debug|x64.Build.0 = Debug|Any CPU
		{A4A16695-6C4A-4E4D-923E-99B4DB36E018}.Debug|x86.ActiveCfg = Debug|Any CPU
		{A4A16695-6C4A-4E4D-923E-99B4DB36E018}.Debug|x86.Build.0 = Debug|Any CPU
		{A4A16695-6C4A-4E4D-923E-99B4DB36E018}.Release|Any CPU.ActiveCfg = Release|Any CPU
		{A4A16695-6C4A-4E4D-923E-99B4DB36E018}.Release|Any CPU.Build.0 = Release|Any CPU
		{A4A16695-6C4A-4E4D-923E-99B4DB36E018}.Release|x64.ActiveCfg = Release|Any CPU
		{A4A16695-6C4A-4E4D-923E-99B4DB36E018}.Release|x64.Build.0 = Release|Any CPU
		{A4A16695-6C4A-4E4D-923E-99B4DB36E018}.Release|x86.ActiveCfg = Release|Any CPU
		{A4A16695-6C4A-4E4D-923E-99B4DB36E018}.Release|x86.Build.0 = Release|Any CPU
		{6FA85112-DA7F-412C-B28D-BBFA24BC0080}.Debug|Any CPU.ActiveCfg = Debug|Any CPU
		{6FA85112-DA7F-412C-B28D-BBFA24BC0080}.Debug|Any CPU.Build.0 = Debug|Any CPU
		{6FA85112-DA7F-412C-B28D-BBFA24BC0080}.Debug|x64.ActiveCfg = Debug|Any CPU
		{6FA85112-DA7F-412C-B28D-BBFA24BC0080}.Debug|x64.Build.0 = Debug|Any CPU
		{6FA85112-DA7F-412C-B28D-BBFA24BC0080}.Debug|x86.ActiveCfg = Debug|Any CPU
		{6FA85112-DA7F-412C-B28D-BBFA24BC0080}.Debug|x86.Build.0 = Debug|Any CPU
		{6FA85112-DA7F-412C-B28D-BBFA24BC0080}.Release|Any CPU.ActiveCfg = Release|Any CPU
		{6FA85112-DA7F-412C-B28D-BBFA24BC0080}.Release|Any CPU.Build.0 = Release|Any CPU
		{6FA85112-DA7F-412C-B28D-BBFA24BC0080}.Release|x64.ActiveCfg = Release|Any CPU
		{6FA85112-DA7F-412C-B28D-BBFA24BC0080}.Release|x64.Build.0 = Release|Any CPU
		{6FA85112-DA7F-412C-B28D-BBFA24BC0080}.Release|x86.ActiveCfg = Release|Any CPU
		{6FA85112-DA7F-412C-B28D-BBFA24BC0080}.Release|x86.Build.0 = Release|Any CPU
		{E4B6E4A6-068E-42C3-861D-4FE0C2D57EF2}.Debug|Any CPU.ActiveCfg = Debug|Any CPU
		{E4B6E4A6-068E-42C3-861D-4FE0C2D57EF2}.Debug|Any CPU.Build.0 = Debug|Any CPU
		{E4B6E4A6-068E-42C3-861D-4FE0C2D57EF2}.Debug|x64.ActiveCfg = Debug|Any CPU
		{E4B6E4A6-068E-42C3-861D-4FE0C2D57EF2}.Debug|x64.Build.0 = Debug|Any CPU
		{E4B6E4A6-068E-42C3-861D-4FE0C2D57EF2}.Debug|x86.ActiveCfg = Debug|Any CPU
		{E4B6E4A6-068E-42C3-861D-4FE0C2D57EF2}.Debug|x86.Build.0 = Debug|Any CPU
		{E4B6E4A6-068E-42C3-861D-4FE0C2D57EF2}.Release|Any CPU.ActiveCfg = Release|Any CPU
		{E4B6E4A6-068E-42C3-861D-4FE0C2D57EF2}.Release|Any CPU.Build.0 = Release|Any CPU
		{E4B6E4A6-068E-42C3-861D-4FE0C2D57EF2}.Release|x64.ActiveCfg = Release|Any CPU
		{E4B6E4A6-068E-42C3-861D-4FE0C2D57EF2}.Release|x64.Build.0 = Release|Any CPU
		{E4B6E4A6-068E-42C3-861D-4FE0C2D57EF2}.Release|x86.ActiveCfg = Release|Any CPU
		{E4B6E4A6-068E-42C3-861D-4FE0C2D57EF2}.Release|x86.Build.0 = Release|Any CPU
		{91AF93E5-B37C-46A6-B926-E8765DA39359}.Debug|Any CPU.ActiveCfg = Debug|Any CPU
		{91AF93E5-B37C-46A6-B926-E8765DA39359}.Debug|Any CPU.Build.0 = Debug|Any CPU
		{91AF93E5-B37C-46A6-B926-E8765DA39359}.Debug|x64.ActiveCfg = Debug|Any CPU
		{91AF93E5-B37C-46A6-B926-E8765DA39359}.Debug|x64.Build.0 = Debug|Any CPU
		{91AF93E5-B37C-46A6-B926-E8765DA39359}.Debug|x86.ActiveCfg = Debug|Any CPU
		{91AF93E5-B37C-46A6-B926-E8765DA39359}.Debug|x86.Build.0 = Debug|Any CPU
		{91AF93E5-B37C-46A6-B926-E8765DA39359}.Release|Any CPU.ActiveCfg = Release|Any CPU
		{91AF93E5-B37C-46A6-B926-E8765DA39359}.Release|Any CPU.Build.0 = Release|Any CPU
		{91AF93E5-B37C-46A6-B926-E8765DA39359}.Release|x64.ActiveCfg = Release|Any CPU
		{91AF93E5-B37C-46A6-B926-E8765DA39359}.Release|x64.Build.0 = Release|Any CPU
		{91AF93E5-B37C-46A6-B926-E8765DA39359}.Release|x86.ActiveCfg = Release|Any CPU
		{91AF93E5-B37C-46A6-B926-E8765DA39359}.Release|x86.Build.0 = Release|Any CPU
		{4EE4B1BF-3B37-4D65-9564-0B52ACF8E7D9}.Debug|Any CPU.ActiveCfg = Debug|Any CPU
		{4EE4B1BF-3B37-4D65-9564-0B52ACF8E7D9}.Debug|Any CPU.Build.0 = Debug|Any CPU
		{4EE4B1BF-3B37-4D65-9564-0B52ACF8E7D9}.Debug|x64.ActiveCfg = Debug|Any CPU
		{4EE4B1BF-3B37-4D65-9564-0B52ACF8E7D9}.Debug|x64.Build.0 = Debug|Any CPU
		{4EE4B1BF-3B37-4D65-9564-0B52ACF8E7D9}.Debug|x86.ActiveCfg = Debug|Any CPU
		{4EE4B1BF-3B37-4D65-9564-0B52ACF8E7D9}.Debug|x86.Build.0 = Debug|Any CPU
		{4EE4B1BF-3B37-4D65-9564-0B52ACF8E7D9}.Release|Any CPU.ActiveCfg = Release|Any CPU
		{4EE4B1BF-3B37-4D65-9564-0B52ACF8E7D9}.Release|Any CPU.Build.0 = Release|Any CPU
		{4EE4B1BF-3B37-4D65-9564-0B52ACF8E7D9}.Release|x64.ActiveCfg = Release|Any CPU
		{4EE4B1BF-3B37-4D65-9564-0B52ACF8E7D9}.Release|x64.Build.0 = Release|Any CPU
		{4EE4B1BF-3B37-4D65-9564-0B52ACF8E7D9}.Release|x86.ActiveCfg = Release|Any CPU
		{4EE4B1BF-3B37-4D65-9564-0B52ACF8E7D9}.Release|x86.Build.0 = Release|Any CPU
		{5CB57006-4261-42AE-84D0-7C700CFBDD31}.Debug|Any CPU.ActiveCfg = Debug|Any CPU
		{5CB57006-4261-42AE-84D0-7C700CFBDD31}.Debug|Any CPU.Build.0 = Debug|Any CPU
		{5CB57006-4261-42AE-84D0-7C700CFBDD31}.Debug|x64.ActiveCfg = Debug|Any CPU
		{5CB57006-4261-42AE-84D0-7C700CFBDD31}.Debug|x64.Build.0 = Debug|Any CPU
		{5CB57006-4261-42AE-84D0-7C700CFBDD31}.Debug|x86.ActiveCfg = Debug|Any CPU
		{5CB57006-4261-42AE-84D0-7C700CFBDD31}.Debug|x86.Build.0 = Debug|Any CPU
		{5CB57006-4261-42AE-84D0-7C700CFBDD31}.Release|Any CPU.ActiveCfg = Release|Any CPU
		{5CB57006-4261-42AE-84D0-7C700CFBDD31}.Release|Any CPU.Build.0 = Release|Any CPU
		{5CB57006-4261-42AE-84D0-7C700CFBDD31}.Release|x64.ActiveCfg = Release|Any CPU
		{5CB57006-4261-42AE-84D0-7C700CFBDD31}.Release|x64.Build.0 = Release|Any CPU
		{5CB57006-4261-42AE-84D0-7C700CFBDD31}.Release|x86.ActiveCfg = Release|Any CPU
		{5CB57006-4261-42AE-84D0-7C700CFBDD31}.Release|x86.Build.0 = Release|Any CPU
		{71E3C7D7-9412-4DBF-B338-8A0F0228CDCD}.Debug|Any CPU.ActiveCfg = Debug|Any CPU
		{71E3C7D7-9412-4DBF-B338-8A0F0228CDCD}.Debug|Any CPU.Build.0 = Debug|Any CPU
		{71E3C7D7-9412-4DBF-B338-8A0F0228CDCD}.Debug|x64.ActiveCfg = Debug|Any CPU
		{71E3C7D7-9412-4DBF-B338-8A0F0228CDCD}.Debug|x64.Build.0 = Debug|Any CPU
		{71E3C7D7-9412-4DBF-B338-8A0F0228CDCD}.Debug|x86.ActiveCfg = Debug|Any CPU
		{71E3C7D7-9412-4DBF-B338-8A0F0228CDCD}.Debug|x86.Build.0 = Debug|Any CPU
		{71E3C7D7-9412-4DBF-B338-8A0F0228CDCD}.Release|Any CPU.ActiveCfg = Release|Any CPU
		{71E3C7D7-9412-4DBF-B338-8A0F0228CDCD}.Release|Any CPU.Build.0 = Release|Any CPU
		{71E3C7D7-9412-4DBF-B338-8A0F0228CDCD}.Release|x64.ActiveCfg = Release|Any CPU
		{71E3C7D7-9412-4DBF-B338-8A0F0228CDCD}.Release|x64.Build.0 = Release|Any CPU
		{71E3C7D7-9412-4DBF-B338-8A0F0228CDCD}.Release|x86.ActiveCfg = Release|Any CPU
		{71E3C7D7-9412-4DBF-B338-8A0F0228CDCD}.Release|x86.Build.0 = Release|Any CPU
		{E267A645-2AC1-495D-9B85-5E51338E1AA6}.Debug|Any CPU.ActiveCfg = Debug|Any CPU
		{E267A645-2AC1-495D-9B85-5E51338E1AA6}.Debug|Any CPU.Build.0 = Debug|Any CPU
		{E267A645-2AC1-495D-9B85-5E51338E1AA6}.Debug|x64.ActiveCfg = Debug|Any CPU
		{E267A645-2AC1-495D-9B85-5E51338E1AA6}.Debug|x64.Build.0 = Debug|Any CPU
		{E267A645-2AC1-495D-9B85-5E51338E1AA6}.Debug|x86.ActiveCfg = Debug|Any CPU
		{E267A645-2AC1-495D-9B85-5E51338E1AA6}.Debug|x86.Build.0 = Debug|Any CPU
		{E267A645-2AC1-495D-9B85-5E51338E1AA6}.Release|Any CPU.ActiveCfg = Release|Any CPU
		{E267A645-2AC1-495D-9B85-5E51338E1AA6}.Release|Any CPU.Build.0 = Release|Any CPU
		{E267A645-2AC1-495D-9B85-5E51338E1AA6}.Release|x64.ActiveCfg = Release|Any CPU
		{E267A645-2AC1-495D-9B85-5E51338E1AA6}.Release|x64.Build.0 = Release|Any CPU
		{E267A645-2AC1-495D-9B85-5E51338E1AA6}.Release|x86.ActiveCfg = Release|Any CPU
		{E267A645-2AC1-495D-9B85-5E51338E1AA6}.Release|x86.Build.0 = Release|Any CPU
		{86C20044-AE7E-4E85-8D0C-836E9879B819}.Debug|Any CPU.ActiveCfg = Debug|Any CPU
		{86C20044-AE7E-4E85-8D0C-836E9879B819}.Debug|Any CPU.Build.0 = Debug|Any CPU
		{86C20044-AE7E-4E85-8D0C-836E9879B819}.Debug|x64.ActiveCfg = Debug|Any CPU
		{86C20044-AE7E-4E85-8D0C-836E9879B819}.Debug|x64.Build.0 = Debug|Any CPU
		{86C20044-AE7E-4E85-8D0C-836E9879B819}.Debug|x86.ActiveCfg = Debug|Any CPU
		{86C20044-AE7E-4E85-8D0C-836E9879B819}.Debug|x86.Build.0 = Debug|Any CPU
		{86C20044-AE7E-4E85-8D0C-836E9879B819}.Release|Any CPU.ActiveCfg = Release|Any CPU
		{86C20044-AE7E-4E85-8D0C-836E9879B819}.Release|Any CPU.Build.0 = Release|Any CPU
		{86C20044-AE7E-4E85-8D0C-836E9879B819}.Release|x64.ActiveCfg = Release|Any CPU
		{86C20044-AE7E-4E85-8D0C-836E9879B819}.Release|x64.Build.0 = Release|Any CPU
		{86C20044-AE7E-4E85-8D0C-836E9879B819}.Release|x86.ActiveCfg = Release|Any CPU
		{86C20044-AE7E-4E85-8D0C-836E9879B819}.Release|x86.Build.0 = Release|Any CPU
		{8D09D2FD-1F76-4C6A-92BD-32BB3FCA828B}.Debug|Any CPU.ActiveCfg = Debug|Any CPU
		{8D09D2FD-1F76-4C6A-92BD-32BB3FCA828B}.Debug|Any CPU.Build.0 = Debug|Any CPU
		{8D09D2FD-1F76-4C6A-92BD-32BB3FCA828B}.Debug|x64.ActiveCfg = Debug|Any CPU
		{8D09D2FD-1F76-4C6A-92BD-32BB3FCA828B}.Debug|x64.Build.0 = Debug|Any CPU
		{8D09D2FD-1F76-4C6A-92BD-32BB3FCA828B}.Debug|x86.ActiveCfg = Debug|Any CPU
		{8D09D2FD-1F76-4C6A-92BD-32BB3FCA828B}.Debug|x86.Build.0 = Debug|Any CPU
		{8D09D2FD-1F76-4C6A-92BD-32BB3FCA828B}.Release|Any CPU.ActiveCfg = Release|Any CPU
		{8D09D2FD-1F76-4C6A-92BD-32BB3FCA828B}.Release|Any CPU.Build.0 = Release|Any CPU
		{8D09D2FD-1F76-4C6A-92BD-32BB3FCA828B}.Release|x64.ActiveCfg = Release|Any CPU
		{8D09D2FD-1F76-4C6A-92BD-32BB3FCA828B}.Release|x64.Build.0 = Release|Any CPU
		{8D09D2FD-1F76-4C6A-92BD-32BB3FCA828B}.Release|x86.ActiveCfg = Release|Any CPU
		{8D09D2FD-1F76-4C6A-92BD-32BB3FCA828B}.Release|x86.Build.0 = Release|Any CPU
		{60A03B80-E176-47F6-8F12-7F7390EB452B}.Debug|Any CPU.ActiveCfg = Debug|Any CPU
		{60A03B80-E176-47F6-8F12-7F7390EB452B}.Debug|Any CPU.Build.0 = Debug|Any CPU
		{60A03B80-E176-47F6-8F12-7F7390EB452B}.Debug|x64.ActiveCfg = Debug|Any CPU
		{60A03B80-E176-47F6-8F12-7F7390EB452B}.Debug|x64.Build.0 = Debug|Any CPU
		{60A03B80-E176-47F6-8F12-7F7390EB452B}.Debug|x86.ActiveCfg = Debug|Any CPU
		{60A03B80-E176-47F6-8F12-7F7390EB452B}.Debug|x86.Build.0 = Debug|Any CPU
		{60A03B80-E176-47F6-8F12-7F7390EB452B}.Release|Any CPU.ActiveCfg = Release|Any CPU
		{60A03B80-E176-47F6-8F12-7F7390EB452B}.Release|Any CPU.Build.0 = Release|Any CPU
		{60A03B80-E176-47F6-8F12-7F7390EB452B}.Release|x64.ActiveCfg = Release|Any CPU
		{60A03B80-E176-47F6-8F12-7F7390EB452B}.Release|x64.Build.0 = Release|Any CPU
		{60A03B80-E176-47F6-8F12-7F7390EB452B}.Release|x86.ActiveCfg = Release|Any CPU
		{60A03B80-E176-47F6-8F12-7F7390EB452B}.Release|x86.Build.0 = Release|Any CPU
		{5E50AE40-DC2F-4532-B269-4E7B2EE681AC}.Debug|Any CPU.ActiveCfg = Debug|Any CPU
		{5E50AE40-DC2F-4532-B269-4E7B2EE681AC}.Debug|Any CPU.Build.0 = Debug|Any CPU
		{5E50AE40-DC2F-4532-B269-4E7B2EE681AC}.Debug|x64.ActiveCfg = Debug|Any CPU
		{5E50AE40-DC2F-4532-B269-4E7B2EE681AC}.Debug|x64.Build.0 = Debug|Any CPU
		{5E50AE40-DC2F-4532-B269-4E7B2EE681AC}.Debug|x86.ActiveCfg = Debug|Any CPU
		{5E50AE40-DC2F-4532-B269-4E7B2EE681AC}.Debug|x86.Build.0 = Debug|Any CPU
		{5E50AE40-DC2F-4532-B269-4E7B2EE681AC}.Release|Any CPU.ActiveCfg = Release|Any CPU
		{5E50AE40-DC2F-4532-B269-4E7B2EE681AC}.Release|Any CPU.Build.0 = Release|Any CPU
		{5E50AE40-DC2F-4532-B269-4E7B2EE681AC}.Release|x64.ActiveCfg = Release|Any CPU
		{5E50AE40-DC2F-4532-B269-4E7B2EE681AC}.Release|x64.Build.0 = Release|Any CPU
		{5E50AE40-DC2F-4532-B269-4E7B2EE681AC}.Release|x86.ActiveCfg = Release|Any CPU
		{5E50AE40-DC2F-4532-B269-4E7B2EE681AC}.Release|x86.Build.0 = Release|Any CPU
		{4DFD80A8-B8B1-4469-97F8-31BFD763B07B}.Debug|Any CPU.ActiveCfg = Debug|Any CPU
		{4DFD80A8-B8B1-4469-97F8-31BFD763B07B}.Debug|Any CPU.Build.0 = Debug|Any CPU
		{4DFD80A8-B8B1-4469-97F8-31BFD763B07B}.Debug|x64.ActiveCfg = Debug|Any CPU
		{4DFD80A8-B8B1-4469-97F8-31BFD763B07B}.Debug|x64.Build.0 = Debug|Any CPU
		{4DFD80A8-B8B1-4469-97F8-31BFD763B07B}.Debug|x86.ActiveCfg = Debug|Any CPU
		{4DFD80A8-B8B1-4469-97F8-31BFD763B07B}.Debug|x86.Build.0 = Debug|Any CPU
		{4DFD80A8-B8B1-4469-97F8-31BFD763B07B}.Release|Any CPU.ActiveCfg = Release|Any CPU
		{4DFD80A8-B8B1-4469-97F8-31BFD763B07B}.Release|Any CPU.Build.0 = Release|Any CPU
		{4DFD80A8-B8B1-4469-97F8-31BFD763B07B}.Release|x64.ActiveCfg = Release|Any CPU
		{4DFD80A8-B8B1-4469-97F8-31BFD763B07B}.Release|x64.Build.0 = Release|Any CPU
		{4DFD80A8-B8B1-4469-97F8-31BFD763B07B}.Release|x86.ActiveCfg = Release|Any CPU
		{4DFD80A8-B8B1-4469-97F8-31BFD763B07B}.Release|x86.Build.0 = Release|Any CPU
		{EC7E96B7-F015-4B3B-908E-172CF75838EA}.Debug|Any CPU.ActiveCfg = Debug|Any CPU
		{EC7E96B7-F015-4B3B-908E-172CF75838EA}.Debug|Any CPU.Build.0 = Debug|Any CPU
		{EC7E96B7-F015-4B3B-908E-172CF75838EA}.Debug|x64.ActiveCfg = Debug|Any CPU
		{EC7E96B7-F015-4B3B-908E-172CF75838EA}.Debug|x64.Build.0 = Debug|Any CPU
		{EC7E96B7-F015-4B3B-908E-172CF75838EA}.Debug|x86.ActiveCfg = Debug|Any CPU
		{EC7E96B7-F015-4B3B-908E-172CF75838EA}.Debug|x86.Build.0 = Debug|Any CPU
		{EC7E96B7-F015-4B3B-908E-172CF75838EA}.Release|Any CPU.ActiveCfg = Release|Any CPU
		{EC7E96B7-F015-4B3B-908E-172CF75838EA}.Release|Any CPU.Build.0 = Release|Any CPU
		{EC7E96B7-F015-4B3B-908E-172CF75838EA}.Release|x64.ActiveCfg = Release|Any CPU
		{EC7E96B7-F015-4B3B-908E-172CF75838EA}.Release|x64.Build.0 = Release|Any CPU
		{EC7E96B7-F015-4B3B-908E-172CF75838EA}.Release|x86.ActiveCfg = Release|Any CPU
		{EC7E96B7-F015-4B3B-908E-172CF75838EA}.Release|x86.Build.0 = Release|Any CPU
		{C2A8DF76-959E-4F19-99A0-D0340129388C}.Debug|Any CPU.ActiveCfg = Debug|Any CPU
		{C2A8DF76-959E-4F19-99A0-D0340129388C}.Debug|Any CPU.Build.0 = Debug|Any CPU
		{C2A8DF76-959E-4F19-99A0-D0340129388C}.Debug|x64.ActiveCfg = Debug|Any CPU
		{C2A8DF76-959E-4F19-99A0-D0340129388C}.Debug|x64.Build.0 = Debug|Any CPU
		{C2A8DF76-959E-4F19-99A0-D0340129388C}.Debug|x86.ActiveCfg = Debug|Any CPU
		{C2A8DF76-959E-4F19-99A0-D0340129388C}.Debug|x86.Build.0 = Debug|Any CPU
		{C2A8DF76-959E-4F19-99A0-D0340129388C}.Release|Any CPU.ActiveCfg = Release|Any CPU
		{C2A8DF76-959E-4F19-99A0-D0340129388C}.Release|Any CPU.Build.0 = Release|Any CPU
		{C2A8DF76-959E-4F19-99A0-D0340129388C}.Release|x64.ActiveCfg = Release|Any CPU
		{C2A8DF76-959E-4F19-99A0-D0340129388C}.Release|x64.Build.0 = Release|Any CPU
		{C2A8DF76-959E-4F19-99A0-D0340129388C}.Release|x86.ActiveCfg = Release|Any CPU
		{C2A8DF76-959E-4F19-99A0-D0340129388C}.Release|x86.Build.0 = Release|Any CPU
		{68FB9A62-4753-4DBA-B908-98653E020F48}.Debug|Any CPU.ActiveCfg = Debug|Any CPU
		{68FB9A62-4753-4DBA-B908-98653E020F48}.Debug|Any CPU.Build.0 = Debug|Any CPU
		{68FB9A62-4753-4DBA-B908-98653E020F48}.Debug|x64.ActiveCfg = Debug|Any CPU
		{68FB9A62-4753-4DBA-B908-98653E020F48}.Debug|x64.Build.0 = Debug|Any CPU
		{68FB9A62-4753-4DBA-B908-98653E020F48}.Debug|x86.ActiveCfg = Debug|Any CPU
		{68FB9A62-4753-4DBA-B908-98653E020F48}.Debug|x86.Build.0 = Debug|Any CPU
		{68FB9A62-4753-4DBA-B908-98653E020F48}.Release|Any CPU.ActiveCfg = Release|Any CPU
		{68FB9A62-4753-4DBA-B908-98653E020F48}.Release|Any CPU.Build.0 = Release|Any CPU
		{68FB9A62-4753-4DBA-B908-98653E020F48}.Release|x64.ActiveCfg = Release|Any CPU
		{68FB9A62-4753-4DBA-B908-98653E020F48}.Release|x64.Build.0 = Release|Any CPU
		{68FB9A62-4753-4DBA-B908-98653E020F48}.Release|x86.ActiveCfg = Release|Any CPU
		{68FB9A62-4753-4DBA-B908-98653E020F48}.Release|x86.Build.0 = Release|Any CPU
		{676B0521-C9A6-4356-AD65-926F9EA4E383}.Debug|Any CPU.ActiveCfg = Debug|Any CPU
		{676B0521-C9A6-4356-AD65-926F9EA4E383}.Debug|Any CPU.Build.0 = Debug|Any CPU
		{676B0521-C9A6-4356-AD65-926F9EA4E383}.Debug|x64.ActiveCfg = Debug|Any CPU
		{676B0521-C9A6-4356-AD65-926F9EA4E383}.Debug|x64.Build.0 = Debug|Any CPU
		{676B0521-C9A6-4356-AD65-926F9EA4E383}.Debug|x86.ActiveCfg = Debug|Any CPU
		{676B0521-C9A6-4356-AD65-926F9EA4E383}.Debug|x86.Build.0 = Debug|Any CPU
		{676B0521-C9A6-4356-AD65-926F9EA4E383}.Release|Any CPU.ActiveCfg = Release|Any CPU
		{676B0521-C9A6-4356-AD65-926F9EA4E383}.Release|Any CPU.Build.0 = Release|Any CPU
		{676B0521-C9A6-4356-AD65-926F9EA4E383}.Release|x64.ActiveCfg = Release|Any CPU
		{676B0521-C9A6-4356-AD65-926F9EA4E383}.Release|x64.Build.0 = Release|Any CPU
		{676B0521-C9A6-4356-AD65-926F9EA4E383}.Release|x86.ActiveCfg = Release|Any CPU
		{676B0521-C9A6-4356-AD65-926F9EA4E383}.Release|x86.Build.0 = Release|Any CPU
		{B20E6C72-BA8E-4F5E-ABC2-6C5A7B59C8C2}.Debug|Any CPU.ActiveCfg = Debug|Any CPU
		{B20E6C72-BA8E-4F5E-ABC2-6C5A7B59C8C2}.Debug|Any CPU.Build.0 = Debug|Any CPU
		{B20E6C72-BA8E-4F5E-ABC2-6C5A7B59C8C2}.Debug|x64.ActiveCfg = Debug|Any CPU
		{B20E6C72-BA8E-4F5E-ABC2-6C5A7B59C8C2}.Debug|x64.Build.0 = Debug|Any CPU
		{B20E6C72-BA8E-4F5E-ABC2-6C5A7B59C8C2}.Debug|x86.ActiveCfg = Debug|Any CPU
		{B20E6C72-BA8E-4F5E-ABC2-6C5A7B59C8C2}.Debug|x86.Build.0 = Debug|Any CPU
		{B20E6C72-BA8E-4F5E-ABC2-6C5A7B59C8C2}.Release|Any CPU.ActiveCfg = Release|Any CPU
		{B20E6C72-BA8E-4F5E-ABC2-6C5A7B59C8C2}.Release|Any CPU.Build.0 = Release|Any CPU
		{B20E6C72-BA8E-4F5E-ABC2-6C5A7B59C8C2}.Release|x64.ActiveCfg = Release|Any CPU
		{B20E6C72-BA8E-4F5E-ABC2-6C5A7B59C8C2}.Release|x64.Build.0 = Release|Any CPU
		{B20E6C72-BA8E-4F5E-ABC2-6C5A7B59C8C2}.Release|x86.ActiveCfg = Release|Any CPU
		{B20E6C72-BA8E-4F5E-ABC2-6C5A7B59C8C2}.Release|x86.Build.0 = Release|Any CPU
		{0B2AC419-5D73-44C4-BBAD-A5CBAF7BDEE7}.Debug|Any CPU.ActiveCfg = Debug|Any CPU
		{0B2AC419-5D73-44C4-BBAD-A5CBAF7BDEE7}.Debug|Any CPU.Build.0 = Debug|Any CPU
		{0B2AC419-5D73-44C4-BBAD-A5CBAF7BDEE7}.Debug|x64.ActiveCfg = Debug|Any CPU
		{0B2AC419-5D73-44C4-BBAD-A5CBAF7BDEE7}.Debug|x64.Build.0 = Debug|Any CPU
		{0B2AC419-5D73-44C4-BBAD-A5CBAF7BDEE7}.Debug|x86.ActiveCfg = Debug|Any CPU
		{0B2AC419-5D73-44C4-BBAD-A5CBAF7BDEE7}.Debug|x86.Build.0 = Debug|Any CPU
		{0B2AC419-5D73-44C4-BBAD-A5CBAF7BDEE7}.Release|Any CPU.ActiveCfg = Release|Any CPU
		{0B2AC419-5D73-44C4-BBAD-A5CBAF7BDEE7}.Release|Any CPU.Build.0 = Release|Any CPU
		{0B2AC419-5D73-44C4-BBAD-A5CBAF7BDEE7}.Release|x64.ActiveCfg = Release|Any CPU
		{0B2AC419-5D73-44C4-BBAD-A5CBAF7BDEE7}.Release|x64.Build.0 = Release|Any CPU
		{0B2AC419-5D73-44C4-BBAD-A5CBAF7BDEE7}.Release|x86.ActiveCfg = Release|Any CPU
		{0B2AC419-5D73-44C4-BBAD-A5CBAF7BDEE7}.Release|x86.Build.0 = Release|Any CPU
		{0A6F8D25-3C2D-401F-803B-8F589BF76D7E}.Debug|Any CPU.ActiveCfg = Debug|Any CPU
		{0A6F8D25-3C2D-401F-803B-8F589BF76D7E}.Debug|Any CPU.Build.0 = Debug|Any CPU
		{0A6F8D25-3C2D-401F-803B-8F589BF76D7E}.Debug|x64.ActiveCfg = Debug|Any CPU
		{0A6F8D25-3C2D-401F-803B-8F589BF76D7E}.Debug|x64.Build.0 = Debug|Any CPU
		{0A6F8D25-3C2D-401F-803B-8F589BF76D7E}.Debug|x86.ActiveCfg = Debug|Any CPU
		{0A6F8D25-3C2D-401F-803B-8F589BF76D7E}.Debug|x86.Build.0 = Debug|Any CPU
		{0A6F8D25-3C2D-401F-803B-8F589BF76D7E}.Release|Any CPU.ActiveCfg = Release|Any CPU
		{0A6F8D25-3C2D-401F-803B-8F589BF76D7E}.Release|Any CPU.Build.0 = Release|Any CPU
		{0A6F8D25-3C2D-401F-803B-8F589BF76D7E}.Release|x64.ActiveCfg = Release|Any CPU
		{0A6F8D25-3C2D-401F-803B-8F589BF76D7E}.Release|x64.Build.0 = Release|Any CPU
		{0A6F8D25-3C2D-401F-803B-8F589BF76D7E}.Release|x86.ActiveCfg = Release|Any CPU
		{0A6F8D25-3C2D-401F-803B-8F589BF76D7E}.Release|x86.Build.0 = Release|Any CPU
	EndGlobalSection
	GlobalSection(SolutionProperties) = preSolution
		HideSolutionNode = FALSE
	EndGlobalSection
	GlobalSection(NestedProjects) = preSolution
		{1118C31C-7F0B-4D72-A1E3-BB13D12535D8} = {827E0CD3-B72D-47B6-A68D-7590B98EB39B}
		{6FA85112-DA7F-412C-B28D-BBFA24BC0080} = {C10FC5CE-EB61-2234-E56E-9C8CFBD10274}
		{4EE4B1BF-3B37-4D65-9564-0B52ACF8E7D9} = {07C2787E-EAC7-C090-1BA3-A61EC2A24D84}
		{5CB57006-4261-42AE-84D0-7C700CFBDD31} = {827E0CD3-B72D-47B6-A68D-7590B98EB39B}
		{17B135D2-07C5-1204-D3F7-D836C108770D} = {7A31CED4-1678-4AF3-8F73-6A118B9DA039}
		{BE8F422F-16D9-3A70-7DE2-E4A729A900CD} = {17B135D2-07C5-1204-D3F7-D836C108770D}
		{71E3C7D7-9412-4DBF-B338-8A0F0228CDCD} = {BE8F422F-16D9-3A70-7DE2-E4A729A900CD}
		{79E9A93C-82C7-6503-F637-9BF9E27C830A} = {17B135D2-07C5-1204-D3F7-D836C108770D}
		{E267A645-2AC1-495D-9B85-5E51338E1AA6} = {79E9A93C-82C7-6503-F637-9BF9E27C830A}
		{86C20044-AE7E-4E85-8D0C-836E9879B819} = {79E9A93C-82C7-6503-F637-9BF9E27C830A}
		{8D09D2FD-1F76-4C6A-92BD-32BB3FCA828B} = {79E9A93C-82C7-6503-F637-9BF9E27C830A}
		{60A03B80-E176-47F6-8F12-7F7390EB452B} = {79E9A93C-82C7-6503-F637-9BF9E27C830A}
		{5E50AE40-DC2F-4532-B269-4E7B2EE681AC} = {79E9A93C-82C7-6503-F637-9BF9E27C830A}
		{61F8A566-885B-5600-3EF1-0A460A4BE7E9} = {17B135D2-07C5-1204-D3F7-D836C108770D}
		{4DFD80A8-B8B1-4469-97F8-31BFD763B07B} = {61F8A566-885B-5600-3EF1-0A460A4BE7E9}
		{EC7E96B7-F015-4B3B-908E-172CF75838EA} = {61F8A566-885B-5600-3EF1-0A460A4BE7E9}
		{C2A8DF76-959E-4F19-99A0-D0340129388C} = {61F8A566-885B-5600-3EF1-0A460A4BE7E9}
		{C10FC5CE-EB61-2234-E56E-9C8CFBD10274} = {124B6C48-2C96-7967-D469-F4A684325511}
		{68FB9A62-4753-4DBA-B908-98653E020F48} = {C10FC5CE-EB61-2234-E56E-9C8CFBD10274}
		{D3025811-0619-8EE6-B11E-84D3CFD1686D} = {0AB3BF05-4346-4AA6-1389-037BE0695223}
		{9145EC15-FD2C-1C37-5E44-FDF59E612B58} = {D3025811-0619-8EE6-B11E-84D3CFD1686D}
		{676B0521-C9A6-4356-AD65-926F9EA4E383} = {9145EC15-FD2C-1C37-5E44-FDF59E612B58}
		{B20E6C72-BA8E-4F5E-ABC2-6C5A7B59C8C2} = {9145EC15-FD2C-1C37-5E44-FDF59E612B58}
		{0B2AC419-5D73-44C4-BBAD-A5CBAF7BDEE7} = {827E0CD3-B72D-47B6-A68D-7590B98EB39B}
		{0A6F8D25-3C2D-401F-803B-8F589BF76D7E} = {827E0CD3-B72D-47B6-A68D-7590B98EB39B}
	EndGlobalSection
EndGlobal
