{
  "version": 2,
  "dependencies": {
    "net10.0": {
      "CShells.FastEndpoints": {
        "type": "Direct",
        "requested": "[0.0.28, 0.0.28]",
        "resolved": "0.0.28",
        "contentHash": "u64ExNddMIR/si8SiXKLwzZ1L0uo60swPSDc47CuYvisx6cOGv7AF9iRkmbKBkR9dHzh4gd7HVwOfYiehW+FyQ==",
        "dependencies": {
          "CShells.AspNetCore": "0.0.28",
          "CShells.FastEndpoints.Abstractions": "0.0.28",
          "FastEndpoints": "7.2.0",
          "JetBrains.Annotations": "2025.2.4"
        }
      },
      "FastEndpoints": {
        "type": "Direct",
        "requested": "[7.2.0, 7.2.0]",
        "resolved": "7.2.0",
        "contentHash": "igYC/SHrNwv8Ek+o0rjGALIONCIuQP7a6CMLSHGKRzFpjwdbI4JvsLlAfkb720bIF3B/dH1zRcEZejHeyDL2Rg==",
        "dependencies": {
          "FastEndpoints.Attributes": "7.2.0",
          "FastEndpoints.JobQueues": "7.2.0",
          "FastEndpoints.Messaging": "7.2.0",
          "FluentValidation": "12.1.1"
        }
      },
      "Microsoft.AspNetCore.TestHost": {
        "type": "Direct",
        "requested": "[10.0.10, 10.0.10]",
        "resolved": "10.0.10",
        "contentHash": "Kks+OpQlP/eWQhnTjkiv0H9kc9Uqa7ieAzNV62yJpZ8Ips/WwpfpwrwZUKzV83CBJaBl5OI7J2XxVVTC8vah/Q=="
      },
      "CShells.FastEndpoints.Abstractions": {
        "type": "Transitive",
        "resolved": "0.0.28",
        "contentHash": "gU0gMtXt08d/HhqHidqPHECdY19mdubOdDhW/UBnkxbDeA1d3oIBLw/5jHO7ISIYL9yJNG+9x5r9yBdU+zJdfw==",
        "dependencies": {
          "CShells.Abstractions": "0.0.28",
          "FastEndpoints": "7.2.0",
          "JetBrains.Annotations": "2025.2.4"
        }
      },
      "FastEndpoints.Attributes": {
        "type": "Transitive",
        "resolved": "7.2.0",
        "contentHash": "gn6/JW0QaSANrcUXDfexW8y3bDT/dYWk0sxvvgJWoRTR1WIyipkLE9AIWdBeVsVbVQP9gZWKgVzRMMm86Zq9HA=="
      },
      "FastEndpoints.Core": {
        "type": "Transitive",
        "resolved": "7.2.0",
        "contentHash": "nvclrOvmtyhR2WggtuuqI5aj4ICaMOOBx/buPlUqJ1S8OV5hgHr5SEEKfA9eRihiFJ3LGMcyxTd2+YWtFaeZAA=="
      },
      "FastEndpoints.JobQueues": {
        "type": "Transitive",
        "resolved": "7.2.0",
        "contentHash": "IC6EA/pBMRoXl5EQZrzZfXk6gyzxE6tBipQ8r+kkRuIXQX6LScvlL34gNs0kjXHO1+BS85/gwatDpvD6T5uNDw==",
        "dependencies": {
          "FastEndpoints.Messaging": "7.2.0"
        }
      },
      "FastEndpoints.Messaging": {
        "type": "Transitive",
        "resolved": "7.2.0",
        "contentHash": "29i3GfBpQ2VJA9XRb+k2IRIWRaxsxeDrVBgL78Gq8t3BMjq/QNBdN2P83uJfV0kJGfV813SviDbPo3gk+OW8MQ==",
        "dependencies": {
          "FastEndpoints.Core": "7.2.0",
          "FastEndpoints.Messaging.Core": "7.2.0"
        }
      },
      "FastEndpoints.Messaging.Core": {
        "type": "Transitive",
        "resolved": "7.2.0",
        "contentHash": "uRbFy6dmVie3wwlOjgrrE6lu5+U1SXmo8kwsr3Xzv/WnHrDw4vXFiqb8FmuS9q9jMGDn2UoYii5H0jC9g1RWDg=="
      },
      "FluentValidation": {
        "type": "Transitive",
        "resolved": "12.1.1",
        "contentHash": "EPpkIe1yh1a0OXyC100oOA8WMbZvqUu5plwhvYcb7oSELfyUZzfxV48BLhvs3kKo4NwG7MGLNgy1RJiYtT8Dpw=="
      },
      "JetBrains.Annotations": {
        "type": "Transitive",
        "resolved": "2025.2.4",
        "contentHash": "TwbgxAkXxY+vNEhNVx/QXjJ4vqxmepOjsgRvvImQPbHkHMMb4W+ahL3laMsxXKtNT7iMy+E1B3xkqao2hf1n3A=="
      },
      "Microsoft.Extensions.DependencyModel": {
        "type": "Transitive",
        "resolved": "10.0.1",
        "contentHash": "IiWPd4j8JLNjSkyXl5hvJwX2ZENDVQVPDHYgZmYdw8+YkY2xp9iQt0vjdnAQZLpo/ipeW1xgOqfSBEnivKWPYQ=="
      },
      "CShells": {
        "type": "CentralTransitive",
        "requested": "[0.0.28, 0.0.28]",
        "resolved": "0.0.28",
        "contentHash": "yO2OuMpd9B94021n9o9FeBAwbae1wpNu1Zq/FdO7mTCzuRStPzSqejjFtQxJ0o7fcN8qK7T0jook5OnOxjKZ5g==",
        "dependencies": {
          "CShells.Abstractions": "0.0.28",
          "JetBrains.Annotations": "2025.2.4",
          "Microsoft.Extensions.DependencyModel": "10.0.1"
        }
      },
      "CShells.Abstractions": {
        "type": "CentralTransitive",
        "requested": "[0.0.28, 0.0.28]",
        "resolved": "0.0.28",
        "contentHash": "+AdhE7p4mrhk3KHyWXCpaWpF+cuWUUN63rRl1rRwTnyA/6FRFeXqAF6ZowkABXDNfzeyLe5fx7jWcVyWHbj1tQ==",
        "dependencies": {
          "JetBrains.Annotations": "2025.2.4"
        }
      },
      "CShells.AspNetCore": {
        "type": "CentralTransitive",
        "requested": "[0.0.28, 0.0.28]",
        "resolved": "0.0.28",
        "contentHash": "2md72TbS2KWYAnOdFrZ8oVZX+ZQVaDn0F/swjOWhNd2BCRGHVZQN4syRARLIpCeV7TbFHGuvAts84XUTQup5dw==",
        "dependencies": {
          "CShells": "0.0.28",
          "CShells.AspNetCore.Abstractions": "0.0.28",
          "JetBrains.Annotations": "2025.2.4"
        }
      },
      "CShells.AspNetCore.Abstractions": {
        "type": "CentralTransitive",
        "requested": "[0.0.28, 0.0.28]",
        "resolved": "0.0.28",
        "contentHash": "E5eySQPEiCwCaQ5ckw+L5HTTaMu5KNbqIM0pzRLa0yCaMKr+2yoj8J+7afmppgRVbQTcjuIAgTJh8HnS99Tfjg==",
        "dependencies": {
          "CShells.Abstractions": "0.0.28",
          "JetBrains.Annotations": "2025.2.4"
        }
      }
    }
  }
}