{
  "version": 2,
  "dependencies": {
    "net10.0": {
      "Cronos": {
        "type": "Direct",
        "requested": "[0.13.0, 0.13.0]",
        "resolved": "0.13.0",
        "contentHash": "Nkve+Yi0+ol3ntSBRHeW0ka9cJQ8vndSUvvkXqF9LVqwpoqWueyxu/HS275r98RDOmF7/mzRnZW5XXUBXob+TA=="
      },
      "orbyss.programkit.artifacts": {
        "type": "Project"
      },
      "orbyss.programkit.tasks.core": {
        "type": "Project",
        "dependencies": {
          "Orbyss.ProgramKit.Artifacts": "[0.1.0-alpha.2, )"
        }
      },
      "orbyss.programkit.tasks.schedules": {
        "type": "Project",
        "dependencies": {
          "Orbyss.ProgramKit.Tasks.Core": "[0.1.0-alpha.2, )"
        }
      }
    }
  }
}