{
  "version": 2,
  "dependencies": {
    "net10.0": {
      "Microsoft.Testing.Extensions.CodeCoverage": {
        "type": "Direct",
        "requested": "[18.9.0, )",
        "resolved": "18.9.0",
        "contentHash": "Odp8djWEUFTJoRV02y0zJaAwAHF31CtNaDgnKKM+8dBHbbaH7Ee0oo9gweLpbzjI7UrtMUzH6xLJSrICZw+Nwg==",
        "dependencies": {
          "Microsoft.DiaSymReader": "2.2.9",
          "Microsoft.Extensions.DependencyModel": "10.0.8",
          "Microsoft.Testing.Platform": "2.3.0"
        }
      },
      "Microsoft.Testing.Extensions.TrxReport": {
        "type": "Direct",
        "requested": "[2.3.2, )",
        "resolved": "2.3.2",
        "contentHash": "JzCtiOAmIfkPP2PpAKZeiH1hVYIVC9jMhsPWrd6PnH/Wtuct1UMuxpKi2F1cmXgfokc/HOadC6HOO1qzI23tnA==",
        "dependencies": {
          "Microsoft.Testing.Extensions.TrxReport.Abstractions": "2.3.2",
          "Microsoft.Testing.Platform": "2.3.2"
        }
      },
      "MSTest.TestAdapter": {
        "type": "Direct",
        "requested": "[4.3.2, )",
        "resolved": "4.3.2",
        "contentHash": "uqpjJqQ3ws5z7Pq6BfMFpuqdrN2YIfe0Gfww91LRVXwxBdLqUaJd4JbHUImOSQvmK5m3PqW285kPjKbb69QFoA==",
        "dependencies": {
          "MSTest.TestFramework": "4.3.2",
          "Microsoft.Testing.Extensions.VSTestBridge": "2.3.2",
          "Microsoft.Testing.Platform.MSBuild": "2.3.2"
        }
      },
      "MSTest.TestFramework": {
        "type": "Direct",
        "requested": "[4.3.2, )",
        "resolved": "4.3.2",
        "contentHash": "Vlj3THt/BcOV/93k0Cdq29RNEsrY3TvUV6mF13rOuY8Gx7Ltd+LrOYId8AYu0cH9ioCYY/Sx1hppfI9p/vP+aw==",
        "dependencies": {
          "MSTest.Analyzers": "4.3.2"
        }
      },
      "Azure.Core": {
        "type": "Transitive",
        "resolved": "1.54.0",
        "contentHash": "m6hHbx1q9+GCBZ5A9ykzFylPdTwscX2APH7PlnqV+yu+DH3RRtuIDJMRqdU17cMyinv0hCPofpegoyQ6qWPW7g==",
        "dependencies": {
          "Microsoft.Bcl.AsyncInterfaces": "10.0.3",
          "Microsoft.Identity.Client": "4.83.1",
          "Microsoft.Identity.Client.Extensions.Msal": "4.83.1",
          "System.ClientModel": "1.10.0",
          "System.Memory.Data": "10.0.3"
        }
      },
      "Azure.Security.KeyVault.Secrets": {
        "type": "Transitive",
        "resolved": "4.10.0",
        "contentHash": "lcJtcgTkk1gGy59RQhGLJLMyad+zgASMn975PVjMft69q+jjFTo6Nyq5SCtOhPY1WvA0gNI1qYIVN2oikVXDjw==",
        "dependencies": {
          "Azure.Core": "1.53.0"
        }
      },
      "CShells.FastEndpoints.Abstractions": {
        "type": "Transitive",
        "resolved": "0.0.28",
        "contentHash": "gU0gMtXt08d/HhqHidqPHECdY19mdubOdDhW/UBnkxbDeA1d3oIBLw/5jHO7ISIYL9yJNG+9x5r9yBdU+zJdfw==",
        "dependencies": {
          "CShells.Abstractions": "0.0.28",
          "FastEndpoints": "7.2.0",
          "JetBrains.Annotations": "2025.2.4"
        }
      },
      "FastEndpoints.Attributes": {
        "type": "Transitive",
        "resolved": "7.2.0",
        "contentHash": "gn6/JW0QaSANrcUXDfexW8y3bDT/dYWk0sxvvgJWoRTR1WIyipkLE9AIWdBeVsVbVQP9gZWKgVzRMMm86Zq9HA=="
      },
      "FastEndpoints.Core": {
        "type": "Transitive",
        "resolved": "7.2.0",
        "contentHash": "nvclrOvmtyhR2WggtuuqI5aj4ICaMOOBx/buPlUqJ1S8OV5hgHr5SEEKfA9eRihiFJ3LGMcyxTd2+YWtFaeZAA=="
      },
      "FastEndpoints.JobQueues": {
        "type": "Transitive",
        "resolved": "7.2.0",
        "contentHash": "IC6EA/pBMRoXl5EQZrzZfXk6gyzxE6tBipQ8r+kkRuIXQX6LScvlL34gNs0kjXHO1+BS85/gwatDpvD6T5uNDw==",
        "dependencies": {
          "FastEndpoints.Messaging": "7.2.0"
        }
      },
      "FastEndpoints.Messaging": {
        "type": "Transitive",
        "resolved": "7.2.0",
        "contentHash": "29i3GfBpQ2VJA9XRb+k2IRIWRaxsxeDrVBgL78Gq8t3BMjq/QNBdN2P83uJfV0kJGfV813SviDbPo3gk+OW8MQ==",
        "dependencies": {
          "FastEndpoints.Core": "7.2.0",
          "FastEndpoints.Messaging.Core": "7.2.0"
        }
      },
      "FastEndpoints.Messaging.Core": {
        "type": "Transitive",
        "resolved": "7.2.0",
        "contentHash": "uRbFy6dmVie3wwlOjgrrE6lu5+U1SXmo8kwsr3Xzv/WnHrDw4vXFiqb8FmuS9q9jMGDn2UoYii5H0jC9g1RWDg=="
      },
      "FluentValidation": {
        "type": "Transitive",
        "resolved": "12.1.1",
        "contentHash": "EPpkIe1yh1a0OXyC100oOA8WMbZvqUu5plwhvYcb7oSELfyUZzfxV48BLhvs3kKo4NwG7MGLNgy1RJiYtT8Dpw=="
      },
      "Humanizer.Core": {
        "type": "Transitive",
        "resolved": "3.0.10",
        "contentHash": "yZIhtw8sYuvsONzQbZxWpR60tMWYHXoo0DL6nyOqSFiU5POjBTSEyWFpTQtJEZuy+oqiYTXKXY/Mjx7KnqIQFw=="
      },
      "JetBrains.Annotations": {
        "type": "Transitive",
        "resolved": "2025.2.4",
        "contentHash": "TwbgxAkXxY+vNEhNVx/QXjJ4vqxmepOjsgRvvImQPbHkHMMb4W+ahL3laMsxXKtNT7iMy+E1B3xkqao2hf1n3A=="
      },
      "Json.More.Net": {
        "type": "Transitive",
        "resolved": "3.0.1",
        "contentHash": "fRctF2J2SILYG6wqP21drmeEODmCVkVQ/b3MndDu2fT1swfySyUgq7ePCk+aENGlDcIm05fyfjh9vcuqDEfv3w=="
      },
      "JsonPointer.Net": {
        "type": "Transitive",
        "resolved": "7.0.1",
        "contentHash": "5C497yxfktYFsqxKG+GUQPsMvBqIjzLkqtDEdMGsnBpl3/OB8DOvTo7LEyRX7AVc1kVVj0IX5zhmLrlbvAYEnw==",
        "dependencies": {
          "Humanizer.Core": "3.0.10",
          "Json.More.Net": "3.0.1"
        }
      },
      "Microsoft.ApplicationInsights": {
        "type": "Transitive",
        "resolved": "2.23.0",
        "contentHash": "nWArUZTdU7iqZLycLKWe0TDms48KKGE6pONH2terYNa8REXiqixrMOkf1sk5DHGMaUTqONU2YkS4SAXBhLStgw=="
      },
      "Microsoft.Bcl.AsyncInterfaces": {
        "type": "Transitive",
        "resolved": "10.0.3",
        "contentHash": "TV62UsrJZPX6gbt3c4WrtXh7bmaDIcMqf9uft1cc4L6gJXOU07hDGEh+bFQh/L2Az0R1WVOkiT66lFqS6G2NmA=="
      },
      "Microsoft.Bcl.Cryptography": {
        "type": "Transitive",
        "resolved": "10.0.2",
        "contentHash": "LG9Yll3B5aNpxv0+D47g6LiOiKBIlodhcHdQwcYzo8VeexFLGqx5ymetmA2aBRyo9cCcWsQWrFsdbsr8LvmWDw=="
      },
      "Microsoft.DiaSymReader": {
        "type": "Transitive",
        "resolved": "2.2.9",
        "contentHash": "WLbDc/W9XkHpGVtd1L6Vml8W6+PaaYZZTJASHjHF7W2WX/hld6bfNK102Ui+I3a6zIdx4+oKRJtMgHz44JmBfw=="
      },
      "Microsoft.Extensions.DependencyModel": {
        "type": "Transitive",
        "resolved": "10.0.8",
        "contentHash": "vLyZVpxmduO2jx+76ggqnsA3m81kwMY3NkWciNTj5E+Nvqb0VihqCvQP89QsGONWp0AJwMZG+u9GzaCjDdFGNw=="
      },
      "Microsoft.Identity.Client": {
        "type": "Transitive",
        "resolved": "4.83.1",
        "contentHash": "jOLIrZ3cynoqHLLO1cXplFFabrhrMEYs/EuKHvmCyrOm1axqiVFT6nCSnHxk7w5+d2BeQfCdM12Yf/0X7OeS1g==",
        "dependencies": {
          "Microsoft.IdentityModel.Abstractions": "8.14.0"
        }
      },
      "Microsoft.Identity.Client.Extensions.Msal": {
        "type": "Transitive",
        "resolved": "4.83.1",
        "contentHash": "I3k4J4Hj4KbLEFanjeUzzDOVecukETaTgEkJ7h2pP/Yazs6SLp6TVUTo/Eo+ptPXMwvc+iX7rBFtMSUrA7R+Mg==",
        "dependencies": {
          "Microsoft.Identity.Client": "4.83.1",
          "System.Security.Cryptography.ProtectedData": "4.5.0"
        }
      },
      "Microsoft.IdentityModel.Abstractions": {
        "type": "Transitive",
        "resolved": "8.19.2",
        "contentHash": "HJbo/lnSfNHUfphPRT910poQc4T2/9+8svFLvzuaYHGAOJ2Tu+oEDqpX0BVP3BJ4OuUM1kylEKyaiX2fCAK3Cw=="
      },
      "Microsoft.IdentityModel.JsonWebTokens": {
        "type": "Transitive",
        "resolved": "8.19.2",
        "contentHash": "ui3fuBT4fs8kdKfBthI4NzLYIBIneEVS8UrL1JVBzAn80UiKmngBBi0BEByE7n/9c+EElcfFlCMFFTqpkBSLNA==",
        "dependencies": {
          "Microsoft.IdentityModel.Tokens": "8.19.2"
        }
      },
      "Microsoft.IdentityModel.Logging": {
        "type": "Transitive",
        "resolved": "8.19.2",
        "contentHash": "r5YLDIxGOnkVJHrqXv/iD1FM1CgGrQOdriXuvuWvTPmKbnGANhEysq9XKmN6IHjf2a+9bAGEpnoRBsAQlvJU5w==",
        "dependencies": {
          "Microsoft.IdentityModel.Abstractions": "8.19.2"
        }
      },
      "Microsoft.IdentityModel.Protocols": {
        "type": "Transitive",
        "resolved": "8.19.2",
        "contentHash": "sGxSsSrZXNmca6D+jHH2rVRyo2nNRd/g4H9CFbPmLLq0xgoH1U0orLWE5minfijw7+zq49tBs7txenbfAErRoQ==",
        "dependencies": {
          "Microsoft.IdentityModel.Tokens": "8.19.2"
        }
      },
      "Microsoft.IdentityModel.Protocols.OpenIdConnect": {
        "type": "Transitive",
        "resolved": "8.19.2",
        "contentHash": "1XOcyY36cVymzE3qKdzKaUEZ4Pzt7ZpSa14JZoPPK1NLFUkQDs85TCqpV6XDo0YjFXj6nVK00AfOHppjghjhtw==",
        "dependencies": {
          "Microsoft.IdentityModel.Protocols": "8.19.2",
          "System.IdentityModel.Tokens.Jwt": "8.19.2"
        }
      },
      "Microsoft.IdentityModel.Tokens": {
        "type": "Transitive",
        "resolved": "8.19.2",
        "contentHash": "GtPC1S02uH1gOO4fQ+zRysIicKmEXaYFP8PIkdJYXqMyruYhopre4ozVHp0XiDSA0+GJvOZH9prxCPvgBMg4Ww==",
        "dependencies": {
          "Microsoft.Bcl.Cryptography": "10.0.2",
          "Microsoft.IdentityModel.Logging": "8.19.2"
        }
      },
      "Microsoft.Testing.Extensions.Telemetry": {
        "type": "Transitive",
        "resolved": "2.3.2",
        "contentHash": "Q1iapTk1DwFFT9aPtv4wxJHe22++NLxsg7IekEujac9RDAugxGQdCN0SQ1b9ryF78cdidhSBB17pHdCANurOyQ==",
        "dependencies": {
          "Microsoft.ApplicationInsights": "2.23.0",
          "Microsoft.Testing.Platform": "2.3.2"
        }
      },
      "Microsoft.Testing.Extensions.TrxReport.Abstractions": {
        "type": "Transitive",
        "resolved": "2.3.2",
        "contentHash": "frw+Qa6gUxOZSw2Mw6SPtJT9gPzcP4nS9TfQhS0cHXKL6Rcp/CqLG+o4Psc1bHAhxW04rpzTBhjpNMnw2L7BuQ==",
        "dependencies": {
          "Microsoft.Testing.Platform": "2.3.2"
        }
      },
      "Microsoft.Testing.Extensions.VSTestBridge": {
        "type": "Transitive",
        "resolved": "2.3.2",
        "contentHash": "DXJIaLlwt+6GnPurlf7eVMI0wAZV5KCZrgGPibhx9i9LNxAkwEOK2jVzdVjLvvZ/SX9MUUaGJB9yXuF/VoT4/w==",
        "dependencies": {
          "Microsoft.TestPlatform.ObjectModel": "18.4.0",
          "Microsoft.Testing.Extensions.Telemetry": "2.3.2",
          "Microsoft.Testing.Extensions.TrxReport.Abstractions": "2.3.2",
          "Microsoft.Testing.Platform": "2.3.2"
        }
      },
      "Microsoft.Testing.Platform": {
        "type": "Transitive",
        "resolved": "2.3.2",
        "contentHash": "FuJgIEfNU+rFHJYGhuqA8uup+3cryJ1N67Tijqo01Jd5xAr28ptz0aXkFfSqK3MhAUmGsrPpgQ92+3+0oXv8AA=="
      },
      "Microsoft.Testing.Platform.MSBuild": {
        "type": "Transitive",
        "resolved": "2.3.2",
        "contentHash": "guFvvaE8FGUlB6h24jN+P+NBz/P5x4On9sk4n5UapUAPq4fr0y1AgUe4sXmItp7r2NMe3rhZYLE1teP9T9sVbg==",
        "dependencies": {
          "Microsoft.Testing.Platform": "2.3.2"
        }
      },
      "Microsoft.TestPlatform.ObjectModel": {
        "type": "Transitive",
        "resolved": "18.4.0",
        "contentHash": "4L6m2kS2pY5uJ9cpeRxzW22opr6ttScIRqsOpMDQpgENp/ZwxkkQCcmc6LRSURo2dFaaSW5KVflQZvroiJ7Wzg=="
      },
      "MSTest.Analyzers": {
        "type": "Transitive",
        "resolved": "4.3.2",
        "contentHash": "GNvrVI6/Y5pNoKnK1/VELBls3XiHNZaj+zh14LtwlCqFI8zXTW3vuBe0Jv2qEr9wxHlOAQQBTJPRoNRjneGrKQ=="
      },
      "OpenTelemetry": {
        "type": "Transitive",
        "resolved": "1.17.0",
        "contentHash": "rMLOTftlMlTm7+MSrvXDHnJRjVkROFNKXHZrYjOsX+LankaFG7QSflx7qRRGjoqZoirohnxmJQ7GEb9occO4Gg==",
        "dependencies": {
          "OpenTelemetry.Api.ProviderBuilderExtensions": "1.17.0"
        }
      },
      "OpenTelemetry.Api": {
        "type": "Transitive",
        "resolved": "1.17.0",
        "contentHash": "mSBxzomZgHIJu9CyVNqyDu/n2JHEtqVgfcCD1Br0cV5iLYogjZOMqhlVLt99PEp+0KGBNUR3GXgeOdN2GR3F9g=="
      },
      "OpenTelemetry.Api.ProviderBuilderExtensions": {
        "type": "Transitive",
        "resolved": "1.17.0",
        "contentHash": "Xgc3Qf9B9TFMFpx6exTdGqMWuYIT2miNzkdMPutVvT9YuMFaEovXWke1Gb6z8NxYaQbbGF38vYLuSg1JCeui5Q==",
        "dependencies": {
          "OpenTelemetry.Api": "1.17.0"
        }
      },
      "System.ClientModel": {
        "type": "Transitive",
        "resolved": "1.10.0",
        "contentHash": "lBEWs54F5Y5pZ9hC+8z4S/X76957ex+DPk7WecRHlbIHtrPfbRMMlOgI3iDn4Jpb3bSxvBnKaaHoD59auFjlBA==",
        "dependencies": {
          "System.Memory.Data": "10.0.3"
        }
      },
      "System.ComponentModel.Annotations": {
        "type": "Transitive",
        "resolved": "5.0.0",
        "contentHash": "dMkqfy2el8A8/I76n2Hi1oBFEbG1SfxD2l5nhwXV3XjlnOmwxJlQbYpJH4W51odnU9sARCSAgv7S3CyAFMkpYg=="
      },
      "System.IdentityModel.Tokens.Jwt": {
        "type": "Transitive",
        "resolved": "8.19.2",
        "contentHash": "gqhDC/icByKEutygpr+OFgAmjwTVowyzFjWB8K0q1ww8uFj5a1BQNL+QvijUl9uhq4p8OdDwcAIrjVC+eC9FVA==",
        "dependencies": {
          "Microsoft.IdentityModel.JsonWebTokens": "8.19.2",
          "Microsoft.IdentityModel.Tokens": "8.19.2"
        }
      },
      "System.Memory.Data": {
        "type": "Transitive",
        "resolved": "10.0.3",
        "contentHash": "MaGhRfGunmrj/nHjtsi9XkhlYJ/ERGWrbA+BiSKNtGnAjc9XlG5EhAvak6VRcX5LYzPF6pBO8nJ613dTgzabig=="
      },
      "System.Security.Cryptography.ProtectedData": {
        "type": "Transitive",
        "resolved": "4.5.0",
        "contentHash": "wLBKzFnDCxP12VL9ANydSYhk59fC4cvOr9ypYQLPnAj48NQIhqnjdD2yhP8yEKyBJEjERWS9DisKL7rX5eU25Q=="
      },
      "orbyss.programkit.architecture": {
        "type": "Project",
        "dependencies": {
          "Orbyss.ProgramKit.Artifacts": "[0.1.0-alpha.1, )"
        }
      },
      "orbyss.programkit.artifacts": {
        "type": "Project"
      },
      "Orbyss.ProgramKit.AzureConfigurationConsumerFixture": {
        "type": "Project",
        "dependencies": {
          "Azure.Extensions.AspNetCore.Configuration.Secrets": "[1.5.1, 1.5.1]"
        }
      },
      "orbyss.programkit.capabilitybundle": {
        "type": "Project"
      },
      "orbyss.programkit.commandline": {
        "type": "Project",
        "dependencies": {
          "Orbyss.ProgramKit.DotNet": "[0.1.0-alpha.1, )",
          "Orbyss.ProgramKit.Operations": "[0.1.0-alpha.1, )",
          "Orbyss.ProgramKit.SecretResolution": "[0.1.0-alpha.1, )",
          "Orbyss.ProgramKit.Workbench": "[0.1.0-alpha.1, )"
        }
      },
      "Orbyss.ProgramKit.ConfigurationConsumerFixture": {
        "type": "Project",
        "dependencies": {
          "Microsoft.Extensions.Configuration.Json": "[10.0.10, 10.0.10]",
          "Microsoft.Extensions.Configuration.KeyPerFile": "[10.0.10, 10.0.10]",
          "Microsoft.Extensions.DependencyInjection": "[10.0.10, 10.0.10]",
          "Microsoft.Extensions.Hosting": "[10.0.10, 10.0.10]",
          "Microsoft.Extensions.Options.ConfigurationExtensions": "[10.0.10, 10.0.10]",
          "Microsoft.Extensions.Options.DataAnnotations": "[10.0.10, 10.0.10]"
        }
      },
      "orbyss.programkit.csharpbuildgates.contracts": {
        "type": "Project",
        "dependencies": {
          "Orbyss.ProgramKit.Artifacts": "[0.1.0-alpha.1, )"
        }
      },
      "orbyss.programkit.devcontainers": {
        "type": "Project",
        "dependencies": {
          "Orbyss.ProgramKit.Artifacts": "[0.1.0-alpha.1, )"
        }
      },
      "orbyss.programkit.development": {
        "type": "Project",
        "dependencies": {
          "Orbyss.ProgramKit.Artifacts": "[0.1.0-alpha.1, )",
          "Orbyss.ProgramKit.Planning": "[0.1.0-alpha.1, )"
        }
      },
      "orbyss.programkit.dotnet": {
        "type": "Project",
        "dependencies": {
          "Orbyss.ProgramKit.Architecture": "[0.1.0-alpha.1, )",
          "Orbyss.ProgramKit.Operations": "[0.1.0-alpha.1, )",
          "Orbyss.ProgramKit.Planning": "[0.1.0-alpha.1, )",
          "Orbyss.ProgramKit.Quality": "[0.1.0-alpha.1, )",
          "Orbyss.ProgramKit.SecretResolution": "[0.1.0-alpha.1, )",
          "Orbyss.ProgramKit.Serialization.JSON": "[0.1.0-alpha.1, )",
          "Orbyss.ProgramKit.Tasks": "[0.1.0-alpha.1, )",
          "Orbyss.ProgramKit.Tasks.Core": "[0.1.0-alpha.1, )",
          "Orbyss.ProgramKit.Tasks.Schedules": "[0.1.0-alpha.1, )",
          "Orbyss.ProgramKit.Workbench": "[0.1.0-alpha.1, )"
        }
      },
      "Orbyss.ProgramKit.FastEndpointsConsumerFixture": {
        "type": "Project",
        "dependencies": {
          "CShells.FastEndpoints": "[0.0.28, 0.0.28]",
          "FastEndpoints": "[7.2.0, 7.2.0]",
          "Microsoft.AspNetCore.TestHost": "[10.0.10, 10.0.10]"
        }
      },
      "orbyss.programkit.modularity": {
        "type": "Project",
        "dependencies": {
          "Orbyss.ProgramKit.Artifacts": "[0.1.0-alpha.1, )"
        }
      },
      "orbyss.programkit.modularity.inprocess": {
        "type": "Project",
        "dependencies": {
          "Orbyss.ProgramKit.Modularity": "[0.1.0-alpha.1, )"
        }
      },
      "Orbyss.ProgramKit.OAuthServiceClientConsumerFixture": {
        "type": "Project"
      },
      "orbyss.programkit.operations": {
        "type": "Project",
        "dependencies": {
          "Orbyss.ProgramKit.Artifacts": "[0.1.0-alpha.1, )"
        }
      },
      "Orbyss.ProgramKit.OperationsConsumerFixture": {
        "type": "Project",
        "dependencies": {
          "Orbyss.ProgramKit.Operations": "[0.1.0-alpha.1, )"
        }
      },
      "orbyss.programkit.planning": {
        "type": "Project",
        "dependencies": {
          "Orbyss.ProgramKit.Artifacts": "[0.1.0-alpha.1, )",
          "Orbyss.ProgramKit.Quality": "[0.1.0-alpha.1, )"
        }
      },
      "Orbyss.ProgramKit.PublicBrowserVerificationFixture": {
        "type": "Project",
        "dependencies": {
          "Microsoft.Playwright": "[1.61.0, 1.61.0]"
        }
      },
      "orbyss.programkit.quality": {
        "type": "Project",
        "dependencies": {
          "Orbyss.ProgramKit.Artifacts": "[0.1.0-alpha.1, )"
        }
      },
      "orbyss.programkit.secretresolution": {
        "type": "Project",
        "dependencies": {
          "Orbyss.ProgramKit.Artifacts": "[0.1.0-alpha.1, )"
        }
      },
      "Orbyss.ProgramKit.SecretResolutionConsumerFixture": {
        "type": "Project",
        "dependencies": {
          "Microsoft.Extensions.Hosting": "[10.0.10, 10.0.10]",
          "Orbyss.ProgramKit.SecretResolution": "[0.1.0-alpha.1, )"
        }
      },
      "Orbyss.ProgramKit.SecurityConsumerFixture": {
        "type": "Project",
        "dependencies": {
          "Microsoft.AspNetCore.Authentication.JwtBearer": "[10.0.10, 10.0.10]",
          "Microsoft.AspNetCore.Authentication.OpenIdConnect": "[10.0.10, 10.0.10]"
        }
      },
      "orbyss.programkit.serialization.json": {
        "type": "Project",
        "dependencies": {
          "Microsoft.Extensions.DependencyInjection.Abstractions": "[10.0.10, 10.0.10]",
          "Orbyss.ProgramKit.Artifacts": "[0.1.0-alpha.1, )"
        }
      },
      "orbyss.programkit.tasks": {
        "type": "Project",
        "dependencies": {
          "Microsoft.Extensions.DependencyInjection.Abstractions": "[10.0.10, 10.0.10]",
          "Orbyss.ProgramKit.Modularity": "[0.1.0-alpha.1, )",
          "Orbyss.ProgramKit.Tasks.Core": "[0.1.0-alpha.1, )"
        }
      },
      "orbyss.programkit.tasks.core": {
        "type": "Project",
        "dependencies": {
          "Orbyss.ProgramKit.Artifacts": "[0.1.0-alpha.1, )"
        }
      },
      "orbyss.programkit.tasks.hosting": {
        "type": "Project",
        "dependencies": {
          "Microsoft.Extensions.DependencyInjection": "[10.0.10, 10.0.10]",
          "Microsoft.Extensions.Diagnostics.HealthChecks": "[10.0.10, 10.0.10]",
          "Microsoft.Extensions.Diagnostics.HealthChecks.Abstractions": "[10.0.10, 10.0.10]",
          "Microsoft.Extensions.Hosting.Abstractions": "[10.0.10, 10.0.10]",
          "Orbyss.ProgramKit.Tasks": "[0.1.0-alpha.1, )"
        }
      },
      "orbyss.programkit.tasks.inprocess": {
        "type": "Project",
        "dependencies": {
          "Orbyss.ProgramKit.Tasks": "[0.1.0-alpha.1, )"
        }
      },
      "orbyss.programkit.tasks.schedules": {
        "type": "Project",
        "dependencies": {
          "Orbyss.ProgramKit.Tasks.Core": "[0.1.0-alpha.1, )"
        }
      },
      "orbyss.programkit.tasks.schedules.cronos": {
        "type": "Project",
        "dependencies": {
          "Cronos": "[0.13.0, 0.13.0]",
          "Orbyss.ProgramKit.Tasks.Schedules": "[0.1.0-alpha.1, )"
        }
      },
      "Orbyss.ProgramKit.TasksCoreDomainConsumerFixture": {
        "type": "Project",
        "dependencies": {
          "Orbyss.ProgramKit.Tasks.Core": "[0.1.0-alpha.1, )"
        }
      },
      "Orbyss.ProgramKit.TelemetryConsumerFixture": {
        "type": "Project",
        "dependencies": {
          "OpenTelemetry.Exporter.OpenTelemetryProtocol": "[1.17.0, 1.17.0]",
          "OpenTelemetry.Extensions.Hosting": "[1.17.0, 1.17.0]",
          "OpenTelemetry.Instrumentation.AspNetCore": "[1.17.0, 1.17.0]",
          "OpenTelemetry.Instrumentation.Http": "[1.17.0, 1.17.0]"
        }
      },
      "Orbyss.ProgramKit.TransportFailureConsumerFixture": {
        "type": "Project"
      },
      "Orbyss.ProgramKit.UniversalContractConsumerFixture": {
        "type": "Project",
        "dependencies": {
          "Orbyss.ProgramKit.Architecture": "[0.1.0-alpha.1, )",
          "Orbyss.ProgramKit.Artifacts": "[0.1.0-alpha.1, )",
          "Orbyss.ProgramKit.Development": "[0.1.0-alpha.1, )",
          "Orbyss.ProgramKit.Planning": "[0.1.0-alpha.1, )",
          "Orbyss.ProgramKit.Quality": "[0.1.0-alpha.1, )"
        }
      },
      "orbyss.programkit.workbench": {
        "type": "Project",
        "dependencies": {
          "JsonSchema.Net": "[9.3.0, 9.3.0]",
          "Orbyss.ProgramKit.Architecture": "[0.1.0-alpha.1, )",
          "Orbyss.ProgramKit.Artifacts": "[0.1.0-alpha.1, )",
          "Orbyss.ProgramKit.Development": "[0.1.0-alpha.1, )",
          "Orbyss.ProgramKit.Planning": "[0.1.0-alpha.1, )",
          "Orbyss.ProgramKit.Quality": "[0.1.0-alpha.1, )",
          "Orbyss.ProgramKit.Serialization.JSON": "[0.1.0-alpha.1, )"
        }
      },
      "Azure.Extensions.AspNetCore.Configuration.Secrets": {
        "type": "CentralTransitive",
        "requested": "[1.5.1, 1.5.1]",
        "resolved": "1.5.1",
        "contentHash": "2Io9af/y8GH1jfu//BQrYcwb+MZOJG+au2KCv+ltWM6PBCghbhaDyZWDkYWNWIougZgoHtyKM0CnlGi+9XAu/A==",
        "dependencies": {
          "Azure.Core": "1.54.0",
          "Azure.Security.KeyVault.Secrets": "4.10.0"
        }
      },
      "Cronos": {
        "type": "CentralTransitive",
        "requested": "[0.13.0, 0.13.0]",
        "resolved": "0.13.0",
        "contentHash": "Nkve+Yi0+ol3ntSBRHeW0ka9cJQ8vndSUvvkXqF9LVqwpoqWueyxu/HS275r98RDOmF7/mzRnZW5XXUBXob+TA=="
      },
      "CShells": {
        "type": "CentralTransitive",
        "requested": "[0.0.28, 0.0.28]",
        "resolved": "0.0.28",
        "contentHash": "yO2OuMpd9B94021n9o9FeBAwbae1wpNu1Zq/FdO7mTCzuRStPzSqejjFtQxJ0o7fcN8qK7T0jook5OnOxjKZ5g==",
        "dependencies": {
          "CShells.Abstractions": "0.0.28",
          "JetBrains.Annotations": "2025.2.4",
          "Microsoft.Extensions.DependencyModel": "10.0.1"
        }
      },
      "CShells.Abstractions": {
        "type": "CentralTransitive",
        "requested": "[0.0.28, 0.0.28]",
        "resolved": "0.0.28",
        "contentHash": "+AdhE7p4mrhk3KHyWXCpaWpF+cuWUUN63rRl1rRwTnyA/6FRFeXqAF6ZowkABXDNfzeyLe5fx7jWcVyWHbj1tQ==",
        "dependencies": {
          "JetBrains.Annotations": "2025.2.4"
        }
      },
      "CShells.AspNetCore": {
        "type": "CentralTransitive",
        "requested": "[0.0.28, 0.0.28]",
        "resolved": "0.0.28",
        "contentHash": "2md72TbS2KWYAnOdFrZ8oVZX+ZQVaDn0F/swjOWhNd2BCRGHVZQN4syRARLIpCeV7TbFHGuvAts84XUTQup5dw==",
        "dependencies": {
          "CShells": "0.0.28",
          "CShells.AspNetCore.Abstractions": "0.0.28",
          "JetBrains.Annotations": "2025.2.4"
        }
      },
      "CShells.AspNetCore.Abstractions": {
        "type": "CentralTransitive",
        "requested": "[0.0.28, 0.0.28]",
        "resolved": "0.0.28",
        "contentHash": "E5eySQPEiCwCaQ5ckw+L5HTTaMu5KNbqIM0pzRLa0yCaMKr+2yoj8J+7afmppgRVbQTcjuIAgTJh8HnS99Tfjg==",
        "dependencies": {
          "CShells.Abstractions": "0.0.28",
          "JetBrains.Annotations": "2025.2.4"
        }
      },
      "CShells.FastEndpoints": {
        "type": "CentralTransitive",
        "requested": "[0.0.28, 0.0.28]",
        "resolved": "0.0.28",
        "contentHash": "u64ExNddMIR/si8SiXKLwzZ1L0uo60swPSDc47CuYvisx6cOGv7AF9iRkmbKBkR9dHzh4gd7HVwOfYiehW+FyQ==",
        "dependencies": {
          "CShells.AspNetCore": "0.0.28",
          "CShells.FastEndpoints.Abstractions": "0.0.28",
          "FastEndpoints": "7.2.0",
          "JetBrains.Annotations": "2025.2.4"
        }
      },
      "FastEndpoints": {
        "type": "CentralTransitive",
        "requested": "[7.2.0, 7.2.0]",
        "resolved": "7.2.0",
        "contentHash": "igYC/SHrNwv8Ek+o0rjGALIONCIuQP7a6CMLSHGKRzFpjwdbI4JvsLlAfkb720bIF3B/dH1zRcEZejHeyDL2Rg==",
        "dependencies": {
          "FastEndpoints.Attributes": "7.2.0",
          "FastEndpoints.JobQueues": "7.2.0",
          "FastEndpoints.Messaging": "7.2.0",
          "FluentValidation": "12.1.1"
        }
      },
      "JsonSchema.Net": {
        "type": "CentralTransitive",
        "requested": "[9.3.0, 9.3.0]",
        "resolved": "9.3.0",
        "contentHash": "d780/OM10Vi3ZwXtWsdjSwg4T2Gv6PEs4QO1TOcfwYJsT3IpkV6u6RUJYDxNFifc4jsNeIk+0RgRh1X38R5ySA==",
        "dependencies": {
          "JsonPointer.Net": "7.0.1"
        }
      },
      "Microsoft.AspNetCore.Authentication.JwtBearer": {
        "type": "CentralTransitive",
        "requested": "[10.0.10, 10.0.10]",
        "resolved": "10.0.10",
        "contentHash": "VAcqS42zb9WJd9DjPdkVTS5YrQENmNzPNJuRu8VAW7x3TEWUipc4d4hHzVJdFB0h/KLdr4XcXZzRHcUOKVanMQ==",
        "dependencies": {
          "Microsoft.IdentityModel.Protocols.OpenIdConnect": "8.19.2"
        }
      },
      "Microsoft.AspNetCore.Authentication.OpenIdConnect": {
        "type": "CentralTransitive",
        "requested": "[10.0.10, 10.0.10]",
        "resolved": "10.0.10",
        "contentHash": "JSFSrOzl1N1iBbUIVGVdB+WaKeswxHR6qJAlE+PxImYZPhSM8KlrBRRSi3Oxytpx3DY25W8BJMKHvtMbHBxFZg==",
        "dependencies": {
          "Microsoft.IdentityModel.Protocols.OpenIdConnect": "8.19.2"
        }
      },
      "Microsoft.AspNetCore.TestHost": {
        "type": "CentralTransitive",
        "requested": "[10.0.10, 10.0.10]",
        "resolved": "10.0.10",
        "contentHash": "Kks+OpQlP/eWQhnTjkiv0H9kc9Uqa7ieAzNV62yJpZ8Ips/WwpfpwrwZUKzV83CBJaBl5OI7J2XxVVTC8vah/Q=="
      },
      "Microsoft.Extensions.Configuration.Json": {
        "type": "CentralTransitive",
        "requested": "[10.0.10, 10.0.10]",
        "resolved": "10.0.10",
        "contentHash": "uvJ6sHwjgrkMEJOgiC76G0mcZGXerwyyWkwX34EOjCbxKG6TCtfAoqDKAMsCvEBf9HxjlGQEgqsSMOGCmGBf+A=="
      },
      "Microsoft.Extensions.Configuration.KeyPerFile": {
        "type": "CentralTransitive",
        "requested": "[10.0.10, 10.0.10]",
        "resolved": "10.0.10",
        "contentHash": "wNtz8bL7KLaoU/rXLwNqlgIG8ftRt/fTRM6LnfQkP7Lo/5RNUkypL4TNt/8+Ch5z3xJGsiIfH1Vh22WGVprtdA=="
      },
      "Microsoft.Extensions.DependencyInjection": {
        "type": "CentralTransitive",
        "requested": "[10.0.10, 10.0.10]",
        "resolved": "10.0.10",
        "contentHash": "ANyvsgkNBRvcJh2XLgn8veGmajf+8m0AbKK+HPWdRL1yraSNVVSmQhFntLtdz/C795jxqqup+k05cs/3jZQPOA=="
      },
      "Microsoft.Extensions.DependencyInjection.Abstractions": {
        "type": "CentralTransitive",
        "requested": "[10.0.10, 10.0.10]",
        "resolved": "10.0.10",
        "contentHash": "z/2xXlFw2aLGjHyEm6E0tQ+In6VfzQzTrtArbQ2c0TQE16ZbyDCMGPvaUT9I0s8rgy9sRWlU2P9waW37qV04qA=="
      },
      "Microsoft.Extensions.Diagnostics.HealthChecks": {
        "type": "CentralTransitive",
        "requested": "[10.0.10, 10.0.10]",
        "resolved": "10.0.10",
        "contentHash": "R0O5oG+zAJeBSM8nNTa+Ycj2Zobyr/v6Ilo7Dha0sNB2Vq/XXoLdoecj9DAWGbN8YrPaW6u8+osTQ5Ypj7ZF0w=="
      },
      "Microsoft.Extensions.Diagnostics.HealthChecks.Abstractions": {
        "type": "CentralTransitive",
        "requested": "[10.0.10, 10.0.10]",
        "resolved": "10.0.10",
        "contentHash": "6euxgVR7NS83y0a2wLRAxfYXusLQJ2e1ah0MpQgYTYMs5lYrmdNP79C6T8uvRZdP87n5mcCcp6+w0EyWAidKZw=="
      },
      "Microsoft.Extensions.Hosting": {
        "type": "CentralTransitive",
        "requested": "[10.0.10, 10.0.10]",
        "resolved": "10.0.10",
        "contentHash": "tL9FkfV64GPUDSPvwrgyw42LVzsnVAnyrqJEuZVJbODgrQ3eL63zmzEcVWoCHzfgqUhWggzbgAyUCnz/zfI3Pg=="
      },
      "Microsoft.Extensions.Hosting.Abstractions": {
        "type": "CentralTransitive",
        "requested": "[10.0.10, 10.0.10]",
        "resolved": "10.0.10",
        "contentHash": "5LugpYGHk+mkn0a8IZgcyfBca8PCTAU9RQFoMrTdtOOidq88M2SI5f3px6ugnzgxC+eTkvYYJi8pzlUnG5xdAQ=="
      },
      "Microsoft.Extensions.Options.ConfigurationExtensions": {
        "type": "CentralTransitive",
        "requested": "[10.0.10, 10.0.10]",
        "resolved": "10.0.10",
        "contentHash": "tnBmu/LwF25ZQK+HBNCu2xrwnkKoB/XEbJyooGGoYxHrhvxbSKi7eOFiJ4AXBy/QU4vtCvCJfoi8k9Ej72qzOQ=="
      },
      "Microsoft.Extensions.Options.DataAnnotations": {
        "type": "CentralTransitive",
        "requested": "[10.0.10, 10.0.10]",
        "resolved": "10.0.10",
        "contentHash": "I9YZfS0FpPIIhU6WJgMnmKAVd4R9yFR5ck4Q3GnTpErFJxxesyiK2tFia5V8Ja9K3+XvnzIipjqE7KEZ1LIvOQ=="
      },
      "Microsoft.Playwright": {
        "type": "CentralTransitive",
        "requested": "[1.61.0, 1.61.0]",
        "resolved": "1.61.0",
        "contentHash": "VM149rQ2Pu+3xAzrO2gvh2WRgrWNbIl0jL9LG2oMC9xKUVYDnUrsh+E/5S+NQToVV4S+yhZ3NHsa6kf1PdHeag==",
        "dependencies": {
          "Microsoft.Bcl.AsyncInterfaces": "6.0.0",
          "System.ComponentModel.Annotations": "5.0.0"
        }
      },
      "OpenTelemetry.Exporter.OpenTelemetryProtocol": {
        "type": "CentralTransitive",
        "requested": "[1.17.0, 1.17.0]",
        "resolved": "1.17.0",
        "contentHash": "R1omQOrQpGlS0Cp5UIr/TAiuEA48JrPlgr1NPV5gESiTU7HhWU+ILe2EBSYb1fKdsSavZ7nZkHcUxAzofPqr2A==",
        "dependencies": {
          "OpenTelemetry": "1.17.0"
        }
      },
      "OpenTelemetry.Extensions.Hosting": {
        "type": "CentralTransitive",
        "requested": "[1.17.0, 1.17.0]",
        "resolved": "1.17.0",
        "contentHash": "t1OwL/4qgboGMobYVT+UV5zgWnFqCp4Pw8lcsmzh8m2K8PQsTKkyxrC32tqYTMYny3GOW4q5cltE3dTVzLmRew==",
        "dependencies": {
          "OpenTelemetry": "1.17.0"
        }
      },
      "OpenTelemetry.Instrumentation.AspNetCore": {
        "type": "CentralTransitive",
        "requested": "[1.17.0, 1.17.0]",
        "resolved": "1.17.0",
        "contentHash": "rGbmk1vuy1kvgZmE0ps7Vb99YZvDap6AalrrF60FwnNit1uW/PbeFZj1cpb0T8MPkYmjhBrRJ1/JB6QqXkRjHA==",
        "dependencies": {
          "OpenTelemetry.Api.ProviderBuilderExtensions": "[1.17.0, 2.0.0)"
        }
      },
      "OpenTelemetry.Instrumentation.Http": {
        "type": "CentralTransitive",
        "requested": "[1.17.0, 1.17.0]",
        "resolved": "1.17.0",
        "contentHash": "uTwVtxIJ/xB96wGYTaDsbkJVeCFdUxTwvrlDUn2YJixy0UuKc8DvQMzwKNJMTzNFiiyYO9c40id6tUHTmWs33A==",
        "dependencies": {
          "OpenTelemetry.Api.ProviderBuilderExtensions": "[1.17.0, 2.0.0)"
        }
      }
    }
  }
}