{
  "version": 2,
  "dependencies": {
    "net10.0": {
      "Humanizer.Core": {
        "type": "Transitive",
        "resolved": "3.0.10",
        "contentHash": "yZIhtw8sYuvsONzQbZxWpR60tMWYHXoo0DL6nyOqSFiU5POjBTSEyWFpTQtJEZuy+oqiYTXKXY/Mjx7KnqIQFw=="
      },
      "Json.More.Net": {
        "type": "Transitive",
        "resolved": "3.0.1",
        "contentHash": "fRctF2J2SILYG6wqP21drmeEODmCVkVQ/b3MndDu2fT1swfySyUgq7ePCk+aENGlDcIm05fyfjh9vcuqDEfv3w=="
      },
      "JsonPointer.Net": {
        "type": "Transitive",
        "resolved": "7.0.1",
        "contentHash": "5C497yxfktYFsqxKG+GUQPsMvBqIjzLkqtDEdMGsnBpl3/OB8DOvTo7LEyRX7AVc1kVVj0IX5zhmLrlbvAYEnw==",
        "dependencies": {
          "Humanizer.Core": "3.0.10",
          "Json.More.Net": "3.0.1"
        }
      },
      "Microsoft.CodeAnalysis.Common": {
        "type": "Transitive",
        "resolved": "5.6.0",
        "contentHash": "eWYNB5e92PSdkQ0xcmy2aLtrvBXNydnVi0Hj/VjaAely6XBqA3By+ClGAJaj4d16pzQmrXPLLK9RDVuS1Ec9xQ==",
        "dependencies": {
          "Microsoft.CodeAnalysis.Analyzers": "5.3.0"
        }
      },
      "orbyss.programkit.architecture": {
        "type": "Project",
        "dependencies": {
          "Orbyss.ProgramKit.Artifacts": "[0.1.0-alpha.1, )"
        }
      },
      "orbyss.programkit.artifacts": {
        "type": "Project"
      },
      "orbyss.programkit.csharpbuildgates.authoring": {
        "type": "Project",
        "dependencies": {
          "Orbyss.ProgramKit.CSharpBuildGates.Contracts": "[0.1.0-alpha.1, )"
        }
      },
      "orbyss.programkit.csharpbuildgates.contracts": {
        "type": "Project",
        "dependencies": {
          "Orbyss.ProgramKit.Artifacts": "[0.1.0-alpha.1, )"
        }
      },
      "orbyss.programkit.csharpbuildgates.testing": {
        "type": "Project",
        "dependencies": {
          "Orbyss.ProgramKit.CSharpBuildGates.Contracts": "[0.1.0-alpha.1, )",
          "Orbyss.ProgramKit.Workbench": "[0.1.0-alpha.1, )"
        }
      },
      "orbyss.programkit.development": {
        "type": "Project",
        "dependencies": {
          "Orbyss.ProgramKit.Artifacts": "[0.1.0-alpha.1, )",
          "Orbyss.ProgramKit.Planning": "[0.1.0-alpha.1, )"
        }
      },
      "orbyss.programkit.dotnet": {
        "type": "Project",
        "dependencies": {
          "Microsoft.CodeAnalysis.CSharp": "[5.6.0, 5.6.0]",
          "Orbyss.ProgramKit.Architecture": "[0.1.0-alpha.1, )",
          "Orbyss.ProgramKit.GeneratedOutputIntegrity": "[0.1.0-alpha.1, )",
          "Orbyss.ProgramKit.OpenConsole": "[0.1.0-alpha.1, )",
          "Orbyss.ProgramKit.Operations": "[0.1.0-alpha.1, )",
          "Orbyss.ProgramKit.Planning": "[0.1.0-alpha.1, )",
          "Orbyss.ProgramKit.Quality": "[0.1.0-alpha.1, )",
          "Orbyss.ProgramKit.SecretResolution": "[0.1.0-alpha.1, )",
          "Orbyss.ProgramKit.Serialization.JSON": "[0.1.0-alpha.1, )",
          "Orbyss.ProgramKit.Tasks": "[0.1.0-alpha.1, )",
          "Orbyss.ProgramKit.Tasks.Core": "[0.1.0-alpha.1, )",
          "Orbyss.ProgramKit.Tasks.Schedules": "[0.1.0-alpha.1, )",
          "Orbyss.ProgramKit.Workbench": "[0.1.0-alpha.1, )"
        }
      },
      "orbyss.programkit.generatedoutputintegrity": {
        "type": "Project"
      },
      "orbyss.programkit.modularity": {
        "type": "Project",
        "dependencies": {
          "Orbyss.ProgramKit.Artifacts": "[0.1.0-alpha.1, )"
        }
      },
      "orbyss.programkit.openconsole": {
        "type": "Project",
        "dependencies": {
          "Orbyss.ProgramKit.Artifacts": "[0.1.0-alpha.1, )"
        }
      },
      "orbyss.programkit.operations": {
        "type": "Project",
        "dependencies": {
          "Orbyss.ProgramKit.Artifacts": "[0.1.0-alpha.1, )"
        }
      },
      "orbyss.programkit.planning": {
        "type": "Project",
        "dependencies": {
          "Orbyss.ProgramKit.Artifacts": "[0.1.0-alpha.1, )",
          "Orbyss.ProgramKit.Quality": "[0.1.0-alpha.1, )"
        }
      },
      "orbyss.programkit.quality": {
        "type": "Project",
        "dependencies": {
          "Orbyss.ProgramKit.Artifacts": "[0.1.0-alpha.1, )"
        }
      },
      "orbyss.programkit.secretresolution": {
        "type": "Project",
        "dependencies": {
          "Orbyss.ProgramKit.Artifacts": "[0.1.0-alpha.1, )"
        }
      },
      "orbyss.programkit.serialization.json": {
        "type": "Project",
        "dependencies": {
          "Microsoft.Extensions.DependencyInjection.Abstractions": "[10.0.10, 10.0.10]",
          "Orbyss.ProgramKit.Artifacts": "[0.1.0-alpha.1, )"
        }
      },
      "orbyss.programkit.tasks": {
        "type": "Project",
        "dependencies": {
          "Microsoft.Extensions.DependencyInjection.Abstractions": "[10.0.10, 10.0.10]",
          "Orbyss.ProgramKit.Modularity": "[0.1.0-alpha.1, )",
          "Orbyss.ProgramKit.Tasks.Core": "[0.1.0-alpha.1, )"
        }
      },
      "orbyss.programkit.tasks.core": {
        "type": "Project",
        "dependencies": {
          "Orbyss.ProgramKit.Artifacts": "[0.1.0-alpha.1, )"
        }
      },
      "orbyss.programkit.tasks.schedules": {
        "type": "Project",
        "dependencies": {
          "Orbyss.ProgramKit.Tasks.Core": "[0.1.0-alpha.1, )"
        }
      },
      "orbyss.programkit.workbench": {
        "type": "Project",
        "dependencies": {
          "JsonSchema.Net": "[9.3.0, 9.3.0]",
          "Orbyss.ProgramKit.Architecture": "[0.1.0-alpha.1, )",
          "Orbyss.ProgramKit.Artifacts": "[0.1.0-alpha.1, )",
          "Orbyss.ProgramKit.CSharpBuildGates.Authoring": "[0.1.0-alpha.1, )",
          "Orbyss.ProgramKit.CSharpBuildGates.Contracts": "[0.1.0-alpha.1, )",
          "Orbyss.ProgramKit.Development": "[0.1.0-alpha.1, )",
          "Orbyss.ProgramKit.Planning": "[0.1.0-alpha.1, )",
          "Orbyss.ProgramKit.Quality": "[0.1.0-alpha.1, )",
          "Orbyss.ProgramKit.Serialization.JSON": "[0.1.0-alpha.1, )"
        }
      },
      "JsonSchema.Net": {
        "type": "CentralTransitive",
        "requested": "[9.3.0, 9.3.0]",
        "resolved": "9.3.0",
        "contentHash": "d780/OM10Vi3ZwXtWsdjSwg4T2Gv6PEs4QO1TOcfwYJsT3IpkV6u6RUJYDxNFifc4jsNeIk+0RgRh1X38R5ySA==",
        "dependencies": {
          "JsonPointer.Net": "7.0.1"
        }
      },
      "Microsoft.CodeAnalysis.CSharp": {
        "type": "CentralTransitive",
        "requested": "[5.6.0, 5.6.0]",
        "resolved": "5.6.0",
        "contentHash": "r1DrKQ/L0xTw03wJrLr36AMQNslyaeEKBFyFmQcOKa8HX3YvmhY//JEUafb6IR/m0gmaUVCfBTWitKJRNb7YAA==",
        "dependencies": {
          "Microsoft.CodeAnalysis.Analyzers": "5.3.0",
          "Microsoft.CodeAnalysis.Common": "[5.6.0]"
        }
      },
      "Microsoft.Extensions.DependencyInjection.Abstractions": {
        "type": "CentralTransitive",
        "requested": "[10.0.10, 10.0.10]",
        "resolved": "10.0.10",
        "contentHash": "z/2xXlFw2aLGjHyEm6E0tQ+In6VfzQzTrtArbQ2c0TQE16ZbyDCMGPvaUT9I0s8rgy9sRWlU2P9waW37qV04qA=="
      }
    }
  }
}